// !$*UTF8*$!
{
	archiveVersion = 1;
	classes = {
	};
	objectVersion = 77;
	objects = {

/* Begin PBXBuildFile section */
		FA868A512D873A1000B7176F /* Quartz.framework in Frameworks */ = {isa = PBXBuildFile; fileRef = FA868A502D873A1000B7176F /* Quartz.framework */; };
		FA868A5E2D873A1000B7176F /* QLFAUSTExtension.appex in Embed Foundation Extensions */ = {isa = PBXBuildFile; fileRef = FA868A4E2D873A1000B7176F /* QLFAUSTExtension.appex */; settings = {ATTRIBUTES = (RemoveHeadersOnCopy, ); }; };
/* End PBXBuildFile section */

/* Begin PBXContainerItemProxy section */
		FA868A2E2D8739F900B7176F /* PBXContainerItemProxy */ = {
			isa = PBXContainerItemProxy;
			containerPortal = FA868A142D8739F800B7176F /* Project object */;
			proxyType = 1;
			remoteGlobalIDString = FA868A1B2D8739F800B7176F;
			remoteInfo = FAUSTQuickLookHost;
		};
		FA868A382D8739F900B7176F /* PBXContainerItemProxy */ = {
			isa = PBXContainerItemProxy;
			containerPortal = FA868A142D8739F800B7176F /* Project object */;
			proxyType = 1;
			remoteGlobalIDString = FA868A1B2D8739F800B7176F;
			remoteInfo = FAUSTQuickLookHost;
		};
		FA868A5C2D873A1000B7176F /* PBXContainerItemProxy */ = {
			isa = PBXContainerItemProxy;
			containerPortal = FA868A142D8739F800B7176F /* Project object */;
			proxyType = 1;
			remoteGlobalIDString = FA868A4D2D873A1000B7176F;
			remoteInfo = FAUSTQuickLookPreview;
		};
/* End PBXContainerItemProxy section */

/* Begin PBXCopyFilesBuildPhase section */
		FA868A632D873A1000B7176F /* Embed Foundation Extensions */ = {
			isa = PBXCopyFilesBuildPhase;
			buildActionMask = 2147483647;
			dstPath = "";
			dstSubfolderSpec = 13;
			files = (
				FA868A5E2D873A1000B7176F /* QLFAUSTExtension.appex in Embed Foundation Extensions */,
			);
			name = "Embed Foundation Extensions";
			runOnlyForDeploymentPostprocessing = 0;
		};
/* End PBXCopyFilesBuildPhase section */

/* Begin PBXFileReference section */
		FA868A1C2D8739F800B7176F /* QLFAUST.app */ = {isa = PBXFileReference; explicitFileType = wrapper.application; includeInIndex = 0; path = QLFAUST.app; sourceTree = BUILT_PRODUCTS_DIR; };
		FA868A2D2D8739F900B7176F /* QLFAUSTTests.xctest */ = {isa = PBXFileReference; explicitFileType = wrapper.cfbundle; includeInIndex = 0; path = QLFAUSTTests.xctest; sourceTree = BUILT_PRODUCTS_DIR; };
		FA868A372D8739F900B7176F /* QLFAUSTUITests.xctest */ = {isa = PBXFileReference; explicitFileType = wrapper.cfbundle; includeInIndex = 0; path = QLFAUSTUITests.xctest; sourceTree = BUILT_PRODUCTS_DIR; };
		FA868A4E2D873A1000B7176F /* QLFAUSTExtension.appex */ = {isa = PBXFileReference; explicitFileType = "wrapper.app-extension"; includeInIndex = 0; path = QLFAUSTExtension.appex; sourceTree = BUILT_PRODUCTS_DIR; };
		FA868A502D873A1000B7176F /* Quartz.framework */ = {isa = PBXFileReference; lastKnownFileType = wrapper.framework; name = Quartz.framework; path = System/Library/Frameworks/Quartz.framework; sourceTree = SDKROOT; };
/* End PBXFileReference section */

/* Begin PBXFileSystemSynchronizedBuildFileExceptionSet section */
		FA868A5F2D873A1000B7176F /* Exceptions for "QLFAUSTExtension" folder in "QLFAUSTExtension" target */ = {
			isa = PBXFileSystemSynchronizedBuildFileExceptionSet;
			membershipExceptions = (
				Info.plist,
			);
			target = FA868A4D2D873A1000B7176F /* QLFAUSTExtension */;
		};
		FA868A652D873B3500B7176F /* Exceptions for "QLFAUST" folder in "QLFAUST" target */ = {
			isa = PBXFileSystemSynchronizedBuildFileExceptionSet;
			membershipExceptions = (
				Info.plist,
			);
			target = FA868A1B2D8739F800B7176F /* QLFAUST */;
		};
/* End PBXFileSystemSynchronizedBuildFileExceptionSet section */

/* Begin PBXFileSystemSynchronizedRootGroup section */
		FA868A1E2D8739F800B7176F /* QLFAUST */ = {
			isa = PBXFileSystemSynchronizedRootGroup;
			exceptions = (
				FA868A652D873B3500B7176F /* Exceptions for "QLFAUST" folder in "QLFAUST" target */,
			);
			path = QLFAUST;
			sourceTree = "<group>";
		};
		FA868A522D873A1000B7176F /* QLFAUSTExtension */ = {
			isa = PBXFileSystemSynchronizedRootGroup;
			exceptions = (
				FA868A5F2D873A1000B7176F /* Exceptions for "QLFAUSTExtension" folder in "QLFAUSTExtension" target */,
			);
			path = QLFAUSTExtension;
			sourceTree = "<group>";
		};
/* End PBXFileSystemSynchronizedRootGroup section */

/* Begin PBXFrameworksBuildPhase section */
		FA868A192D8739F800B7176F /* Frameworks */ = {
			isa = PBXFrameworksBuildPhase;
			buildActionMask = 2147483647;
			files = (
			);
			runOnlyForDeploymentPostprocessing = 0;
		};
		FA868A2A2D8739F900B7176F /* Frameworks */ = {
			isa = PBXFrameworksBuildPhase;
			buildActionMask = 2147483647;
			files = (
			);
			runOnlyForDeploymentPostprocessing = 0;
		};
		FA868A342D8739F900B7176F /* Frameworks */ = {
			isa = PBXFrameworksBuildPhase;
			buildActionMask = 2147483647;
			files = (
			);
			runOnlyForDeploymentPostprocessing = 0;
		};
		FA868A4B2D873A1000B7176F /* Frameworks */ = {
			isa = PBXFrameworksBuildPhase;
			buildActionMask = 2147483647;
			files = (
				FA868A512D873A1000B7176F /* Quartz.framework in Frameworks */,
			);
			runOnlyForDeploymentPostprocessing = 0;
		};
/* End PBXFrameworksBuildPhase section */

/* Begin PBXGroup section */
		FA868A132D8739F800B7176F = {
			isa = PBXGroup;
			children = (
				FA868A1E2D8739F800B7176F /* QLFAUST */,
				FA868A522D873A1000B7176F /* QLFAUSTExtension */,
				FA868A4F2D873A1000B7176F /* Frameworks */,
				FA868A1D2D8739F800B7176F /* Products */,
			);
			sourceTree = "<group>";
		};
		FA868A1D2D8739F800B7176F /* Products */ = {
			isa = PBXGroup;
			children = (
				FA868A1C2D8739F800B7176F /* QLFAUST.app */,
				FA868A2D2D8739F900B7176F /* QLFAUSTTests.xctest */,
				FA868A372D8739F900B7176F /* QLFAUSTUITests.xctest */,
				FA868A4E2D873A1000B7176F /* QLFAUSTExtension.appex */,
			);
			name = Products;
			sourceTree = "<group>";
		};
		FA868A4F2D873A1000B7176F /* Frameworks */ = {
			isa = PBXGroup;
			children = (
				FA868A502D873A1000B7176F /* Quartz.framework */,
			);
			name = Frameworks;
			sourceTree = "<group>";
		};
/* End PBXGroup section */

/* Begin PBXNativeTarget section */
		FA868A1B2D8739F800B7176F /* QLFAUST */ = {
			isa = PBXNativeTarget;
			buildConfigurationList = FA868A412D8739F900B7176F /* Build configuration list for PBXNativeTarget "QLFAUST" */;
			buildPhases = (
				FA868A182D8739F800B7176F /* Sources */,
				FA868A192D8739F800B7176F /* Frameworks */,
				FA868A1A2D8739F800B7176F /* Resources */,
				FA868A632D873A1000B7176F /* Embed Foundation Extensions */,
			);
			buildRules = (
			);
			dependencies = (
				FA868A5D2D873A1000B7176F /* PBXTargetDependency */,
			);
			fileSystemSynchronizedGroups = (
				FA868A1E2D8739F800B7176F /* QLFAUST */,
			);
			name = QLFAUST;
			packageProductDependencies = (
			);
			productName = FAUSTQuickLookHost;
			productReference = FA868A1C2D8739F800B7176F /* QLFAUST.app */;
			productType = "com.apple.product-type.application";
		};
		FA868A2C2D8739F900B7176F /* QLFAUSTTests */ = {
			isa = PBXNativeTarget;
			buildConfigurationList = FA868A442D8739F900B7176F /* Build configuration list for PBXNativeTarget "QLFAUSTTests" */;
			buildPhases = (
				FA868A292D8739F900B7176F /* Sources */,
				FA868A2A2D8739F900B7176F /* Frameworks */,
				FA868A2B2D8739F900B7176F /* Resources */,
			);
			buildRules = (
			);
			dependencies = (
				FA868A2F2D8739F900B7176F /* PBXTargetDependency */,
			);
			name = QLFAUSTTests;
			packageProductDependencies = (
			);
			productName = FAUSTQuickLookHostTests;
			productReference = FA868A2D2D8739F900B7176F /* QLFAUSTTests.xctest */;
			productType = "com.apple.product-type.bundle.unit-test";
		};
		FA868A362D8739F900B7176F /* QLFAUSTUITests */ = {
			isa = PBXNativeTarget;
			buildConfigurationList = FA868A472D8739F900B7176F /* Build configuration list for PBXNativeTarget "QLFAUSTUITests" */;
			buildPhases = (
				FA868A332D8739F900B7176F /* Sources */,
				FA868A342D8739F900B7176F /* Frameworks */,
				FA868A352D8739F900B7176F /* Resources */,
			);
			buildRules = (
			);
			dependencies = (
				FA868A392D8739F900B7176F /* PBXTargetDependency */,
			);
			name = QLFAUSTUITests;
			packageProductDependencies = (
			);
			productName = FAUSTQuickLookHostUITests;
			productReference = FA868A372D8739F900B7176F /* QLFAUSTUITests.xctest */;
			productType = "com.apple.product-type.bundle.ui-testing";
		};
		FA868A4D2D873A1000B7176F /* QLFAUSTExtension */ = {
			isa = PBXNativeTarget;
			buildConfigurationList = FA868A602D873A1000B7176F /* Build configuration list for PBXNativeTarget "QLFAUSTExtension" */;
			buildPhases = (
				FA868A4A2D873A1000B7176F /* Sources */,
				FA868A4B2D873A1000B7176F /* Frameworks */,
				FA868A4C2D873A1000B7176F /* Resources */,
			);
			buildRules = (
			);
			dependencies = (
			);
			fileSystemSynchronizedGroups = (
				FA868A522D873A1000B7176F /* QLFAUSTExtension */,
			);
			name = QLFAUSTExtension;
			packageProductDependencies = (
			);
			productName = FAUSTQuickLookPreview;
			productReference = FA868A4E2D873A1000B7176F /* QLFAUSTExtension.appex */;
			productType = "com.apple.product-type.app-extension";
		};
/* End PBXNativeTarget section */

/* Begin PBXProject section */
		FA868A142D8739F800B7176F /* Project object */ = {
			isa = PBXProject;
			attributes = {
				BuildIndependentTargetsInParallel = 1;
				LastSwiftUpdateCheck = 1620;
				LastUpgradeCheck = 1620;
				TargetAttributes = {
					FA868A1B2D8739F800B7176F = {
						CreatedOnToolsVersion = 16.2;
					};
					FA868A2C2D8739F900B7176F = {
						CreatedOnToolsVersion = 16.2;
						TestTargetID = FA868A1B2D8739F800B7176F;
					};
					FA868A362D8739F900B7176F = {
						CreatedOnToolsVersion = 16.2;
						TestTargetID = FA868A1B2D8739F800B7176F;
					};
					FA868A4D2D873A1000B7176F = {
						CreatedOnToolsVersion = 16.2;
					};
				};
			};
			buildConfigurationList = FA868A172D8739F800B7176F /* Build configuration list for PBXProject "QLFAUST" */;
			developmentRegion = en;
			hasScannedForEncodings = 0;
			knownRegions = (
				en,
				Base,
			);
			mainGroup = FA868A132D8739F800B7176F;
			minimizedProjectReferenceProxies = 1;
			preferredProjectObjectVersion = 77;
			productRefGroup = FA868A1D2D8739F800B7176F /* Products */;
			projectDirPath = "";
			projectRoot = "";
			targets = (
				FA868A1B2D8739F800B7176F /* QLFAUST */,
				FA868A2C2D8739F900B7176F /* QLFAUSTTests */,
				FA868A362D8739F900B7176F /* QLFAUSTUITests */,
				FA868A4D2D873A1000B7176F /* QLFAUSTExtension */,
			);
		};
/* End PBXProject section */

/* Begin PBXResourcesBuildPhase section */
		FA868A1A2D8739F800B7176F /* Resources */ = {
			isa = PBXResourcesBuildPhase;
			buildActionMask = 2147483647;
			files = (
			);
			runOnlyForDeploymentPostprocessing = 0;
		};
		FA868A2B2D8739F900B7176F /* Resources */ = {
			isa = PBXResourcesBuildPhase;
			buildActionMask = 2147483647;
			files = (
			);
			runOnlyForDeploymentPostprocessing = 0;
		};
		FA868A352D8739F900B7176F /* Resources */ = {
			isa = PBXResourcesBuildPhase;
			buildActionMask = 2147483647;
			files = (
			);
			runOnlyForDeploymentPostprocessing = 0;
		};
		FA868A4C2D873A1000B7176F /* Resources */ = {
			isa = PBXResourcesBuildPhase;
			buildActionMask = 2147483647;
			files = (
			);
			runOnlyForDeploymentPostprocessing = 0;
		};
/* End PBXResourcesBuildPhase section */

/* Begin PBXSourcesBuildPhase section */
		FA868A182D8739F800B7176F /* Sources */ = {
			isa = PBXSourcesBuildPhase;
			buildActionMask = 2147483647;
			files = (
			);
			runOnlyForDeploymentPostprocessing = 0;
		};
		FA868A292D8739F900B7176F /* Sources */ = {
			isa = PBXSourcesBuildPhase;
			buildActionMask = 2147483647;
			files = (
			);
			runOnlyForDeploymentPostprocessing = 0;
		};
		FA868A332D8739F900B7176F /* Sources */ = {
			isa = PBXSourcesBuildPhase;
			buildActionMask = 2147483647;
			files = (
			);
			runOnlyForDeploymentPostprocessing = 0;
		};
		FA868A4A2D873A1000B7176F /* Sources */ = {
			isa = PBXSourcesBuildPhase;
			buildActionMask = 2147483647;
			files = (
			);
			runOnlyForDeploymentPostprocessing = 0;
		};
/* End PBXSourcesBuildPhase section */

/* Begin PBXTargetDependency section */
		FA868A2F2D8739F900B7176F /* PBXTargetDependency */ = {
			isa = PBXTargetDependency;
			target = FA868A1B2D8739F800B7176F /* QLFAUST */;
			targetProxy = FA868A2E2D8739F900B7176F /* PBXContainerItemProxy */;
		};
		FA868A392D8739F900B7176F /* PBXTargetDependency */ = {
			isa = PBXTargetDependency;
			target = FA868A1B2D8739F800B7176F /* QLFAUST */;
			targetProxy = FA868A382D8739F900B7176F /* PBXContainerItemProxy */;
		};
		FA868A5D2D873A1000B7176F /* PBXTargetDependency */ = {
			isa = PBXTargetDependency;
			target = FA868A4D2D873A1000B7176F /* QLFAUSTExtension */;
			targetProxy = FA868A5C2D873A1000B7176F /* PBXContainerItemProxy */;
		};
/* End PBXTargetDependency section */

/* Begin XCBuildConfiguration section */
		FA868A3F2D8739F900B7176F /* Debug */ = {
			isa = XCBuildConfiguration;
			buildSettings = {
				ALWAYS_SEARCH_USER_PATHS = NO;
				ASSETCATALOG_COMPILER_GENERATE_SWIFT_ASSET_SYMBOL_EXTENSIONS = YES;
				CLANG_ANALYZER_NONNULL = YES;
				CLANG_ANALYZER_NUMBER_OBJECT_CONVERSION = YES_AGGRESSIVE;
				CLANG_CXX_LANGUAGE_STANDARD = "gnu++20";
				CLANG_ENABLE_MODULES = YES;
				CLANG_ENABLE_OBJC_ARC = YES;
				CLANG_ENABLE_OBJC_WEAK = YES;
				CLANG_WARN_BLOCK_CAPTURE_AUTORELEASING = YES;
				CLANG_WARN_BOOL_CONVERSION = YES;
				CLANG_WARN_COMMA = YES;
				CLANG_WARN_CONSTANT_CONVERSION = YES;
				CLANG_WARN_DEPRECATED_OBJC_IMPLEMENTATIONS = YES;
				CLANG_WARN_DIRECT_OBJC_ISA_USAGE = YES_ERROR;
				CLANG_WARN_DOCUMENTATION_COMMENTS = YES;
				CLANG_WARN_EMPTY_BODY = YES;
				CLANG_WARN_ENUM_CONVERSION = YES;
				CLANG_WARN_INFINITE_RECURSION = YES;
				CLANG_WARN_INT_CONVERSION = YES;
				CLANG_WARN_NON_LITERAL_NULL_CONVERSION = YES;
				CLANG_WARN_OBJC_IMPLICIT_RETAIN_SELF = YES;
				CLANG_WARN_OBJC_LITERAL_CONVERSION = YES;
				CLANG_WARN_OBJC_ROOT_CLASS = YES_ERROR;
				CLANG_WARN_QUOTED_INCLUDE_IN_FRAMEWORK_HEADER = YES;
				CLANG_WARN_RANGE_LOOP_ANALYSIS = YES;
				CLANG_WARN_STRICT_PROTOTYPES = YES;
				CLANG_WARN_SUSPICIOUS_MOVE = YES;
				CLANG_WARN_UNGUARDED_AVAILABILITY = YES_AGGRESSIVE;
				CLANG_WARN_UNREACHABLE_CODE = YES;
				CLANG_WARN__DUPLICATE_METHOD_MATCH = YES;
				COPY_PHASE_STRIP = NO;
				DEBUG_INFORMATION_FORMAT = dwarf;
				ENABLE_STRICT_OBJC_MSGSEND = YES;
				ENABLE_TESTABILITY = YES;
				ENABLE_USER_SCRIPT_SANDBOXING = YES;
				GCC_C_LANGUAGE_STANDARD = gnu17;
				GCC_DYNAMIC_NO_PIC = NO;
				GCC_NO_COMMON_BLOCKS = YES;
				GCC_OPTIMIZATION_LEVEL = 0;
				GCC_PREPROCESSOR_DEFINITIONS = (
					"DEBUG=1",
					"$(inherited)",
				);
				GCC_WARN_64_TO_32_BIT_CONVERSION = YES;
				GCC_WARN_ABOUT_RETURN_TYPE = YES_ERROR;
				GCC_WARN_UNDECLARED_SELECTOR = YES;
				GCC_WARN_UNINITIALIZED_AUTOS = YES_AGGRESSIVE;
				GCC_WARN_UNUSED_FUNCTION = YES;
				GCC_WARN_UNUSED_VARIABLE = YES;
				LOCALIZATION_PREFERS_STRING_CATALOGS = YES;
				MACOSX_DEPLOYMENT_TARGET = 14.7;
				MTL_ENABLE_DEBUG_INFO = INCLUDE_SOURCE;
				MTL_FAST_MATH = YES;
				ONLY_ACTIVE_ARCH = YES;
				SDKROOT = macosx;
				SWIFT_ACTIVE_COMPILATION_CONDITIONS = "DEBUG $(inherited)";
				SWIFT_OPTIMIZATION_LEVEL = "-Onone";
			};
			name = Debug;
		};
		FA868A402D8739F900B7176F /* Release */ = {
			isa = XCBuildConfiguration;
			buildSettings = {
				ALWAYS_SEARCH_USER_PATHS = NO;
				ASSETCATALOG_COMPILER_GENERATE_SWIFT_ASSET_SYMBOL_EXTENSIONS = YES;
				CLANG_ANALYZER_NONNULL = YES;
				CLANG_ANALYZER_NUMBER_OBJECT_CONVERSION = YES_AGGRESSIVE;
				CLANG_CXX_LANGUAGE_STANDARD = "gnu++20";
				CLANG_ENABLE_MODULES = YES;
				CLANG_ENABLE_OBJC_ARC = YES;
				CLANG_ENABLE_OBJC_WEAK = YES;
				CLANG_WARN_BLOCK_CAPTURE_AUTORELEASING = YES;
				CLANG_WARN_BOOL_CONVERSION = YES;
				CLANG_WARN_COMMA = YES;
				CLANG_WARN_CONSTANT_CONVERSION = YES;
				CLANG_WARN_DEPRECATED_OBJC_IMPLEMENTATIONS = YES;
				CLANG_WARN_DIRECT_OBJC_ISA_USAGE = YES_ERROR;
				CLANG_WARN_DOCUMENTATION_COMMENTS = YES;
				CLANG_WARN_EMPTY_BODY = YES;
				CLANG_WARN_ENUM_CONVERSION = YES;
				CLANG_WARN_INFINITE_RECURSION = YES;
				CLANG_WARN_INT_CONVERSION = YES;
				CLANG_WARN_NON_LITERAL_NULL_CONVERSION = YES;
				CLANG_WARN_OBJC_IMPLICIT_RETAIN_SELF = YES;
				CLANG_WARN_OBJC_LITERAL_CONVERSION = YES;
				CLANG_WARN_OBJC_ROOT_CLASS = YES_ERROR;
				CLANG_WARN_QUOTED_INCLUDE_IN_FRAMEWORK_HEADER = YES;
				CLANG_WARN_RANGE_LOOP_ANALYSIS = YES;
				CLANG_WARN_STRICT_PROTOTYPES = YES;
				CLANG_WARN_SUSPICIOUS_MOVE = YES;
				CLANG_WARN_UNGUARDED_AVAILABILITY = YES_AGGRESSIVE;
				CLANG_WARN_UNREACHABLE_CODE = YES;
				CLANG_WARN__DUPLICATE_METHOD_MATCH = YES;
				COPY_PHASE_STRIP = NO;
				DEBUG_INFORMATION_FORMAT = "dwarf-with-dsym";
				ENABLE_NS_ASSERTIONS = NO;
				ENABLE_STRICT_OBJC_MSGSEND = YES;
				ENABLE_USER_SCRIPT_SANDBOXING = YES;
				GCC_C_LANGUAGE_STANDARD = gnu17;
				GCC_NO_COMMON_BLOCKS = YES;
				GCC_WARN_64_TO_32_BIT_CONVERSION = YES;
				GCC_WARN_ABOUT_RETURN_TYPE = YES_ERROR;
				GCC_WARN_UNDECLARED_SELECTOR = YES;
				GCC_WARN_UNINITIALIZED_AUTOS = YES_AGGRESSIVE;
				GCC_WARN_UNUSED_FUNCTION = YES;
				GCC_WARN_UNUSED_VARIABLE = YES;
				LOCALIZATION_PREFERS_STRING_CATALOGS = YES;
				MACOSX_DEPLOYMENT_TARGET = 14.7;
				MTL_ENABLE_DEBUG_INFO = NO;
				MTL_FAST_MATH = YES;
				SDKROOT = macosx;
				SWIFT_COMPILATION_MODE = wholemodule;
			};
			name = Release;
		};
		FA868A422D8739F900B7176F /* Debug */ = {
			isa = XCBuildConfiguration;
			buildSettings = {
				ASSETCATALOG_COMPILER_APPICON_NAME = AppIcon;
				ASSETCATALOG_COMPILER_GLOBAL_ACCENT_COLOR_NAME = AccentColor;
				ASSETCATALOG_COMPILER_INCLUDE_ALL_APPICON_ASSETS = YES;
				CODE_SIGN_ENTITLEMENTS = QLFAUST/QLFAUST.entitlements;
				"CODE_SIGN_IDENTITY[sdk=macosx*]" = "-";
				CODE_SIGN_STYLE = Automatic;
				COMBINE_HIDPI_IMAGES = YES;
				CURRENT_PROJECT_VERSION = 1;
				DEVELOPMENT_ASSET_PATHS = "\"QLFAUST/Preview Content\"";
				DEVELOPMENT_TEAM = 85478UQJJR;
				ENABLE_HARDENED_RUNTIME = YES;
				ENABLE_PREVIEWS = YES;
				GENERATE_INFOPLIST_FILE = YES;
				INFOPLIST_FILE = QLFAUST/Info.plist;
				INFOPLIST_KEY_LSApplicationCategoryType = "public.app-category.developer-tools";
				INFOPLIST_KEY_NSHumanReadableCopyright = "";
				LD_RUNPATH_SEARCH_PATHS = (
					"$(inherited)",
					"@executable_path/../Frameworks",
				);
				MACOSX_DEPLOYMENT_TARGET = 12.4;
				MARKETING_VERSION = 0.0.1;
				PRODUCT_BUNDLE_IDENTIFIER = com.alexnadzharov.QLFAUST;
				PRODUCT_NAME = "$(TARGET_NAME)";
				SWIFT_EMIT_LOC_STRINGS = YES;
				SWIFT_VERSION = 5.0;
			};
			name = Debug;
		};
		FA868A432D8739F900B7176F /* Release */ = {
			isa = XCBuildConfiguration;
			buildSettings = {
				ASSETCATALOG_COMPILER_APPICON_NAME = AppIcon;
				ASSETCATALOG_COMPILER_GLOBAL_ACCENT_COLOR_NAME = AccentColor;
				ASSETCATALOG_COMPILER_INCLUDE_ALL_APPICON_ASSETS = YES;
				CODE_SIGN_ENTITLEMENTS = QLFAUST/QLFAUST.entitlements;
				"CODE_SIGN_IDENTITY[sdk=macosx*]" = "-";
				CODE_SIGN_STYLE = Automatic;
				COMBINE_HIDPI_IMAGES = YES;
				CURRENT_PROJECT_VERSION = 1;
				DEVELOPMENT_ASSET_PATHS = "\"QLFAUST/Preview Content\"";
				DEVELOPMENT_TEAM = 85478UQJJR;
				ENABLE_HARDENED_RUNTIME = YES;
				ENABLE_PREVIEWS = YES;
				GENERATE_INFOPLIST_FILE = YES;
				INFOPLIST_FILE = QLFAUST/Info.plist;
				INFOPLIST_KEY_LSApplicationCategoryType = "public.app-category.developer-tools";
				INFOPLIST_KEY_NSHumanReadableCopyright = "";
				LD_RUNPATH_SEARCH_PATHS = (
					"$(inherited)",
					"@executable_path/../Frameworks",
				);
				MACOSX_DEPLOYMENT_TARGET = 12.4;
				MARKETING_VERSION = 0.0.1;
				PRODUCT_BUNDLE_IDENTIFIER = com.alexnadzharov.QLFAUST;
				PRODUCT_NAME = "$(TARGET_NAME)";
				SWIFT_EMIT_LOC_STRINGS = YES;
				SWIFT_VERSION = 5.0;
			};
			name = Release;
		};
		FA868A452D8739F900B7176F /* Debug */ = {
			isa = XCBuildConfiguration;
			buildSettings = {
				BUNDLE_LOADER = "$(TEST_HOST)";
				CODE_SIGN_STYLE = Automatic;
				CURRENT_PROJECT_VERSION = 1;
				DEVELOPMENT_TEAM = 85478UQJJR;
				GENERATE_INFOPLIST_FILE = YES;
				MACOSX_DEPLOYMENT_TARGET = 14.7;
				MARKETING_VERSION = 1.0;
				PRODUCT_BUNDLE_IDENTIFIER = "com.alexnadzharov.faust-quick-look.FAUSTQuickLookHostTests";
				PRODUCT_NAME = "$(TARGET_NAME)";
				SWIFT_EMIT_LOC_STRINGS = NO;
				SWIFT_VERSION = 5.0;
				TEST_HOST = "$(BUILT_PRODUCTS_DIR)/QLFAUST.app/$(BUNDLE_EXECUTABLE_FOLDER_PATH)/QLFAUST";
			};
			name = Debug;
		};
		FA868A462D8739F900B7176F /* Release */ = {
			isa = XCBuildConfiguration;
			buildSettings = {
				BUNDLE_LOADER = "$(TEST_HOST)";
				CODE_SIGN_STYLE = Automatic;
				CURRENT_PROJECT_VERSION = 1;
				DEVELOPMENT_TEAM = 85478UQJJR;
				GENERATE_INFOPLIST_FILE = YES;
				MACOSX_DEPLOYMENT_TARGET = 14.7;
				MARKETING_VERSION = 1.0;
				PRODUCT_BUNDLE_IDENTIFIER = "com.alexnadzharov.faust-quick-look.FAUSTQuickLookHostTests";
				PRODUCT_NAME = "$(TARGET_NAME)";
				SWIFT_EMIT_LOC_STRINGS = NO;
				SWIFT_VERSION = 5.0;
				TEST_HOST = "$(BUILT_PRODUCTS_DIR)/QLFAUST.app/$(BUNDLE_EXECUTABLE_FOLDER_PATH)/QLFAUST";
			};
			name = Release;
		};
		FA868A482D8739F900B7176F /* Debug */ = {
			isa = XCBuildConfiguration;
			buildSettings = {
				CODE_SIGN_STYLE = Automatic;
				CURRENT_PROJECT_VERSION = 1;
				DEVELOPMENT_TEAM = 85478UQJJR;
				GENERATE_INFOPLIST_FILE = YES;
				MARKETING_VERSION = 1.0;
				PRODUCT_BUNDLE_IDENTIFIER = "com.alexnadzharov.faust-quick-look.FAUSTQuickLookHostUITests";
				PRODUCT_NAME = "$(TARGET_NAME)";
				SWIFT_EMIT_LOC_STRINGS = NO;
				SWIFT_VERSION = 5.0;
				TEST_TARGET_NAME = FAUSTQuickLookHost;
			};
			name = Debug;
		};
		FA868A492D8739F900B7176F /* Release */ = {
			isa = XCBuildConfiguration;
			buildSettings = {
				CODE_SIGN_STYLE = Automatic;
				CURRENT_PROJECT_VERSION = 1;
				DEVELOPMENT_TEAM = 85478UQJJR;
				GENERATE_INFOPLIST_FILE = YES;
				MARKETING_VERSION = 1.0;
				PRODUCT_BUNDLE_IDENTIFIER = "com.alexnadzharov.faust-quick-look.FAUSTQuickLookHostUITests";
				PRODUCT_NAME = "$(TARGET_NAME)";
				SWIFT_EMIT_LOC_STRINGS = NO;
				SWIFT_VERSION = 5.0;
				TEST_TARGET_NAME = FAUSTQuickLookHost;
			};
			name = Release;
		};
		FA868A612D873A1000B7176F /* Debug */ = {
			isa = XCBuildConfiguration;
			buildSettings = {
				CODE_SIGN_ENTITLEMENTS = QLFAUSTExtension/QLFAUSTExtension.entitlements;
				"CODE_SIGN_IDENTITY[sdk=macosx*]" = "-";
				CODE_SIGN_STYLE = Automatic;
				CURRENT_PROJECT_VERSION = 1;
				DEVELOPMENT_TEAM = 85478UQJJR;
				ENABLE_HARDENED_RUNTIME = YES;
				GENERATE_INFOPLIST_FILE = YES;
				INFOPLIST_FILE = QLFAUSTExtension/Info.plist;
				INFOPLIST_KEY_CFBundleDisplayName = QLFAUST;
				INFOPLIST_KEY_NSHumanReadableCopyright = "";
				LD_RUNPATH_SEARCH_PATHS = (
					"$(inherited)",
					"@executable_path/../Frameworks",
					"@executable_path/../../../../Frameworks",
				);
				MACOSX_DEPLOYMENT_TARGET = 12.4;
				MARKETING_VERSION = 1.0;
				PRODUCT_BUNDLE_IDENTIFIER = com.alexnadzharov.QLFAUST.Extension;
				PRODUCT_NAME = "$(TARGET_NAME)";
				SKIP_INSTALL = YES;
				SWIFT_EMIT_LOC_STRINGS = YES;
				SWIFT_VERSION = 5.0;
			};
			name = Debug;
		};
		FA868A622D873A1000B7176F /* Release */ = {
			isa = XCBuildConfiguration;
			buildSettings = {
				CODE_SIGN_ENTITLEMENTS = QLFAUSTExtension/QLFAUSTExtension.entitlements;
				"CODE_SIGN_IDENTITY[sdk=macosx*]" = "-";
				CODE_SIGN_STYLE = Automatic;
				CURRENT_PROJECT_VERSION = 1;
				DEVELOPMENT_TEAM = 85478UQJJR;
				ENABLE_HARDENED_RUNTIME = YES;
				GENERATE_INFOPLIST_FILE = YES;
				INFOPLIST_FILE = QLFAUSTExtension/Info.plist;
				INFOPLIST_KEY_CFBundleDisplayName = QLFAUST;
				INFOPLIST_KEY_NSHumanReadableCopyright = "";
				LD_RUNPATH_SEARCH_PATHS = (
					"$(inherited)",
					"@executable_path/../Frameworks",
					"@executable_path/../../../../Frameworks",
				);
				MACOSX_DEPLOYMENT_TARGET = 12.4;
				MARKETING_VERSION = 1.0;
				PRODUCT_BUNDLE_IDENTIFIER = com.alexnadzharov.QLFAUST.Extension;
				PRODUCT_NAME = "$(TARGET_NAME)";
				SKIP_INSTALL = YES;
				SWIFT_EMIT_LOC_STRINGS = YES;
				SWIFT_VERSION = 5.0;
			};
			name = Release;
		};
/* End XCBuildConfiguration section */

/* Begin XCConfigurationList section */
		FA868A172D8739F800B7176F /* Build configuration list for PBXProject "QLFAUST" */ = {
			isa = XCConfigurationList;
			buildConfigurations = (
				FA868A3F2D8739F900B7176F /* Debug */,
				FA868A402D8739F900B7176F /* Release */,
			);
			defaultConfigurationIsVisible = 0;
			defaultConfigurationName = Release;
		};
		FA868A412D8739F900B7176F /* Build configuration list for PBXNativeTarget "QLFAUST" */ = {
			isa = XCConfigurationList;
			buildConfigurations = (
				FA868A422D8739F900B7176F /* Debug */,
				FA868A432D8739F900B7176F /* Release */,
			);
			defaultConfigurationIsVisible = 0;
			defaultConfigurationName = Release;
		};
		FA868A442D8739F900B7176F /* Build configuration list for PBXNativeTarget "QLFAUSTTests" */ = {
			isa = XCConfigurationList;
			buildConfigurations = (
				FA868A452D8739F900B7176F /* Debug */,
				FA868A462D8739F900B7176F /* Release */,
			);
			defaultConfigurationIsVisible = 0;
			defaultConfigurationName = Release;
		};
		FA868A472D8739F900B7176F /* Build configuration list for PBXNativeTarget "QLFAUSTUITests" */ = {
			isa = XCConfigurationList;
			buildConfigurations = (
				FA868A482D8739F900B7176F /* Debug */,
				FA868A492D8739F900B7176F /* Release */,
			);
			defaultConfigurationIsVisible = 0;
			defaultConfigurationName = Release;
		};
		FA868A602D873A1000B7176F /* Build configuration list for PBXNativeTarget "QLFAUSTExtension" */ = {
			isa = XCConfigurationList;
			buildConfigurations = (
				FA868A612D873A1000B7176F /* Debug */,
				FA868A622D873A1000B7176F /* Release */,
			);
			defaultConfigurationIsVisible = 0;
			defaultConfigurationName = Release;
		};
/* End XCConfigurationList section */
	};
	rootObject = FA868A142D8739F800B7176F /* Project object */;
}
