// !$*UTF8*$!
{
	archiveVersion = 1;
	classes = {
	};
	objectVersion = 77;
	objects = {

/* Begin PBXBuildFile section */
		FA3BEEE02D91C27400E77A67 /* QLFAUST_UI in Frameworks */ = {isa = PBXBuildFile; productRef = FA3BEEDF2D91C27400E77A67 /* QLFAUST_UI */; };
		FA868A512D873A1000B7176F /* Quartz.framework in Frameworks */ = {isa = PBXBuildFile; fileRef = FA868A502D873A1000B7176F /* Quartz.framework */; };
		FA8DEB282D9B04F400DF4E86 /* faustlibraries in Resources */ = {isa = PBXBuildFile; fileRef = FA8DEB272D9B04EE00DF4E86 /* faustlibraries */; };
		FA8DEB292D9B089A00DF4E86 /* faustlibraries in Resources */ = {isa = PBXBuildFile; fileRef = FA8DEB272D9B04EE00DF4E86 /* faustlibraries */; };
		FA9FB7442D91B37E00DAEEF4 /* libFaustBridge.a in Frameworks */ = {isa = PBXBuildFile; fileRef = FAA367272D90B2AE008F9FDD /* libFaustBridge.a */; };
		FA9FB77E2D91BD9600DAEEF4 /* FaustSwiftUI in Frameworks */ = {isa = PBXBuildFile; productRef = FA9FB77D2D91BD9600DAEEF4 /* FaustSwiftUI */; };
		FAA367302D90B2D3008F9FDD /* FaustBridge.h in Headers */ = {isa = PBXBuildFile; fileRef = FAA3672B2D90B2D3008F9FDD /* FaustBridge.h */; };
		FAA367332D90B2D3008F9FDD /* FaustBridge.mm in Sources */ = {isa = PBXBuildFile; fileRef = FAA3672C2D90B2D3008F9FDD /* FaustBridge.mm */; };
		FAD2BA3C2D921FE800E14323 /* libFaustBridge.a in Frameworks */ = {isa = PBXBuildFile; fileRef = FAA367272D90B2AE008F9FDD /* libFaustBridge.a */; };
		FAD2BAEB2D92215000E14323 /* libfaustwithllvm.a in Frameworks */ = {isa = PBXBuildFile; fileRef = FAD2BAE82D92214900E14323 /* libfaustwithllvm.a */; };
		FAE763F92D94B34C00470645 /* QLFAUST_UI in Frameworks */ = {isa = PBXBuildFile; productRef = FAE763F82D94B34C00470645 /* QLFAUST_UI */; };
		FAE763FA2D94B35700470645 /* libFaustBridge.a in Frameworks */ = {isa = PBXBuildFile; fileRef = FAA367272D90B2AE008F9FDD /* libFaustBridge.a */; };
		FAE763FB2D94B35900470645 /* libfaustwithllvm.a in Frameworks */ = {isa = PBXBuildFile; fileRef = FAD2BAE82D92214900E14323 /* libfaustwithllvm.a */; };
		FAE763FF2D94B3BD00470645 /* FaustSwiftUI in Frameworks */ = {isa = PBXBuildFile; productRef = FAE763FE2D94B3BD00470645 /* FaustSwiftUI */; };
		FAF395602D9041AF00F7F2D4 /* QLFAUSTExtension.appex in Embed Foundation Extensions */ = {isa = PBXBuildFile; fileRef = FA868A4E2D873A1000B7176F /* QLFAUSTExtension.appex */; settings = {ATTRIBUTES = (RemoveHeadersOnCopy, ); }; };
/* End PBXBuildFile section */

/* Begin PBXContainerItemProxy section */
		FA868A2E2D8739F900B7176F /* PBXContainerItemProxy */ = {
			isa = PBXContainerItemProxy;
			containerPortal = FA868A142D8739F800B7176F /* Project object */;
			proxyType = 1;
			remoteGlobalIDString = FA868A1B2D8739F800B7176F;
			remoteInfo = FAUSTQuickLookHost;
		};
		FA868A382D8739F900B7176F /* PBXContainerItemProxy */ = {
			isa = PBXContainerItemProxy;
			containerPortal = FA868A142D8739F800B7176F /* Project object */;
			proxyType = 1;
			remoteGlobalIDString = FA868A1B2D8739F800B7176F;
			remoteInfo = FAUSTQuickLookHost;
		};
		FAA3689C2D90BF24008F9FDD /* PBXContainerItemProxy */ = {
			isa = PBXContainerItemProxy;
			containerPortal = FA868A142D8739F800B7176F /* Project object */;
			proxyType = 1;
			remoteGlobalIDString = FAA367262D90B2AE008F9FDD;
			remoteInfo = FaustBridge;
		};
		FAF395612D9041AF00F7F2D4 /* PBXContainerItemProxy */ = {
			isa = PBXContainerItemProxy;
			containerPortal = FA868A142D8739F800B7176F /* Project object */;
			proxyType = 1;
			remoteGlobalIDString = FA868A4D2D873A1000B7176F;
			remoteInfo = QLFAUSTExtension;
		};
		FAF395642D9041B400F7F2D4 /* PBXContainerItemProxy */ = {
			isa = PBXContainerItemProxy;
			containerPortal = FA868A142D8739F800B7176F /* Project object */;
			proxyType = 1;
			remoteGlobalIDString = FA868A4D2D873A1000B7176F;
			remoteInfo = QLFAUSTExtension;
		};
		FAF395662D9041BE00F7F2D4 /* PBXContainerItemProxy */ = {
			isa = PBXContainerItemProxy;
			containerPortal = FA868A142D8739F800B7176F /* Project object */;
			proxyType = 1;
			remoteGlobalIDString = FA868A4D2D873A1000B7176F;
			remoteInfo = QLFAUSTExtension;
		};
/* End PBXContainerItemProxy section */

/* Begin PBXCopyFilesBuildPhase section */
		FAF395632D9041AF00F7F2D4 /* Embed Foundation Extensions */ = {
			isa = PBXCopyFilesBuildPhase;
			buildActionMask = 2147483647;
			dstPath = "";
			dstSubfolderSpec = 13;
			files = (
				FAF395602D9041AF00F7F2D4 /* QLFAUSTExtension.appex in Embed Foundation Extensions */,
			);
			name = "Embed Foundation Extensions";
			runOnlyForDeploymentPostprocessing = 0;
		};
/* End PBXCopyFilesBuildPhase section */

/* Begin PBXFileReference section */
		FA20867A2D9226EB00A0CC4C /* README.md */ = {isa = PBXFileReference; lastKnownFileType = net.daringfireball.markdown; path = README.md; sourceTree = "<group>"; };
		FA3F31EB2D90D87F009D7DAA /* BridgingHeader.h */ = {isa = PBXFileReference; lastKnownFileType = sourcecode.c.h; path = BridgingHeader.h; sourceTree = "<group>"; };
		FA868A1C2D8739F800B7176F /* QLFAUST.app */ = {isa = PBXFileReference; explicitFileType = wrapper.application; includeInIndex = 0; path = QLFAUST.app; sourceTree = BUILT_PRODUCTS_DIR; };
		FA868A2D2D8739F900B7176F /* QLFAUSTTests.xctest */ = {isa = PBXFileReference; explicitFileType = wrapper.cfbundle; includeInIndex = 0; path = QLFAUSTTests.xctest; sourceTree = BUILT_PRODUCTS_DIR; };
		FA868A372D8739F900B7176F /* QLFAUSTUITests.xctest */ = {isa = PBXFileReference; explicitFileType = wrapper.cfbundle; includeInIndex = 0; path = QLFAUSTUITests.xctest; sourceTree = BUILT_PRODUCTS_DIR; };
		FA868A4E2D873A1000B7176F /* QLFAUSTExtension.appex */ = {isa = PBXFileReference; explicitFileType = "wrapper.app-extension"; includeInIndex = 0; path = QLFAUSTExtension.appex; sourceTree = BUILT_PRODUCTS_DIR; };
		FA868A502D873A1000B7176F /* Quartz.framework */ = {isa = PBXFileReference; lastKnownFileType = wrapper.framework; name = Quartz.framework; path = System/Library/Frameworks/Quartz.framework; sourceTree = SDKROOT; };
		FA8DEB272D9B04EE00DF4E86 /* faustlibraries */ = {isa = PBXFileReference; lastKnownFileType = folder; path = faustlibraries; sourceTree = "<group>"; };
		FAA367272D90B2AE008F9FDD /* libFaustBridge.a */ = {isa = PBXFileReference; explicitFileType = archive.ar; includeInIndex = 0; path = libFaustBridge.a; sourceTree = BUILT_PRODUCTS_DIR; };
		FAA3672B2D90B2D3008F9FDD /* FaustBridge.h */ = {isa = PBXFileReference; lastKnownFileType = sourcecode.c.h; path = FaustBridge.h; sourceTree = "<group>"; };
		FAA3672C2D90B2D3008F9FDD /* FaustBridge.mm */ = {isa = PBXFileReference; lastKnownFileType = sourcecode.cpp.objcpp; path = FaustBridge.mm; sourceTree = "<group>"; };
		FAD2BA3D2D92214900E14323 /* AUUI.h */ = {isa = PBXFileReference; lastKnownFileType = sourcecode.c.h; path = AUUI.h; sourceTree = "<group>"; };
		FAD2BA3F2D92214900E14323 /* alsa-dsp.h */ = {isa = PBXFileReference; lastKnownFileType = sourcecode.c.h; path = "alsa-dsp.h"; sourceTree = "<group>"; };
		FAD2BA402D92214900E14323 /* android-dsp.h */ = {isa = PBXFileReference; lastKnownFileType = sourcecode.c.h; path = "android-dsp.h"; sourceTree = "<group>"; };
		FAD2BA412D92214900E14323 /* audio.h */ = {isa = PBXFileReference; lastKnownFileType = sourcecode.c.h; path = audio.h; sourceTree = "<group>"; };
		FAD2BA422D92214900E14323 /* channels.h */ = {isa = PBXFileReference; lastKnownFileType = sourcecode.c.h; path = channels.h; sourceTree = "<group>"; };
		FAD2BA432D92214900E14323 /* coreaudio-dsp.h */ = {isa = PBXFileReference; lastKnownFileType = sourcecode.c.h; path = "coreaudio-dsp.h"; sourceTree = "<group>"; };
		FAD2BA442D92214900E14323 /* coreaudio-ios-dsp.h */ = {isa = PBXFileReference; lastKnownFileType = sourcecode.c.h; path = "coreaudio-ios-dsp.h"; sourceTree = "<group>"; };
		FAD2BA452D92214900E14323 /* dummy-audio.h */ = {isa = PBXFileReference; lastKnownFileType = sourcecode.c.h; path = "dummy-audio.h"; sourceTree = "<group>"; };
		FAD2BA462D92214900E14323 /* esp32-dsp.h */ = {isa = PBXFileReference; lastKnownFileType = sourcecode.c.h; path = "esp32-dsp.h"; sourceTree = "<group>"; };
		FAD2BA472D92214900E14323 /* fpe.h */ = {isa = PBXFileReference; lastKnownFileType = sourcecode.c.h; path = fpe.h; sourceTree = "<group>"; };
		FAD2BA482D92214900E14323 /* jack-dsp.h */ = {isa = PBXFileReference; lastKnownFileType = sourcecode.c.h; path = "jack-dsp.h"; sourceTree = "<group>"; };
		FAD2BA492D92214900E14323 /* juce-dsp.h */ = {isa = PBXFileReference; lastKnownFileType = sourcecode.c.h; path = "juce-dsp.h"; sourceTree = "<group>"; };
		FAD2BA4A2D92214900E14323 /* miniaudio-dsp.h */ = {isa = PBXFileReference; lastKnownFileType = sourcecode.c.h; path = "miniaudio-dsp.h"; sourceTree = "<group>"; };
		FAD2BA4B2D92214900E14323 /* netjack-dsp.h */ = {isa = PBXFileReference; lastKnownFileType = sourcecode.c.h; path = "netjack-dsp.h"; sourceTree = "<group>"; };
		FAD2BA4C2D92214900E14323 /* oboe-dsp.h */ = {isa = PBXFileReference; lastKnownFileType = sourcecode.c.h; path = "oboe-dsp.h"; sourceTree = "<group>"; };
		FAD2BA4D2D92214900E14323 /* ofaudio-dsp.h */ = {isa = PBXFileReference; lastKnownFileType = sourcecode.c.h; path = "ofaudio-dsp.h"; sourceTree = "<group>"; };
		FAD2BA4E2D92214900E14323 /* opensles-android-dsp.h */ = {isa = PBXFileReference; lastKnownFileType = sourcecode.c.h; path = "opensles-android-dsp.h"; sourceTree = "<group>"; };
		FAD2BA4F2D92214900E14323 /* osc-dsp.h */ = {isa = PBXFileReference; lastKnownFileType = sourcecode.c.h; path = "osc-dsp.h"; sourceTree = "<group>"; };
		FAD2BA502D92214900E14323 /* portaudio-dsp.h */ = {isa = PBXFileReference; lastKnownFileType = sourcecode.c.h; path = "portaudio-dsp.h"; sourceTree = "<group>"; };
		FAD2BA512D92214900E14323 /* rtaudio-dsp.h */ = {isa = PBXFileReference; lastKnownFileType = sourcecode.c.h; path = "rtaudio-dsp.h"; sourceTree = "<group>"; };
		FAD2BA522D92214900E14323 /* samAudio.h */ = {isa = PBXFileReference; lastKnownFileType = sourcecode.c.h; path = samAudio.h; sourceTree = "<group>"; };
		FAD2BA532D92214900E14323 /* teensy-dsp.h */ = {isa = PBXFileReference; lastKnownFileType = sourcecode.c.h; path = "teensy-dsp.h"; sourceTree = "<group>"; };
		FAD2BA552D92214900E14323 /* cmajor-cpp-dsp.h */ = {isa = PBXFileReference; lastKnownFileType = sourcecode.c.h; path = "cmajor-cpp-dsp.h"; sourceTree = "<group>"; };
		FAD2BA562D92214900E14323 /* cmajorpatch-dsp.h */ = {isa = PBXFileReference; lastKnownFileType = sourcecode.c.h; path = "cmajorpatch-dsp.h"; sourceTree = "<group>"; };
		FAD2BA572D92214900E14323 /* cpp-dsp-adapter.h */ = {isa = PBXFileReference; lastKnownFileType = sourcecode.c.h; path = "cpp-dsp-adapter.h"; sourceTree = "<group>"; };
		FAD2BA582D92214900E14323 /* dsp.h */ = {isa = PBXFileReference; lastKnownFileType = sourcecode.c.h; path = dsp.h; sourceTree = "<group>"; };
		FAD2BA592D92214900E14323 /* dsp-adapter.h */ = {isa = PBXFileReference; lastKnownFileType = sourcecode.c.h; path = "dsp-adapter.h"; sourceTree = "<group>"; };
		FAD2BA5A2D92214900E14323 /* dsp-bench.h */ = {isa = PBXFileReference; lastKnownFileType = sourcecode.c.h; path = "dsp-bench.h"; sourceTree = "<group>"; };
		FAD2BA5B2D92214900E14323 /* dsp-checker.h */ = {isa = PBXFileReference; lastKnownFileType = sourcecode.c.h; path = "dsp-checker.h"; sourceTree = "<group>"; };
		FAD2BA5C2D92214900E14323 /* dsp-combiner.h */ = {isa = PBXFileReference; lastKnownFileType = sourcecode.c.h; path = "dsp-combiner.h"; sourceTree = "<group>"; };
		FAD2BA5D2D92214900E14323 /* dsp-compute-adapter.h */ = {isa = PBXFileReference; lastKnownFileType = sourcecode.c.h; path = "dsp-compute-adapter.h"; sourceTree = "<group>"; };
		FAD2BA5E2D92214900E14323 /* dsp-multi.h */ = {isa = PBXFileReference; lastKnownFileType = sourcecode.c.h; path = "dsp-multi.h"; sourceTree = "<group>"; };
		FAD2BA5F2D92214900E14323 /* dsp-multifun.h */ = {isa = PBXFileReference; lastKnownFileType = sourcecode.c.h; path = "dsp-multifun.h"; sourceTree = "<group>"; };
		FAD2BA602D92214900E14323 /* dsp-optimizer.h */ = {isa = PBXFileReference; lastKnownFileType = sourcecode.c.h; path = "dsp-optimizer.h"; sourceTree = "<group>"; };
		FAD2BA612D92214900E14323 /* dsp-tools.h */ = {isa = PBXFileReference; lastKnownFileType = sourcecode.c.h; path = "dsp-tools.h"; sourceTree = "<group>"; };
		FAD2BA622D92214900E14323 /* fastmath.cpp */ = {isa = PBXFileReference; lastKnownFileType = sourcecode.cpp.cpp; path = fastmath.cpp; sourceTree = "<group>"; };
		FAD2BA632D92214900E14323 /* faust-dynamic-engine.h */ = {isa = PBXFileReference; lastKnownFileType = sourcecode.c.h; path = "faust-dynamic-engine.h"; sourceTree = "<group>"; };
		FAD2BA642D92214900E14323 /* faust-dynamic-engine.cpp */ = {isa = PBXFileReference; lastKnownFileType = sourcecode.cpp.cpp; path = "faust-dynamic-engine.cpp"; sourceTree = "<group>"; };
		FAD2BA652D92214900E14323 /* faust-engine.h */ = {isa = PBXFileReference; lastKnownFileType = sourcecode.c.h; path = "faust-engine.h"; sourceTree = "<group>"; };
		FAD2BA662D92214900E14323 /* faust-poly-engine.h */ = {isa = PBXFileReference; lastKnownFileType = sourcecode.c.h; path = "faust-poly-engine.h"; sourceTree = "<group>"; };
		FAD2BA672D92214900E14323 /* fixed-point.h */ = {isa = PBXFileReference; lastKnownFileType = sourcecode.c.h; path = "fixed-point.h"; sourceTree = "<group>"; };
		FAD2BA682D92214900E14323 /* interpreter-dsp.h */ = {isa = PBXFileReference; lastKnownFileType = sourcecode.c.h; path = "interpreter-dsp.h"; sourceTree = "<group>"; };
		FAD2BA692D92214900E14323 /* interpreter-dsp-c.h */ = {isa = PBXFileReference; lastKnownFileType = sourcecode.c.h; path = "interpreter-dsp-c.h"; sourceTree = "<group>"; };
		FAD2BA6A2D92214900E14323 /* interpreter-machine-dsp.h */ = {isa = PBXFileReference; lastKnownFileType = sourcecode.c.h; path = "interpreter-machine-dsp.h"; sourceTree = "<group>"; };
		FAD2BA6B2D92214900E14323 /* libfaust.h */ = {isa = PBXFileReference; lastKnownFileType = sourcecode.c.h; path = libfaust.h; sourceTree = "<group>"; };
		FAD2BA6C2D92214900E14323 /* libfaust-box.h */ = {isa = PBXFileReference; lastKnownFileType = sourcecode.c.h; path = "libfaust-box.h"; sourceTree = "<group>"; };
		FAD2BA6D2D92214900E14323 /* libfaust-box-c.h */ = {isa = PBXFileReference; lastKnownFileType = sourcecode.c.h; path = "libfaust-box-c.h"; sourceTree = "<group>"; };
		FAD2BA6E2D92214900E14323 /* libfaust-c.h */ = {isa = PBXFileReference; lastKnownFileType = sourcecode.c.h; path = "libfaust-c.h"; sourceTree = "<group>"; };
		FAD2BA6F2D92214900E14323 /* libfaust-signal.h */ = {isa = PBXFileReference; lastKnownFileType = sourcecode.c.h; path = "libfaust-signal.h"; sourceTree = "<group>"; };
		FAD2BA702D92214900E14323 /* libfaust-signal-c.h */ = {isa = PBXFileReference; lastKnownFileType = sourcecode.c.h; path = "libfaust-signal-c.h"; sourceTree = "<group>"; };
		FAD2BA712D92214900E14323 /* llvm-dsp.h */ = {isa = PBXFileReference; lastKnownFileType = sourcecode.c.h; path = "llvm-dsp.h"; sourceTree = "<group>"; };
		FAD2BA722D92214900E14323 /* llvm-dsp-adapter.h */ = {isa = PBXFileReference; lastKnownFileType = sourcecode.c.h; path = "llvm-dsp-adapter.h"; sourceTree = "<group>"; };
		FAD2BA732D92214900E14323 /* llvm-dsp-adapter1.h */ = {isa = PBXFileReference; lastKnownFileType = sourcecode.c.h; path = "llvm-dsp-adapter1.h"; sourceTree = "<group>"; };
		FAD2BA742D92214900E14323 /* llvm-dsp-c.h */ = {isa = PBXFileReference; lastKnownFileType = sourcecode.c.h; path = "llvm-dsp-c.h"; sourceTree = "<group>"; };
		FAD2BA752D92214900E14323 /* llvm-machine-dsp.h */ = {isa = PBXFileReference; lastKnownFileType = sourcecode.c.h; path = "llvm-machine-dsp.h"; sourceTree = "<group>"; };
		FAD2BA762D92214900E14323 /* poly-dsp.h */ = {isa = PBXFileReference; lastKnownFileType = sourcecode.c.h; path = "poly-dsp.h"; sourceTree = "<group>"; };
		FAD2BA772D92214900E14323 /* poly-interpreter-dsp.h */ = {isa = PBXFileReference; lastKnownFileType = sourcecode.c.h; path = "poly-interpreter-dsp.h"; sourceTree = "<group>"; };
		FAD2BA782D92214900E14323 /* poly-llvm-dsp.h */ = {isa = PBXFileReference; lastKnownFileType = sourcecode.c.h; path = "poly-llvm-dsp.h"; sourceTree = "<group>"; };
		FAD2BA792D92214900E14323 /* poly-wasm-dsp.h */ = {isa = PBXFileReference; lastKnownFileType = sourcecode.c.h; path = "poly-wasm-dsp.h"; sourceTree = "<group>"; };
		FAD2BA7A2D92214900E14323 /* proxy-dsp.h */ = {isa = PBXFileReference; lastKnownFileType = sourcecode.c.h; path = "proxy-dsp.h"; sourceTree = "<group>"; };
		FAD2BA7B2D92214900E14323 /* proxy-osc-dsp.h */ = {isa = PBXFileReference; lastKnownFileType = sourcecode.c.h; path = "proxy-osc-dsp.h"; sourceTree = "<group>"; };
		FAD2BA7C2D92214900E14323 /* rnbo-dsp.h */ = {isa = PBXFileReference; lastKnownFileType = sourcecode.c.h; path = "rnbo-dsp.h"; sourceTree = "<group>"; };
		FAD2BA7D2D92214900E14323 /* signal-dsp.h */ = {isa = PBXFileReference; lastKnownFileType = sourcecode.c.h; path = "signal-dsp.h"; sourceTree = "<group>"; };
		FAD2BA7E2D92214900E14323 /* sound-player.h */ = {isa = PBXFileReference; lastKnownFileType = sourcecode.c.h; path = "sound-player.h"; sourceTree = "<group>"; };
		FAD2BA7F2D92214900E14323 /* timed-dsp.h */ = {isa = PBXFileReference; lastKnownFileType = sourcecode.c.h; path = "timed-dsp.h"; sourceTree = "<group>"; };
		FAD2BA802D92214900E14323 /* wasm-dsp.h */ = {isa = PBXFileReference; lastKnownFileType = sourcecode.c.h; path = "wasm-dsp.h"; sourceTree = "<group>"; };
		FAD2BA812D92214900E14323 /* wasm-dsp-imp.h */ = {isa = PBXFileReference; lastKnownFileType = sourcecode.c.h; path = "wasm-dsp-imp.h"; sourceTree = "<group>"; };
		FAD2BA822D92214900E14323 /* ysfx-dsp.h */ = {isa = PBXFileReference; lastKnownFileType = sourcecode.c.h; path = "ysfx-dsp.h"; sourceTree = "<group>"; };
		FAD2BA842D92214900E14323 /* Blue.qrc */ = {isa = PBXFileReference; lastKnownFileType = text; path = Blue.qrc; sourceTree = "<group>"; };
		FAD2BA852D92214900E14323 /* Blue.qss */ = {isa = PBXFileReference; lastKnownFileType = text; path = Blue.qss; sourceTree = "<group>"; };
		FAD2BA862D92214900E14323 /* Default.qrc */ = {isa = PBXFileReference; lastKnownFileType = text; path = Default.qrc; sourceTree = "<group>"; };
		FAD2BA872D92214900E14323 /* Default.qss */ = {isa = PBXFileReference; lastKnownFileType = text; path = Default.qss; sourceTree = "<group>"; };
		FAD2BA882D92214900E14323 /* Grey.qrc */ = {isa = PBXFileReference; lastKnownFileType = text; path = Grey.qrc; sourceTree = "<group>"; };
		FAD2BA892D92214900E14323 /* Grey.qss */ = {isa = PBXFileReference; lastKnownFileType = text; path = Grey.qss; sourceTree = "<group>"; };
		FAD2BA8A2D92214900E14323 /* Salmon.qrc */ = {isa = PBXFileReference; lastKnownFileType = text; path = Salmon.qrc; sourceTree = "<group>"; };
		FAD2BA8B2D92214900E14323 /* Salmon.qss */ = {isa = PBXFileReference; lastKnownFileType = text; path = Salmon.qss; sourceTree = "<group>"; };
		FAD2BA8D2D92214900E14323 /* APIUI.h */ = {isa = PBXFileReference; lastKnownFileType = sourcecode.c.h; path = APIUI.h; sourceTree = "<group>"; };
		FAD2BA8E2D92214900E14323 /* BelaOSCUI.h */ = {isa = PBXFileReference; lastKnownFileType = sourcecode.c.h; path = BelaOSCUI.h; sourceTree = "<group>"; };
		FAD2BA8F2D92214900E14323 /* CGlue.h */ = {isa = PBXFileReference; lastKnownFileType = sourcecode.c.h; path = CGlue.h; sourceTree = "<group>"; };
		FAD2BA902D92214900E14323 /* CInterface.h */ = {isa = PBXFileReference; lastKnownFileType = sourcecode.c.h; path = CInterface.h; sourceTree = "<group>"; };
		FAD2BA912D92214900E14323 /* console.h */ = {isa = PBXFileReference; lastKnownFileType = sourcecode.c.h; path = console.h; sourceTree = "<group>"; };
		FAD2BA922D92214900E14323 /* ControlSequenceUI.h */ = {isa = PBXFileReference; lastKnownFileType = sourcecode.c.h; path = ControlSequenceUI.h; sourceTree = "<group>"; };
		FAD2BA932D92214900E14323 /* ControlUI.h */ = {isa = PBXFileReference; lastKnownFileType = sourcecode.c.h; path = ControlUI.h; sourceTree = "<group>"; };
		FAD2BA942D92214900E14323 /* DaisyControlUI.h */ = {isa = PBXFileReference; lastKnownFileType = sourcecode.c.h; path = DaisyControlUI.h; sourceTree = "<group>"; };
		FAD2BA952D92214900E14323 /* DecoratorUI.h */ = {isa = PBXFileReference; lastKnownFileType = sourcecode.c.h; path = DecoratorUI.h; sourceTree = "<group>"; };
		FAD2BA962D92214900E14323 /* Esp32ControlUI.h */ = {isa = PBXFileReference; lastKnownFileType = sourcecode.c.h; path = Esp32ControlUI.h; sourceTree = "<group>"; };
		FAD2BA972D92214900E14323 /* Esp32Reader.h */ = {isa = PBXFileReference; lastKnownFileType = sourcecode.c.h; path = Esp32Reader.h; sourceTree = "<group>"; };
		FAD2BA982D92214900E14323 /* Esp32SensorUI.h */ = {isa = PBXFileReference; lastKnownFileType = sourcecode.c.h; path = Esp32SensorUI.h; sourceTree = "<group>"; };
		FAD2BA992D92214900E14323 /* FUI.h */ = {isa = PBXFileReference; lastKnownFileType = sourcecode.c.h; path = FUI.h; sourceTree = "<group>"; };
		FAD2BA9A2D92214900E14323 /* GTKUI.h */ = {isa = PBXFileReference; lastKnownFileType = sourcecode.c.h; path = GTKUI.h; sourceTree = "<group>"; };
		FAD2BA9B2D92214900E14323 /* GUI.h */ = {isa = PBXFileReference; lastKnownFileType = sourcecode.c.h; path = GUI.h; sourceTree = "<group>"; };
		FAD2BA9C2D92214900E14323 /* HothouseControlUI.h */ = {isa = PBXFileReference; lastKnownFileType = sourcecode.c.h; path = HothouseControlUI.h; sourceTree = "<group>"; };
		FAD2BA9D2D92214900E14323 /* HTTPDControler.h */ = {isa = PBXFileReference; lastKnownFileType = sourcecode.c.h; path = HTTPDControler.h; sourceTree = "<group>"; };
		FAD2BA9E2D92214900E14323 /* httpdUI.h */ = {isa = PBXFileReference; lastKnownFileType = sourcecode.c.h; path = httpdUI.h; sourceTree = "<group>"; };
		FAD2BA9F2D92214900E14323 /* JSONControl.h */ = {isa = PBXFileReference; lastKnownFileType = sourcecode.c.h; path = JSONControl.h; sourceTree = "<group>"; };
		FAD2BAA02D92214900E14323 /* jsonfaustui.h */ = {isa = PBXFileReference; lastKnownFileType = sourcecode.c.h; path = jsonfaustui.h; sourceTree = "<group>"; };
		FAD2BAA12D92214900E14323 /* JSONUI.h */ = {isa = PBXFileReference; lastKnownFileType = sourcecode.c.h; path = JSONUI.h; sourceTree = "<group>"; };
		FAD2BAA22D92214900E14323 /* JSONUIDecoder.h */ = {isa = PBXFileReference; lastKnownFileType = sourcecode.c.h; path = JSONUIDecoder.h; sourceTree = "<group>"; };
		FAD2BAA32D92214900E14323 /* JuceGUI.h */ = {isa = PBXFileReference; lastKnownFileType = sourcecode.c.h; path = JuceGUI.h; sourceTree = "<group>"; };
		FAD2BAA42D92214900E14323 /* JuceOSCUI.h */ = {isa = PBXFileReference; lastKnownFileType = sourcecode.c.h; path = JuceOSCUI.h; sourceTree = "<group>"; };
		FAD2BAA52D92214900E14323 /* JuceParameterUI.h */ = {isa = PBXFileReference; lastKnownFileType = sourcecode.c.h; path = JuceParameterUI.h; sourceTree = "<group>"; };
		FAD2BAA62D92214900E14323 /* JuceReader.h */ = {isa = PBXFileReference; lastKnownFileType = sourcecode.c.h; path = JuceReader.h; sourceTree = "<group>"; };
		FAD2BAA72D92214900E14323 /* JuceStateUI.h */ = {isa = PBXFileReference; lastKnownFileType = sourcecode.c.h; path = JuceStateUI.h; sourceTree = "<group>"; };
		FAD2BAA82D92214900E14323 /* LayoutUI.h */ = {isa = PBXFileReference; lastKnownFileType = sourcecode.c.h; path = LayoutUI.h; sourceTree = "<group>"; };
		FAD2BAA92D92214900E14323 /* LibsndfileReader.h */ = {isa = PBXFileReference; lastKnownFileType = sourcecode.c.h; path = LibsndfileReader.h; sourceTree = "<group>"; };
		FAD2BAAA2D92214900E14323 /* MapUI.h */ = {isa = PBXFileReference; lastKnownFileType = sourcecode.c.h; path = MapUI.h; sourceTree = "<group>"; };
		FAD2BAAB2D92214900E14323 /* MemoryReader.h */ = {isa = PBXFileReference; lastKnownFileType = sourcecode.c.h; path = MemoryReader.h; sourceTree = "<group>"; };
		FAD2BAAC2D92214900E14323 /* meta.h */ = {isa = PBXFileReference; lastKnownFileType = sourcecode.c.h; path = meta.h; sourceTree = "<group>"; };
		FAD2BAAD2D92214900E14323 /* MetaDataUI.h */ = {isa = PBXFileReference; lastKnownFileType = sourcecode.c.h; path = MetaDataUI.h; sourceTree = "<group>"; };
		FAD2BAAE2D92214900E14323 /* MidiUI.h */ = {isa = PBXFileReference; lastKnownFileType = sourcecode.c.h; path = MidiUI.h; sourceTree = "<group>"; };
		FAD2BAAF2D92214900E14323 /* MiniaudioReader.h */ = {isa = PBXFileReference; lastKnownFileType = sourcecode.c.h; path = MiniaudioReader.h; sourceTree = "<group>"; };
		FAD2BAB02D92214900E14323 /* mspUI.h */ = {isa = PBXFileReference; lastKnownFileType = sourcecode.c.h; path = mspUI.h; sourceTree = "<group>"; };
		FAD2BAB12D92214900E14323 /* OCVUI.h */ = {isa = PBXFileReference; lastKnownFileType = sourcecode.c.h; path = OCVUI.h; sourceTree = "<group>"; };
		FAD2BAB22D92214900E14323 /* OSCControler.h */ = {isa = PBXFileReference; lastKnownFileType = sourcecode.c.h; path = OSCControler.h; sourceTree = "<group>"; };
		FAD2BAB32D92214900E14323 /* OSCIO.h */ = {isa = PBXFileReference; lastKnownFileType = sourcecode.c.h; path = OSCIO.h; sourceTree = "<group>"; };
		FAD2BAB42D92214900E14323 /* OSCUI.h */ = {isa = PBXFileReference; lastKnownFileType = sourcecode.c.h; path = OSCUI.h; sourceTree = "<group>"; };
		FAD2BAB52D92214900E14323 /* PathBuilder.h */ = {isa = PBXFileReference; lastKnownFileType = sourcecode.c.h; path = PathBuilder.h; sourceTree = "<group>"; };
		FAD2BAB62D92214900E14323 /* PresetUI.h */ = {isa = PBXFileReference; lastKnownFileType = sourcecode.c.h; path = PresetUI.h; sourceTree = "<group>"; };
		FAD2BAB72D92214900E14323 /* PrintCUI.h */ = {isa = PBXFileReference; lastKnownFileType = sourcecode.c.h; path = PrintCUI.h; sourceTree = "<group>"; };
		FAD2BAB82D92214900E14323 /* PrintUI.h */ = {isa = PBXFileReference; lastKnownFileType = sourcecode.c.h; path = PrintUI.h; sourceTree = "<group>"; };
		FAD2BAB92D92214900E14323 /* qrcodegen.h */ = {isa = PBXFileReference; lastKnownFileType = sourcecode.c.h; path = qrcodegen.h; sourceTree = "<group>"; };
		FAD2BABA2D92214900E14323 /* qrcodegen.impl.h */ = {isa = PBXFileReference; lastKnownFileType = sourcecode.c.h; path = qrcodegen.impl.h; sourceTree = "<group>"; };
		FAD2BABB2D92214900E14323 /* QTUI.h */ = {isa = PBXFileReference; lastKnownFileType = sourcecode.c.h; path = QTUI.h; sourceTree = "<group>"; };
		FAD2BABC2D92214900E14323 /* ring-buffer.h */ = {isa = PBXFileReference; lastKnownFileType = sourcecode.c.h; path = "ring-buffer.h"; sourceTree = "<group>"; };
		FAD2BABD2D92214900E14323 /* RosCI.h */ = {isa = PBXFileReference; lastKnownFileType = sourcecode.c.h; path = RosCI.h; sourceTree = "<group>"; };
		FAD2BABE2D92214900E14323 /* RosUI.h */ = {isa = PBXFileReference; lastKnownFileType = sourcecode.c.h; path = RosUI.h; sourceTree = "<group>"; };
		FAD2BABF2D92214900E14323 /* SaveUI.h */ = {isa = PBXFileReference; lastKnownFileType = sourcecode.c.h; path = SaveUI.h; sourceTree = "<group>"; };
		FAD2BAC02D92214900E14323 /* SimpleParser.h */ = {isa = PBXFileReference; lastKnownFileType = sourcecode.c.h; path = SimpleParser.h; sourceTree = "<group>"; };
		FAD2BAC12D92214900E14323 /* Soundfile.h */ = {isa = PBXFileReference; lastKnownFileType = sourcecode.c.h; path = Soundfile.h; sourceTree = "<group>"; };
		FAD2BAC22D92214900E14323 /* SoundUI.h */ = {isa = PBXFileReference; lastKnownFileType = sourcecode.c.h; path = SoundUI.h; sourceTree = "<group>"; };
		FAD2BAC32D92214900E14323 /* UI.h */ = {isa = PBXFileReference; lastKnownFileType = sourcecode.c.h; path = UI.h; sourceTree = "<group>"; };
		FAD2BAC42D92214900E14323 /* ValueConverter.h */ = {isa = PBXFileReference; lastKnownFileType = sourcecode.c.h; path = ValueConverter.h; sourceTree = "<group>"; };
		FAD2BAC52D92214900E14323 /* WaveReader.h */ = {isa = PBXFileReference; lastKnownFileType = sourcecode.c.h; path = WaveReader.h; sourceTree = "<group>"; };
		FAD2BAC72D92214900E14323 /* bela-midi.h */ = {isa = PBXFileReference; lastKnownFileType = sourcecode.c.h; path = "bela-midi.h"; sourceTree = "<group>"; };
		FAD2BAC82D92214900E14323 /* daisy-midi.h */ = {isa = PBXFileReference; lastKnownFileType = sourcecode.c.h; path = "daisy-midi.h"; sourceTree = "<group>"; };
		FAD2BAC92D92214900E14323 /* esp32-midi.h */ = {isa = PBXFileReference; lastKnownFileType = sourcecode.c.h; path = "esp32-midi.h"; sourceTree = "<group>"; };
		FAD2BACA2D92214900E14323 /* gramophone-midi.h */ = {isa = PBXFileReference; lastKnownFileType = sourcecode.c.h; path = "gramophone-midi.h"; sourceTree = "<group>"; };
		FAD2BACB2D92214900E14323 /* iplug2-midi.h */ = {isa = PBXFileReference; lastKnownFileType = sourcecode.c.h; path = "iplug2-midi.h"; sourceTree = "<group>"; };
		FAD2BACC2D92214900E14323 /* jack-midi.h */ = {isa = PBXFileReference; lastKnownFileType = sourcecode.c.h; path = "jack-midi.h"; sourceTree = "<group>"; };
		FAD2BACD2D92214900E14323 /* juce-midi.h */ = {isa = PBXFileReference; lastKnownFileType = sourcecode.c.h; path = "juce-midi.h"; sourceTree = "<group>"; };
		FAD2BACE2D92214900E14323 /* midi.h */ = {isa = PBXFileReference; lastKnownFileType = sourcecode.c.h; path = midi.h; sourceTree = "<group>"; };
		FAD2BACF2D92214900E14323 /* rt-midi.h */ = {isa = PBXFileReference; lastKnownFileType = sourcecode.c.h; path = "rt-midi.h"; sourceTree = "<group>"; };
		FAD2BAD02D92214900E14323 /* RtMidi.h */ = {isa = PBXFileReference; lastKnownFileType = sourcecode.c.h; path = RtMidi.h; sourceTree = "<group>"; };
		FAD2BAD12D92214900E14323 /* RtMidi.cpp */ = {isa = PBXFileReference; lastKnownFileType = sourcecode.cpp.cpp; path = RtMidi.cpp; sourceTree = "<group>"; };
		FAD2BAD22D92214900E14323 /* teensy-midi.h */ = {isa = PBXFileReference; lastKnownFileType = sourcecode.c.h; path = "teensy-midi.h"; sourceTree = "<group>"; };
		FAD2BAD42D92214900E14323 /* FaustFactory.h */ = {isa = PBXFileReference; lastKnownFileType = sourcecode.c.h; path = FaustFactory.h; sourceTree = "<group>"; };
		FAD2BAD52D92214900E14323 /* FaustNode.h */ = {isa = PBXFileReference; lastKnownFileType = sourcecode.c.h; path = FaustNode.h; sourceTree = "<group>"; };
		FAD2BAD62D92214900E14323 /* Message.h */ = {isa = PBXFileReference; lastKnownFileType = sourcecode.c.h; path = Message.h; sourceTree = "<group>"; };
		FAD2BAD72D92214900E14323 /* MessageDriven.h */ = {isa = PBXFileReference; lastKnownFileType = sourcecode.c.h; path = MessageDriven.h; sourceTree = "<group>"; };
		FAD2BAD82D92214900E14323 /* MessageProcessor.h */ = {isa = PBXFileReference; lastKnownFileType = sourcecode.c.h; path = MessageProcessor.h; sourceTree = "<group>"; };
		FAD2BAD92D92214900E14323 /* RootNode.h */ = {isa = PBXFileReference; lastKnownFileType = sourcecode.c.h; path = RootNode.h; sourceTree = "<group>"; };
		FAD2BADA2D92214900E14323 /* smartpointer.h */ = {isa = PBXFileReference; lastKnownFileType = sourcecode.c.h; path = smartpointer.h; sourceTree = "<group>"; };
		FAD2BADC2D92214900E14323 /* AudioPluginInterface.h */ = {isa = PBXFileReference; lastKnownFileType = sourcecode.c.h; path = AudioPluginInterface.h; sourceTree = "<group>"; };
		FAD2BADE2D92214900E14323 /* faust.h */ = {isa = PBXFileReference; lastKnownFileType = sourcecode.c.h; path = faust.h; sourceTree = "<group>"; };
		FAD2BADF2D92214900E14323 /* voice.h */ = {isa = PBXFileReference; lastKnownFileType = sourcecode.c.h; path = voice.h; sourceTree = "<group>"; };
		FAD2BAE02D92214900E14323 /* vstui.h */ = {isa = PBXFileReference; lastKnownFileType = sourcecode.c.h; path = vstui.h; sourceTree = "<group>"; };
		FAD2BAE22D92214900E14323 /* export.h */ = {isa = PBXFileReference; lastKnownFileType = sourcecode.c.h; path = export.h; sourceTree = "<group>"; };
		FAD2BAE32D92214900E14323 /* miniaudio.h */ = {isa = PBXFileReference; lastKnownFileType = sourcecode.c.h; path = miniaudio.h; sourceTree = "<group>"; };
		FAD2BAE42D92214900E14323 /* misc.h */ = {isa = PBXFileReference; lastKnownFileType = sourcecode.c.h; path = misc.h; sourceTree = "<group>"; };
		FAD2BAE52D92214900E14323 /* sound-file.h */ = {isa = PBXFileReference; lastKnownFileType = sourcecode.c.h; path = "sound-file.h"; sourceTree = "<group>"; };
		FAD2BAE82D92214900E14323 /* libfaustwithllvm.a */ = {isa = PBXFileReference; lastKnownFileType = archive.ar; path = libfaustwithllvm.a; sourceTree = "<group>"; };
		FAE763E52D94B30500470645 /* FAUSTViewer.app */ = {isa = PBXFileReference; explicitFileType = wrapper.application; includeInIndex = 0; path = FAUSTViewer.app; sourceTree = BUILT_PRODUCTS_DIR; };
/* End PBXFileReference section */

/* Begin PBXFileSystemSynchronizedBuildFileExceptionSet section */
		FA7D4C372D9580E600A8BF2D /* Exceptions for "QLFAUST" folder in "FAUSTViewer" target */ = {
			isa = PBXFileSystemSynchronizedBuildFileExceptionSet;
			membershipExceptions = (
				Assets.xcassets,
			);
			target = FAE763E42D94B30500470645 /* FAUSTViewer */;
		};
		FA868A5F2D873A1000B7176F /* Exceptions for "QLFAUSTExtension" folder in "QLFAUSTExtension" target */ = {
			isa = PBXFileSystemSynchronizedBuildFileExceptionSet;
			membershipExceptions = (
				Info.plist,
			);
			target = FA868A4D2D873A1000B7176F /* QLFAUSTExtension */;
		};
		FA868A652D873B3500B7176F /* Exceptions for "QLFAUST" folder in "QLFAUST" target */ = {
			isa = PBXFileSystemSynchronizedBuildFileExceptionSet;
			membershipExceptions = (
				Info.plist,
			);
			target = FA868A1B2D8739F800B7176F /* QLFAUST */;
		};
		FAE763F62D94B30600470645 /* Exceptions for "FAUSTViewer" folder in "FAUSTViewer" target */ = {
			isa = PBXFileSystemSynchronizedBuildFileExceptionSet;
			membershipExceptions = (
				Info.plist,
			);
			target = FAE763E42D94B30500470645 /* FAUSTViewer */;
		};
		FAE763FD2D94B39200470645 /* Exceptions for "QLFAUSTExtension" folder in "FAUSTViewer" target */ = {
			isa = PBXFileSystemSynchronizedBuildFileExceptionSet;
			membershipExceptions = (
				AudioEngine.swift,
				QLFAUSTView.swift,
			);
			target = FAE763E42D94B30500470645 /* FAUSTViewer */;
		};
/* End PBXFileSystemSynchronizedBuildFileExceptionSet section */

/* Begin PBXFileSystemSynchronizedRootGroup section */
		FA868A1E2D8739F800B7176F /* QLFAUST */ = {
			isa = PBXFileSystemSynchronizedRootGroup;
			exceptions = (
				FA7D4C372D9580E600A8BF2D /* Exceptions for "QLFAUST" folder in "FAUSTViewer" target */,
				FA868A652D873B3500B7176F /* Exceptions for "QLFAUST" folder in "QLFAUST" target */,
			);
			path = QLFAUST;
			sourceTree = "<group>";
		};
		FA868A522D873A1000B7176F /* QLFAUSTExtension */ = {
			isa = PBXFileSystemSynchronizedRootGroup;
			exceptions = (
				FAE763FD2D94B39200470645 /* Exceptions for "QLFAUSTExtension" folder in "FAUSTViewer" target */,
				FA868A5F2D873A1000B7176F /* Exceptions for "QLFAUSTExtension" folder in "QLFAUSTExtension" target */,
			);
			path = QLFAUSTExtension;
			sourceTree = "<group>";
		};
		FAE763E62D94B30500470645 /* FAUSTViewer */ = {
			isa = PBXFileSystemSynchronizedRootGroup;
			exceptions = (
				FAE763F62D94B30600470645 /* Exceptions for "FAUSTViewer" folder in "FAUSTViewer" target */,
			);
			path = FAUSTViewer;
			sourceTree = "<group>";
		};
/* End PBXFileSystemSynchronizedRootGroup section */

/* Begin PBXFrameworksBuildPhase section */
		FA868A192D8739F800B7176F /* Frameworks */ = {
			isa = PBXFrameworksBuildPhase;
			buildActionMask = 2147483647;
			files = (
			);
			runOnlyForDeploymentPostprocessing = 0;
		};
		FA868A2A2D8739F900B7176F /* Frameworks */ = {
			isa = PBXFrameworksBuildPhase;
			buildActionMask = 2147483647;
			files = (
			);
			runOnlyForDeploymentPostprocessing = 0;
		};
		FA868A342D8739F900B7176F /* Frameworks */ = {
			isa = PBXFrameworksBuildPhase;
			buildActionMask = 2147483647;
			files = (
				FA9FB7442D91B37E00DAEEF4 /* libFaustBridge.a in Frameworks */,
			);
			runOnlyForDeploymentPostprocessing = 0;
		};
		FA868A4B2D873A1000B7176F /* Frameworks */ = {
			isa = PBXFrameworksBuildPhase;
			buildActionMask = 2147483647;
			files = (
				FAD2BA3C2D921FE800E14323 /* libFaustBridge.a in Frameworks */,
				FA868A512D873A1000B7176F /* Quartz.framework in Frameworks */,
				FA9FB77E2D91BD9600DAEEF4 /* FaustSwiftUI in Frameworks */,
				FA3BEEE02D91C27400E77A67 /* QLFAUST_UI in Frameworks */,
				FAD2BAEB2D92215000E14323 /* libfaustwithllvm.a in Frameworks */,
			);
			runOnlyForDeploymentPostprocessing = 0;
		};
		FAA367252D90B2AE008F9FDD /* Frameworks */ = {
			isa = PBXFrameworksBuildPhase;
			buildActionMask = 2147483647;
			files = (
			);
			runOnlyForDeploymentPostprocessing = 0;
		};
		FAE763E22D94B30500470645 /* Frameworks */ = {
			isa = PBXFrameworksBuildPhase;
			buildActionMask = 2147483647;
			files = (
				FAE763FA2D94B35700470645 /* libFaustBridge.a in Frameworks */,
				FAE763F92D94B34C00470645 /* QLFAUST_UI in Frameworks */,
				FAE763FF2D94B3BD00470645 /* FaustSwiftUI in Frameworks */,
				FAE763FB2D94B35900470645 /* libfaustwithllvm.a in Frameworks */,
			);
			runOnlyForDeploymentPostprocessing = 0;
		};
/* End PBXFrameworksBuildPhase section */

/* Begin PBXGroup section */
		FA868A132D8739F800B7176F = {
			isa = PBXGroup;
			children = (
				FA20867A2D9226EB00A0CC4C /* README.md */,
				FA8DEB272D9B04EE00DF4E86 /* faustlibraries */,
				FAD2BAEA2D92214900E14323 /* Faust-2.79.3 */,
				FA3F31EB2D90D87F009D7DAA /* BridgingHeader.h */,
				FAA3672F2D90B2D3008F9FDD /* FaustBridge */,
				FA868A1E2D8739F800B7176F /* QLFAUST */,
				FA868A522D873A1000B7176F /* QLFAUSTExtension */,
				FAE763E62D94B30500470645 /* FAUSTViewer */,
				FA868A4F2D873A1000B7176F /* Frameworks */,
				FA868A1D2D8739F800B7176F /* Products */,
			);
			sourceTree = "<group>";
		};
		FA868A1D2D8739F800B7176F /* Products */ = {
			isa = PBXGroup;
			children = (
				FA868A1C2D8739F800B7176F /* QLFAUST.app */,
				FA868A2D2D8739F900B7176F /* QLFAUSTTests.xctest */,
				FA868A372D8739F900B7176F /* QLFAUSTUITests.xctest */,
				FA868A4E2D873A1000B7176F /* QLFAUSTExtension.appex */,
				FAA367272D90B2AE008F9FDD /* libFaustBridge.a */,
				FAE763E52D94B30500470645 /* FAUSTViewer.app */,
			);
			name = Products;
			sourceTree = "<group>";
		};
		FA868A4F2D873A1000B7176F /* Frameworks */ = {
			isa = PBXGroup;
			children = (
				FA868A502D873A1000B7176F /* Quartz.framework */,
			);
			name = Frameworks;
			sourceTree = "<group>";
		};
		FAA3672F2D90B2D3008F9FDD /* FaustBridge */ = {
			isa = PBXGroup;
			children = (
				FAA3672B2D90B2D3008F9FDD /* FaustBridge.h */,
				FAA3672C2D90B2D3008F9FDD /* FaustBridge.mm */,
			);
			path = FaustBridge;
			sourceTree = "<group>";
		};
		FAD2BA3E2D92214900E14323 /* au */ = {
			isa = PBXGroup;
			children = (
				FAD2BA3D2D92214900E14323 /* AUUI.h */,
			);
			path = au;
			sourceTree = "<group>";
		};
		FAD2BA542D92214900E14323 /* audio */ = {
			isa = PBXGroup;
			children = (
				FAD2BA3F2D92214900E14323 /* alsa-dsp.h */,
				FAD2BA402D92214900E14323 /* android-dsp.h */,
				FAD2BA412D92214900E14323 /* audio.h */,
				FAD2BA422D92214900E14323 /* channels.h */,
				FAD2BA432D92214900E14323 /* coreaudio-dsp.h */,
				FAD2BA442D92214900E14323 /* coreaudio-ios-dsp.h */,
				FAD2BA452D92214900E14323 /* dummy-audio.h */,
				FAD2BA462D92214900E14323 /* esp32-dsp.h */,
				FAD2BA472D92214900E14323 /* fpe.h */,
				FAD2BA482D92214900E14323 /* jack-dsp.h */,
				FAD2BA492D92214900E14323 /* juce-dsp.h */,
				FAD2BA4A2D92214900E14323 /* miniaudio-dsp.h */,
				FAD2BA4B2D92214900E14323 /* netjack-dsp.h */,
				FAD2BA4C2D92214900E14323 /* oboe-dsp.h */,
				FAD2BA4D2D92214900E14323 /* ofaudio-dsp.h */,
				FAD2BA4E2D92214900E14323 /* opensles-android-dsp.h */,
				FAD2BA4F2D92214900E14323 /* osc-dsp.h */,
				FAD2BA502D92214900E14323 /* portaudio-dsp.h */,
				FAD2BA512D92214900E14323 /* rtaudio-dsp.h */,
				FAD2BA522D92214900E14323 /* samAudio.h */,
				FAD2BA532D92214900E14323 /* teensy-dsp.h */,
			);
			path = audio;
			sourceTree = "<group>";
		};
		FAD2BA832D92214900E14323 /* dsp */ = {
			isa = PBXGroup;
			children = (
				FAD2BA552D92214900E14323 /* cmajor-cpp-dsp.h */,
				FAD2BA562D92214900E14323 /* cmajorpatch-dsp.h */,
				FAD2BA572D92214900E14323 /* cpp-dsp-adapter.h */,
				FAD2BA582D92214900E14323 /* dsp.h */,
				FAD2BA592D92214900E14323 /* dsp-adapter.h */,
				FAD2BA5A2D92214900E14323 /* dsp-bench.h */,
				FAD2BA5B2D92214900E14323 /* dsp-checker.h */,
				FAD2BA5C2D92214900E14323 /* dsp-combiner.h */,
				FAD2BA5D2D92214900E14323 /* dsp-compute-adapter.h */,
				FAD2BA5E2D92214900E14323 /* dsp-multi.h */,
				FAD2BA5F2D92214900E14323 /* dsp-multifun.h */,
				FAD2BA602D92214900E14323 /* dsp-optimizer.h */,
				FAD2BA612D92214900E14323 /* dsp-tools.h */,
				FAD2BA622D92214900E14323 /* fastmath.cpp */,
				FAD2BA632D92214900E14323 /* faust-dynamic-engine.h */,
				FAD2BA642D92214900E14323 /* faust-dynamic-engine.cpp */,
				FAD2BA652D92214900E14323 /* faust-engine.h */,
				FAD2BA662D92214900E14323 /* faust-poly-engine.h */,
				FAD2BA672D92214900E14323 /* fixed-point.h */,
				FAD2BA682D92214900E14323 /* interpreter-dsp.h */,
				FAD2BA692D92214900E14323 /* interpreter-dsp-c.h */,
				FAD2BA6A2D92214900E14323 /* interpreter-machine-dsp.h */,
				FAD2BA6B2D92214900E14323 /* libfaust.h */,
				FAD2BA6C2D92214900E14323 /* libfaust-box.h */,
				FAD2BA6D2D92214900E14323 /* libfaust-box-c.h */,
				FAD2BA6E2D92214900E14323 /* libfaust-c.h */,
				FAD2BA6F2D92214900E14323 /* libfaust-signal.h */,
				FAD2BA702D92214900E14323 /* libfaust-signal-c.h */,
				FAD2BA712D92214900E14323 /* llvm-dsp.h */,
				FAD2BA722D92214900E14323 /* llvm-dsp-adapter.h */,
				FAD2BA732D92214900E14323 /* llvm-dsp-adapter1.h */,
				FAD2BA742D92214900E14323 /* llvm-dsp-c.h */,
				FAD2BA752D92214900E14323 /* llvm-machine-dsp.h */,
				FAD2BA762D92214900E14323 /* poly-dsp.h */,
				FAD2BA772D92214900E14323 /* poly-interpreter-dsp.h */,
				FAD2BA782D92214900E14323 /* poly-llvm-dsp.h */,
				FAD2BA792D92214900E14323 /* poly-wasm-dsp.h */,
				FAD2BA7A2D92214900E14323 /* proxy-dsp.h */,
				FAD2BA7B2D92214900E14323 /* proxy-osc-dsp.h */,
				FAD2BA7C2D92214900E14323 /* rnbo-dsp.h */,
				FAD2BA7D2D92214900E14323 /* signal-dsp.h */,
				FAD2BA7E2D92214900E14323 /* sound-player.h */,
				FAD2BA7F2D92214900E14323 /* timed-dsp.h */,
				FAD2BA802D92214900E14323 /* wasm-dsp.h */,
				FAD2BA812D92214900E14323 /* wasm-dsp-imp.h */,
				FAD2BA822D92214900E14323 /* ysfx-dsp.h */,
			);
			path = dsp;
			sourceTree = "<group>";
		};
		FAD2BA8C2D92214900E14323 /* Styles */ = {
			isa = PBXGroup;
			children = (
				FAD2BA842D92214900E14323 /* Blue.qrc */,
				FAD2BA852D92214900E14323 /* Blue.qss */,
				FAD2BA862D92214900E14323 /* Default.qrc */,
				FAD2BA872D92214900E14323 /* Default.qss */,
				FAD2BA882D92214900E14323 /* Grey.qrc */,
				FAD2BA892D92214900E14323 /* Grey.qss */,
				FAD2BA8A2D92214900E14323 /* Salmon.qrc */,
				FAD2BA8B2D92214900E14323 /* Salmon.qss */,
			);
			path = Styles;
			sourceTree = "<group>";
		};
		FAD2BAC62D92214900E14323 /* gui */ = {
			isa = PBXGroup;
			children = (
				FAD2BA8C2D92214900E14323 /* Styles */,
				FAD2BA8D2D92214900E14323 /* APIUI.h */,
				FAD2BA8E2D92214900E14323 /* BelaOSCUI.h */,
				FAD2BA8F2D92214900E14323 /* CGlue.h */,
				FAD2BA902D92214900E14323 /* CInterface.h */,
				FAD2BA912D92214900E14323 /* console.h */,
				FAD2BA922D92214900E14323 /* ControlSequenceUI.h */,
				FAD2BA932D92214900E14323 /* ControlUI.h */,
				FAD2BA942D92214900E14323 /* DaisyControlUI.h */,
				FAD2BA952D92214900E14323 /* DecoratorUI.h */,
				FAD2BA962D92214900E14323 /* Esp32ControlUI.h */,
				FAD2BA972D92214900E14323 /* Esp32Reader.h */,
				FAD2BA982D92214900E14323 /* Esp32SensorUI.h */,
				FAD2BA992D92214900E14323 /* FUI.h */,
				FAD2BA9A2D92214900E14323 /* GTKUI.h */,
				FAD2BA9B2D92214900E14323 /* GUI.h */,
				FAD2BA9C2D92214900E14323 /* HothouseControlUI.h */,
				FAD2BA9D2D92214900E14323 /* HTTPDControler.h */,
				FAD2BA9E2D92214900E14323 /* httpdUI.h */,
				FAD2BA9F2D92214900E14323 /* JSONControl.h */,
				FAD2BAA02D92214900E14323 /* jsonfaustui.h */,
				FAD2BAA12D92214900E14323 /* JSONUI.h */,
				FAD2BAA22D92214900E14323 /* JSONUIDecoder.h */,
				FAD2BAA32D92214900E14323 /* JuceGUI.h */,
				FAD2BAA42D92214900E14323 /* JuceOSCUI.h */,
				FAD2BAA52D92214900E14323 /* JuceParameterUI.h */,
				FAD2BAA62D92214900E14323 /* JuceReader.h */,
				FAD2BAA72D92214900E14323 /* JuceStateUI.h */,
				FAD2BAA82D92214900E14323 /* LayoutUI.h */,
				FAD2BAA92D92214900E14323 /* LibsndfileReader.h */,
				FAD2BAAA2D92214900E14323 /* MapUI.h */,
				FAD2BAAB2D92214900E14323 /* MemoryReader.h */,
				FAD2BAAC2D92214900E14323 /* meta.h */,
				FAD2BAAD2D92214900E14323 /* MetaDataUI.h */,
				FAD2BAAE2D92214900E14323 /* MidiUI.h */,
				FAD2BAAF2D92214900E14323 /* MiniaudioReader.h */,
				FAD2BAB02D92214900E14323 /* mspUI.h */,
				FAD2BAB12D92214900E14323 /* OCVUI.h */,
				FAD2BAB22D92214900E14323 /* OSCControler.h */,
				FAD2BAB32D92214900E14323 /* OSCIO.h */,
				FAD2BAB42D92214900E14323 /* OSCUI.h */,
				FAD2BAB52D92214900E14323 /* PathBuilder.h */,
				FAD2BAB62D92214900E14323 /* PresetUI.h */,
				FAD2BAB72D92214900E14323 /* PrintCUI.h */,
				FAD2BAB82D92214900E14323 /* PrintUI.h */,
				FAD2BAB92D92214900E14323 /* qrcodegen.h */,
				FAD2BABA2D92214900E14323 /* qrcodegen.impl.h */,
				FAD2BABB2D92214900E14323 /* QTUI.h */,
				FAD2BABC2D92214900E14323 /* ring-buffer.h */,
				FAD2BABD2D92214900E14323 /* RosCI.h */,
				FAD2BABE2D92214900E14323 /* RosUI.h */,
				FAD2BABF2D92214900E14323 /* SaveUI.h */,
				FAD2BAC02D92214900E14323 /* SimpleParser.h */,
				FAD2BAC12D92214900E14323 /* Soundfile.h */,
				FAD2BAC22D92214900E14323 /* SoundUI.h */,
				FAD2BAC32D92214900E14323 /* UI.h */,
				FAD2BAC42D92214900E14323 /* ValueConverter.h */,
				FAD2BAC52D92214900E14323 /* WaveReader.h */,
			);
			path = gui;
			sourceTree = "<group>";
		};
		FAD2BAD32D92214900E14323 /* midi */ = {
			isa = PBXGroup;
			children = (
				FAD2BAC72D92214900E14323 /* bela-midi.h */,
				FAD2BAC82D92214900E14323 /* daisy-midi.h */,
				FAD2BAC92D92214900E14323 /* esp32-midi.h */,
				FAD2BACA2D92214900E14323 /* gramophone-midi.h */,
				FAD2BACB2D92214900E14323 /* iplug2-midi.h */,
				FAD2BACC2D92214900E14323 /* jack-midi.h */,
				FAD2BACD2D92214900E14323 /* juce-midi.h */,
				FAD2BACE2D92214900E14323 /* midi.h */,
				FAD2BACF2D92214900E14323 /* rt-midi.h */,
				FAD2BAD02D92214900E14323 /* RtMidi.h */,
				FAD2BAD12D92214900E14323 /* RtMidi.cpp */,
				FAD2BAD22D92214900E14323 /* teensy-midi.h */,
			);
			path = midi;
			sourceTree = "<group>";
		};
		FAD2BADB2D92214900E14323 /* osc */ = {
			isa = PBXGroup;
			children = (
				FAD2BAD42D92214900E14323 /* FaustFactory.h */,
				FAD2BAD52D92214900E14323 /* FaustNode.h */,
				FAD2BAD62D92214900E14323 /* Message.h */,
				FAD2BAD72D92214900E14323 /* MessageDriven.h */,
				FAD2BAD82D92214900E14323 /* MessageProcessor.h */,
				FAD2BAD92D92214900E14323 /* RootNode.h */,
				FAD2BADA2D92214900E14323 /* smartpointer.h */,
			);
			path = osc;
			sourceTree = "<group>";
		};
		FAD2BADD2D92214900E14323 /* unity */ = {
			isa = PBXGroup;
			children = (
				FAD2BADC2D92214900E14323 /* AudioPluginInterface.h */,
			);
			path = unity;
			sourceTree = "<group>";
		};
		FAD2BAE12D92214900E14323 /* vst */ = {
			isa = PBXGroup;
			children = (
				FAD2BADE2D92214900E14323 /* faust.h */,
				FAD2BADF2D92214900E14323 /* voice.h */,
				FAD2BAE02D92214900E14323 /* vstui.h */,
			);
			path = vst;
			sourceTree = "<group>";
		};
		FAD2BAE62D92214900E14323 /* faust */ = {
			isa = PBXGroup;
			children = (
				FAD2BA3E2D92214900E14323 /* au */,
				FAD2BA542D92214900E14323 /* audio */,
				FAD2BA832D92214900E14323 /* dsp */,
				FAD2BAC62D92214900E14323 /* gui */,
				FAD2BAD32D92214900E14323 /* midi */,
				FAD2BADB2D92214900E14323 /* osc */,
				FAD2BADD2D92214900E14323 /* unity */,
				FAD2BAE12D92214900E14323 /* vst */,
				FAD2BAE22D92214900E14323 /* export.h */,
				FAD2BAE32D92214900E14323 /* miniaudio.h */,
				FAD2BAE42D92214900E14323 /* misc.h */,
				FAD2BAE52D92214900E14323 /* sound-file.h */,
			);
			path = faust;
			sourceTree = "<group>";
		};
		FAD2BAE72D92214900E14323 /* include */ = {
			isa = PBXGroup;
			children = (
				FAD2BAE62D92214900E14323 /* faust */,
			);
			path = include;
			sourceTree = "<group>";
		};
		FAD2BAE92D92214900E14323 /* lib */ = {
			isa = PBXGroup;
			children = (
				FAD2BAE82D92214900E14323 /* libfaustwithllvm.a */,
			);
			path = lib;
			sourceTree = "<group>";
		};
		FAD2BAEA2D92214900E14323 /* Faust-2.79.3 */ = {
			isa = PBXGroup;
			children = (
				FAD2BAE72D92214900E14323 /* include */,
				FAD2BAE92D92214900E14323 /* lib */,
			);
			path = "Faust-2.79.3";
			sourceTree = "<group>";
		};
/* End PBXGroup section */

/* Begin PBXHeadersBuildPhase section */
		FAA367232D90B2AE008F9FDD /* Headers */ = {
			isa = PBXHeadersBuildPhase;
			buildActionMask = 2147483647;
			files = (
				FAA367302D90B2D3008F9FDD /* FaustBridge.h in Headers */,
			);
			runOnlyForDeploymentPostprocessing = 0;
		};
/* End PBXHeadersBuildPhase section */

/* Begin PBXNativeTarget section */
		FA868A1B2D8739F800B7176F /* QLFAUST */ = {
			isa = PBXNativeTarget;
			buildConfigurationList = FA868A412D8739F900B7176F /* Build configuration list for PBXNativeTarget "QLFAUST" */;
			buildPhases = (
				FA868A182D8739F800B7176F /* Sources */,
				FA868A192D8739F800B7176F /* Frameworks */,
				FA868A1A2D8739F800B7176F /* Resources */,
				FAF395632D9041AF00F7F2D4 /* Embed Foundation Extensions */,
			);
			buildRules = (
			);
			dependencies = (
				FAF395622D9041AF00F7F2D4 /* PBXTargetDependency */,
				FAF395652D9041B400F7F2D4 /* PBXTargetDependency */,
				FAF395672D9041BE00F7F2D4 /* PBXTargetDependency */,
			);
			fileSystemSynchronizedGroups = (
				FA868A1E2D8739F800B7176F /* QLFAUST */,
			);
			name = QLFAUST;
			packageProductDependencies = (
			);
			productName = FAUSTQuickLookHost;
			productReference = FA868A1C2D8739F800B7176F /* QLFAUST.app */;
			productType = "com.apple.product-type.application";
		};
		FA868A2C2D8739F900B7176F /* QLFAUSTTests */ = {
			isa = PBXNativeTarget;
			buildConfigurationList = FA868A442D8739F900B7176F /* Build configuration list for PBXNativeTarget "QLFAUSTTests" */;
			buildPhases = (
				FA868A292D8739F900B7176F /* Sources */,
				FA868A2A2D8739F900B7176F /* Frameworks */,
				FA868A2B2D8739F900B7176F /* Resources */,
			);
			buildRules = (
			);
			dependencies = (
				FA868A2F2D8739F900B7176F /* PBXTargetDependency */,
			);
			name = QLFAUSTTests;
			packageProductDependencies = (
			);
			productName = FAUSTQuickLookHostTests;
			productReference = FA868A2D2D8739F900B7176F /* QLFAUSTTests.xctest */;
			productType = "com.apple.product-type.bundle.unit-test";
		};
		FA868A362D8739F900B7176F /* QLFAUSTUITests */ = {
			isa = PBXNativeTarget;
			buildConfigurationList = FA868A472D8739F900B7176F /* Build configuration list for PBXNativeTarget "QLFAUSTUITests" */;
			buildPhases = (
				FA868A332D8739F900B7176F /* Sources */,
				FA868A342D8739F900B7176F /* Frameworks */,
				FA868A352D8739F900B7176F /* Resources */,
			);
			buildRules = (
			);
			dependencies = (
				FA868A392D8739F900B7176F /* PBXTargetDependency */,
			);
			name = QLFAUSTUITests;
			packageProductDependencies = (
			);
			productName = FAUSTQuickLookHostUITests;
			productReference = FA868A372D8739F900B7176F /* QLFAUSTUITests.xctest */;
			productType = "com.apple.product-type.bundle.ui-testing";
		};
		FA868A4D2D873A1000B7176F /* QLFAUSTExtension */ = {
			isa = PBXNativeTarget;
			buildConfigurationList = FA868A602D873A1000B7176F /* Build configuration list for PBXNativeTarget "QLFAUSTExtension" */;
			buildPhases = (
				FA868A4A2D873A1000B7176F /* Sources */,
				FA868A4B2D873A1000B7176F /* Frameworks */,
				FA868A4C2D873A1000B7176F /* Resources */,
			);
			buildRules = (
			);
			dependencies = (
				FAA3689D2D90BF24008F9FDD /* PBXTargetDependency */,
			);
			fileSystemSynchronizedGroups = (
				FA868A522D873A1000B7176F /* QLFAUSTExtension */,
			);
			name = QLFAUSTExtension;
			packageProductDependencies = (
				FA9FB77D2D91BD9600DAEEF4 /* FaustSwiftUI */,
				FA3BEEDF2D91C27400E77A67 /* QLFAUST_UI */,
			);
			productName = FAUSTQuickLookPreview;
			productReference = FA868A4E2D873A1000B7176F /* QLFAUSTExtension.appex */;
			productType = "com.apple.product-type.app-extension";
		};
		FAA367262D90B2AE008F9FDD /* FaustBridge */ = {
			isa = PBXNativeTarget;
			buildConfigurationList = FAA3672A2D90B2AE008F9FDD /* Build configuration list for PBXNativeTarget "FaustBridge" */;
			buildPhases = (
				FAA367232D90B2AE008F9FDD /* Headers */,
				FAA367242D90B2AE008F9FDD /* Sources */,
				FAA367252D90B2AE008F9FDD /* Frameworks */,
			);
			buildRules = (
			);
			dependencies = (
			);
			name = FaustBridge;
			packageProductDependencies = (
			);
			productName = FaustBridge;
			productReference = FAA367272D90B2AE008F9FDD /* libFaustBridge.a */;
			productType = "com.apple.product-type.library.static";
		};
		FAE763E42D94B30500470645 /* FAUSTViewer */ = {
			isa = PBXNativeTarget;
			buildConfigurationList = FAE763F72D94B30600470645 /* Build configuration list for PBXNativeTarget "FAUSTViewer" */;
			buildPhases = (
				FAE763E12D94B30500470645 /* Sources */,
				FAE763E22D94B30500470645 /* Frameworks */,
				FAE763E32D94B30500470645 /* Resources */,
			);
			buildRules = (
			);
			dependencies = (
			);
			fileSystemSynchronizedGroups = (
				FAE763E62D94B30500470645 /* FAUSTViewer */,
			);
			name = FAUSTViewer;
			packageProductDependencies = (
				FAE763F82D94B34C00470645 /* QLFAUST_UI */,
				FAE763FE2D94B3BD00470645 /* FaustSwiftUI */,
			);
			productName = FAUSTViewer;
			productReference = FAE763E52D94B30500470645 /* FAUSTViewer.app */;
			productType = "com.apple.product-type.application";
		};
/* End PBXNativeTarget section */

/* Begin PBXProject section */
		FA868A142D8739F800B7176F /* Project object */ = {
			isa = PBXProject;
			attributes = {
				BuildIndependentTargetsInParallel = 1;
				LastSwiftUpdateCheck = 1620;
				LastUpgradeCheck = 1620;
				TargetAttributes = {
					FA868A1B2D8739F800B7176F = {
						CreatedOnToolsVersion = 16.2;
					};
					FA868A2C2D8739F900B7176F = {
						CreatedOnToolsVersion = 16.2;
						TestTargetID = FA868A1B2D8739F800B7176F;
					};
					FA868A362D8739F900B7176F = {
						CreatedOnToolsVersion = 16.2;
						TestTargetID = FA868A1B2D8739F800B7176F;
					};
					FA868A4D2D873A1000B7176F = {
						CreatedOnToolsVersion = 16.2;
					};
					FAA367262D90B2AE008F9FDD = {
						CreatedOnToolsVersion = 16.2;
					};
					FAE763E42D94B30500470645 = {
						CreatedOnToolsVersion = 16.2;
					};
				};
			};
			buildConfigurationList = FA868A172D8739F800B7176F /* Build configuration list for PBXProject "QLFAUST" */;
			developmentRegion = en;
			hasScannedForEncodings = 0;
			knownRegions = (
				en,
				Base,
				English,
			);
			mainGroup = FA868A132D8739F800B7176F;
			minimizedProjectReferenceProxies = 1;
			packageReferences = (
				FA9FB77B2D91BD0A00DAEEF4 /* XCRemoteSwiftPackageReference "FaustSwiftUI" */,
				FA9FB77C2D91BD5200DAEEF4 /* XCLocalSwiftPackageReference "local_modules/QLFAUST_UI" */,
			);
			preferredProjectObjectVersion = 77;
			productRefGroup = FA868A1D2D8739F800B7176F /* Products */;
			projectDirPath = "";
			projectRoot = "";
			targets = (
				FAE763E42D94B30500470645 /* FAUSTViewer */,
				FA868A1B2D8739F800B7176F /* QLFAUST */,
				FA868A4D2D873A1000B7176F /* QLFAUSTExtension */,
				FA868A2C2D8739F900B7176F /* QLFAUSTTests */,
				FA868A362D8739F900B7176F /* QLFAUSTUITests */,
				FAA367262D90B2AE008F9FDD /* FaustBridge */,
			);
		};
/* End PBXProject section */

/* Begin PBXResourcesBuildPhase section */
		FA868A1A2D8739F800B7176F /* Resources */ = {
			isa = PBXResourcesBuildPhase;
			buildActionMask = 2147483647;
			files = (
			);
			runOnlyForDeploymentPostprocessing = 0;
		};
		FA868A2B2D8739F900B7176F /* Resources */ = {
			isa = PBXResourcesBuildPhase;
			buildActionMask = 2147483647;
			files = (
			);
			runOnlyForDeploymentPostprocessing = 0;
		};
		FA868A352D8739F900B7176F /* Resources */ = {
			isa = PBXResourcesBuildPhase;
			buildActionMask = 2147483647;
			files = (
			);
			runOnlyForDeploymentPostprocessing = 0;
		};
		FA868A4C2D873A1000B7176F /* Resources */ = {
			isa = PBXResourcesBuildPhase;
			buildActionMask = 2147483647;
			files = (
				FA8DEB282D9B04F400DF4E86 /* faustlibraries in Resources */,
			);
			runOnlyForDeploymentPostprocessing = 0;
		};
		FAE763E32D94B30500470645 /* Resources */ = {
			isa = PBXResourcesBuildPhase;
			buildActionMask = 2147483647;
			files = (
				FA8DEB292D9B089A00DF4E86 /* faustlibraries in Resources */,
			);
			runOnlyForDeploymentPostprocessing = 0;
		};
/* End PBXResourcesBuildPhase section */

/* Begin PBXSourcesBuildPhase section */
		FA868A182D8739F800B7176F /* Sources */ = {
			isa = PBXSourcesBuildPhase;
			buildActionMask = 2147483647;
			files = (
			);
			runOnlyForDeploymentPostprocessing = 0;
		};
		FA868A292D8739F900B7176F /* Sources */ = {
			isa = PBXSourcesBuildPhase;
			buildActionMask = 2147483647;
			files = (
			);
			runOnlyForDeploymentPostprocessing = 0;
		};
		FA868A332D8739F900B7176F /* Sources */ = {
			isa = PBXSourcesBuildPhase;
			buildActionMask = 2147483647;
			files = (
			);
			runOnlyForDeploymentPostprocessing = 0;
		};
		FA868A4A2D873A1000B7176F /* Sources */ = {
			isa = PBXSourcesBuildPhase;
			buildActionMask = 2147483647;
			files = (
			);
			runOnlyForDeploymentPostprocessing = 0;
		};
		FAA367242D90B2AE008F9FDD /* Sources */ = {
			isa = PBXSourcesBuildPhase;
			buildActionMask = 2147483647;
			files = (
				FAA367332D90B2D3008F9FDD /* FaustBridge.mm in Sources */,
			);
			runOnlyForDeploymentPostprocessing = 0;
		};
		FAE763E12D94B30500470645 /* Sources */ = {
			isa = PBXSourcesBuildPhase;
			buildActionMask = 2147483647;
			files = (
			);
			runOnlyForDeploymentPostprocessing = 0;
		};
/* End PBXSourcesBuildPhase section */

/* Begin PBXTargetDependency section */
		FA868A2F2D8739F900B7176F /* PBXTargetDependency */ = {
			isa = PBXTargetDependency;
			target = FA868A1B2D8739F800B7176F /* QLFAUST */;
			targetProxy = FA868A2E2D8739F900B7176F /* PBXContainerItemProxy */;
		};
		FA868A392D8739F900B7176F /* PBXTargetDependency */ = {
			isa = PBXTargetDependency;
			target = FA868A1B2D8739F800B7176F /* QLFAUST */;
			targetProxy = FA868A382D8739F900B7176F /* PBXContainerItemProxy */;
		};
		FAA3689D2D90BF24008F9FDD /* PBXTargetDependency */ = {
			isa = PBXTargetDependency;
			target = FAA367262D90B2AE008F9FDD /* FaustBridge */;
			targetProxy = FAA3689C2D90BF24008F9FDD /* PBXContainerItemProxy */;
		};
		FAF395622D9041AF00F7F2D4 /* PBXTargetDependency */ = {
			isa = PBXTargetDependency;
			target = FA868A4D2D873A1000B7176F /* QLFAUSTExtension */;
			targetProxy = FAF395612D9041AF00F7F2D4 /* PBXContainerItemProxy */;
		};
		FAF395652D9041B400F7F2D4 /* PBXTargetDependency */ = {
			isa = PBXTargetDependency;
			target = FA868A4D2D873A1000B7176F /* QLFAUSTExtension */;
			targetProxy = FAF395642D9041B400F7F2D4 /* PBXContainerItemProxy */;
		};
		FAF395672D9041BE00F7F2D4 /* PBXTargetDependency */ = {
			isa = PBXTargetDependency;
			target = FA868A4D2D873A1000B7176F /* QLFAUSTExtension */;
			targetProxy = FAF395662D9041BE00F7F2D4 /* PBXContainerItemProxy */;
		};
/* End PBXTargetDependency section */

/* Begin XCBuildConfiguration section */
		FA868A3F2D8739F900B7176F /* Debug */ = {
			isa = XCBuildConfiguration;
			buildSettings = {
				ALWAYS_SEARCH_USER_PATHS = NO;
				ARCHS = (
					arm64,
					x86_64,
				);
				ASSETCATALOG_COMPILER_GENERATE_SWIFT_ASSET_SYMBOL_EXTENSIONS = YES;
				CLANG_ANALYZER_NONNULL = YES;
				CLANG_ANALYZER_NUMBER_OBJECT_CONVERSION = YES_AGGRESSIVE;
				CLANG_CXX_LANGUAGE_STANDARD = "gnu++20";
				CLANG_ENABLE_MODULES = YES;
				CLANG_ENABLE_OBJC_ARC = YES;
				CLANG_ENABLE_OBJC_WEAK = YES;
				CLANG_WARN_BLOCK_CAPTURE_AUTORELEASING = YES;
				CLANG_WARN_BOOL_CONVERSION = YES;
				CLANG_WARN_COMMA = YES;
				CLANG_WARN_CONSTANT_CONVERSION = YES;
				CLANG_WARN_DEPRECATED_OBJC_IMPLEMENTATIONS = YES;
				CLANG_WARN_DIRECT_OBJC_ISA_USAGE = YES_ERROR;
				CLANG_WARN_DOCUMENTATION_COMMENTS = YES;
				CLANG_WARN_EMPTY_BODY = YES;
				CLANG_WARN_ENUM_CONVERSION = YES;
				CLANG_WARN_INFINITE_RECURSION = YES;
				CLANG_WARN_INT_CONVERSION = YES;
				CLANG_WARN_NON_LITERAL_NULL_CONVERSION = YES;
				CLANG_WARN_OBJC_IMPLICIT_RETAIN_SELF = YES;
				CLANG_WARN_OBJC_LITERAL_CONVERSION = YES;
				CLANG_WARN_OBJC_ROOT_CLASS = YES_ERROR;
				CLANG_WARN_QUOTED_INCLUDE_IN_FRAMEWORK_HEADER = YES;
				CLANG_WARN_RANGE_LOOP_ANALYSIS = YES;
				CLANG_WARN_STRICT_PROTOTYPES = YES;
				CLANG_WARN_SUSPICIOUS_MOVE = YES;
				CLANG_WARN_UNGUARDED_AVAILABILITY = YES_AGGRESSIVE;
				CLANG_WARN_UNREACHABLE_CODE = YES;
				CLANG_WARN__DUPLICATE_METHOD_MATCH = YES;
				COPY_PHASE_STRIP = NO;
				DEBUG_INFORMATION_FORMAT = dwarf;
				ENABLE_STRICT_OBJC_MSGSEND = YES;
				ENABLE_TESTABILITY = YES;
				ENABLE_USER_SCRIPT_SANDBOXING = YES;
				GCC_C_LANGUAGE_STANDARD = gnu17;
				GCC_DYNAMIC_NO_PIC = NO;
				GCC_NO_COMMON_BLOCKS = YES;
				GCC_OPTIMIZATION_LEVEL = 0;
				GCC_PREPROCESSOR_DEFINITIONS = (
					"DEBUG=1",
					"$(inherited)",
				);
				GCC_WARN_64_TO_32_BIT_CONVERSION = YES;
				GCC_WARN_ABOUT_RETURN_TYPE = YES_ERROR;
				GCC_WARN_UNDECLARED_SELECTOR = YES;
				GCC_WARN_UNINITIALIZED_AUTOS = YES_AGGRESSIVE;
				GCC_WARN_UNUSED_FUNCTION = YES;
				GCC_WARN_UNUSED_VARIABLE = YES;
				LOCALIZATION_PREFERS_STRING_CATALOGS = YES;
				MACOSX_DEPLOYMENT_TARGET = 14.7;
				MTL_ENABLE_DEBUG_INFO = INCLUDE_SOURCE;
				MTL_FAST_MATH = YES;
				ONLY_ACTIVE_ARCH = YES;
				SDKROOT = macosx;
				SWIFT_ACTIVE_COMPILATION_CONDITIONS = "DEBUG $(inherited)";
				SWIFT_OPTIMIZATION_LEVEL = "-Onone";
			};
			name = Debug;
		};
		FA868A402D8739F900B7176F /* Release */ = {
			isa = XCBuildConfiguration;
			buildSettings = {
				ALWAYS_SEARCH_USER_PATHS = NO;
				ARCHS = (
					arm64,
					x86_64,
				);
				ASSETCATALOG_COMPILER_GENERATE_SWIFT_ASSET_SYMBOL_EXTENSIONS = YES;
				CLANG_ANALYZER_NONNULL = YES;
				CLANG_ANALYZER_NUMBER_OBJECT_CONVERSION = YES_AGGRESSIVE;
				CLANG_CXX_LANGUAGE_STANDARD = "gnu++20";
				CLANG_ENABLE_MODULES = YES;
				CLANG_ENABLE_OBJC_ARC = YES;
				CLANG_ENABLE_OBJC_WEAK = YES;
				CLANG_WARN_BLOCK_CAPTURE_AUTORELEASING = YES;
				CLANG_WARN_BOOL_CONVERSION = YES;
				CLANG_WARN_COMMA = YES;
				CLANG_WARN_CONSTANT_CONVERSION = YES;
				CLANG_WARN_DEPRECATED_OBJC_IMPLEMENTATIONS = YES;
				CLANG_WARN_DIRECT_OBJC_ISA_USAGE = YES_ERROR;
				CLANG_WARN_DOCUMENTATION_COMMENTS = YES;
				CLANG_WARN_EMPTY_BODY = YES;
				CLANG_WARN_ENUM_CONVERSION = YES;
				CLANG_WARN_INFINITE_RECURSION = YES;
				CLANG_WARN_INT_CONVERSION = YES;
				CLANG_WARN_NON_LITERAL_NULL_CONVERSION = YES;
				CLANG_WARN_OBJC_IMPLICIT_RETAIN_SELF = YES;
				CLANG_WARN_OBJC_LITERAL_CONVERSION = YES;
				CLANG_WARN_OBJC_ROOT_CLASS = YES_ERROR;
				CLANG_WARN_QUOTED_INCLUDE_IN_FRAMEWORK_HEADER = YES;
				CLANG_WARN_RANGE_LOOP_ANALYSIS = YES;
				CLANG_WARN_STRICT_PROTOTYPES = YES;
				CLANG_WARN_SUSPICIOUS_MOVE = YES;
				CLANG_WARN_UNGUARDED_AVAILABILITY = YES_AGGRESSIVE;
				CLANG_WARN_UNREACHABLE_CODE = YES;
				CLANG_WARN__DUPLICATE_METHOD_MATCH = YES;
				COPY_PHASE_STRIP = NO;
				DEBUG_INFORMATION_FORMAT = "dwarf-with-dsym";
				ENABLE_NS_ASSERTIONS = NO;
				ENABLE_STRICT_OBJC_MSGSEND = YES;
				ENABLE_USER_SCRIPT_SANDBOXING = YES;
				GCC_C_LANGUAGE_STANDARD = gnu17;
				GCC_NO_COMMON_BLOCKS = YES;
				GCC_WARN_64_TO_32_BIT_CONVERSION = YES;
				GCC_WARN_ABOUT_RETURN_TYPE = YES_ERROR;
				GCC_WARN_UNDECLARED_SELECTOR = YES;
				GCC_WARN_UNINITIALIZED_AUTOS = YES_AGGRESSIVE;
				GCC_WARN_UNUSED_FUNCTION = YES;
				GCC_WARN_UNUSED_VARIABLE = YES;
				LOCALIZATION_PREFERS_STRING_CATALOGS = YES;
				MACOSX_DEPLOYMENT_TARGET = 14.7;
				MTL_ENABLE_DEBUG_INFO = NO;
				MTL_FAST_MATH = YES;
				SDKROOT = macosx;
				SWIFT_COMPILATION_MODE = wholemodule;
			};
			name = Release;
		};
		FA868A422D8739F900B7176F /* Debug */ = {
			isa = XCBuildConfiguration;
			buildSettings = {
				ASSETCATALOG_COMPILER_APPICON_NAME = AppIcon;
				ASSETCATALOG_COMPILER_GLOBAL_ACCENT_COLOR_NAME = AccentColor;
				ASSETCATALOG_COMPILER_INCLUDE_ALL_APPICON_ASSETS = YES;
				CODE_SIGN_ENTITLEMENTS = QLFAUST/QLFAUST.entitlements;
				CODE_SIGN_IDENTITY = "Apple Development";
				CODE_SIGN_STYLE = Automatic;
				COMBINE_HIDPI_IMAGES = YES;
				CURRENT_PROJECT_VERSION = 1;
				DEVELOPMENT_ASSET_PATHS = "\"QLFAUST/Preview Content\"";
				DEVELOPMENT_TEAM = 85478UQJJR;
				ENABLE_HARDENED_RUNTIME = YES;
				ENABLE_PREVIEWS = YES;
				GENERATE_INFOPLIST_FILE = YES;
				INFOPLIST_FILE = QLFAUST/Info.plist;
				INFOPLIST_KEY_LSApplicationCategoryType = "public.app-category.developer-tools";
				INFOPLIST_KEY_NSHumanReadableCopyright = "";
				LD_RUNPATH_SEARCH_PATHS = (
					"$(inherited)",
					"@executable_path/../Frameworks",
				);
				LIBRARY_SEARCH_PATHS = (
					"$(inherited)",
					"$(PROJECT_DIR)/Faust-2.75.7/lib",
				);
				MACOSX_DEPLOYMENT_TARGET = 12.4;
				MARKETING_VERSION = 0.0.5;
				PRODUCT_BUNDLE_IDENTIFIER = com.alexnadzharov.QLFAUST;
				PRODUCT_NAME = "$(TARGET_NAME)";
				PROVISIONING_PROFILE_SPECIFIER = "";
				SWIFT_EMIT_LOC_STRINGS = YES;
				SWIFT_OBJC_BRIDGING_HEADER = BridgingHeader.h;
				SWIFT_VERSION = 5.0;
			};
			name = Debug;
		};
		FA868A432D8739F900B7176F /* Release */ = {
			isa = XCBuildConfiguration;
			buildSettings = {
				ASSETCATALOG_COMPILER_APPICON_NAME = AppIcon;
				ASSETCATALOG_COMPILER_GLOBAL_ACCENT_COLOR_NAME = AccentColor;
				ASSETCATALOG_COMPILER_INCLUDE_ALL_APPICON_ASSETS = YES;
				CODE_SIGN_ENTITLEMENTS = QLFAUST/QLFAUST.entitlements;
				CODE_SIGN_IDENTITY = "Apple Development";
				CODE_SIGN_STYLE = Automatic;
				COMBINE_HIDPI_IMAGES = YES;
				CURRENT_PROJECT_VERSION = 1;
				DEVELOPMENT_ASSET_PATHS = "\"QLFAUST/Preview Content\"";
				DEVELOPMENT_TEAM = 85478UQJJR;
				ENABLE_HARDENED_RUNTIME = YES;
				ENABLE_PREVIEWS = YES;
				GENERATE_INFOPLIST_FILE = YES;
				INFOPLIST_FILE = QLFAUST/Info.plist;
				INFOPLIST_KEY_LSApplicationCategoryType = "public.app-category.developer-tools";
				INFOPLIST_KEY_NSHumanReadableCopyright = "";
				LD_RUNPATH_SEARCH_PATHS = (
					"$(inherited)",
					"@executable_path/../Frameworks",
				);
				LIBRARY_SEARCH_PATHS = (
					"$(inherited)",
					"$(PROJECT_DIR)/Faust-2.75.7/lib",
				);
				MACOSX_DEPLOYMENT_TARGET = 12.4;
				MARKETING_VERSION = 0.0.5;
				PRODUCT_BUNDLE_IDENTIFIER = com.alexnadzharov.QLFAUST;
				PRODUCT_NAME = "$(TARGET_NAME)";
				PROVISIONING_PROFILE_SPECIFIER = "";
				SWIFT_EMIT_LOC_STRINGS = YES;
				SWIFT_OBJC_BRIDGING_HEADER = BridgingHeader.h;
				SWIFT_VERSION = 5.0;
			};
			name = Release;
		};
		FA868A452D8739F900B7176F /* Debug */ = {
			isa = XCBuildConfiguration;
			buildSettings = {
				BUNDLE_LOADER = "$(TEST_HOST)";
				CODE_SIGN_STYLE = Automatic;
				CURRENT_PROJECT_VERSION = 1;
				DEVELOPMENT_TEAM = 85478UQJJR;
				GENERATE_INFOPLIST_FILE = YES;
				MACOSX_DEPLOYMENT_TARGET = 14.7;
				MARKETING_VERSION = 1.0;
				PRODUCT_BUNDLE_IDENTIFIER = "com.alexnadzharov.faust-quick-look.FAUSTQuickLookHostTests";
				PRODUCT_NAME = "$(TARGET_NAME)";
				SWIFT_EMIT_LOC_STRINGS = NO;
				SWIFT_VERSION = 5.0;
				TEST_HOST = "$(BUILT_PRODUCTS_DIR)/QLFAUST.app/$(BUNDLE_EXECUTABLE_FOLDER_PATH)/QLFAUST";
			};
			name = Debug;
		};
		FA868A462D8739F900B7176F /* Release */ = {
			isa = XCBuildConfiguration;
			buildSettings = {
				BUNDLE_LOADER = "$(TEST_HOST)";
				CODE_SIGN_STYLE = Automatic;
				CURRENT_PROJECT_VERSION = 1;
				DEVELOPMENT_TEAM = 85478UQJJR;
				GENERATE_INFOPLIST_FILE = YES;
				MACOSX_DEPLOYMENT_TARGET = 14.7;
				MARKETING_VERSION = 1.0;
				PRODUCT_BUNDLE_IDENTIFIER = "com.alexnadzharov.faust-quick-look.FAUSTQuickLookHostTests";
				PRODUCT_NAME = "$(TARGET_NAME)";
				SWIFT_EMIT_LOC_STRINGS = NO;
				SWIFT_VERSION = 5.0;
				TEST_HOST = "$(BUILT_PRODUCTS_DIR)/QLFAUST.app/$(BUNDLE_EXECUTABLE_FOLDER_PATH)/QLFAUST";
			};
			name = Release;
		};
		FA868A482D8739F900B7176F /* Debug */ = {
			isa = XCBuildConfiguration;
			buildSettings = {
				CODE_SIGN_STYLE = Automatic;
				CURRENT_PROJECT_VERSION = 1;
				DEVELOPMENT_TEAM = 85478UQJJR;
				GENERATE_INFOPLIST_FILE = YES;
				LIBRARY_SEARCH_PATHS = (
					"$(inherited)",
					"$(PROJECT_DIR)/Faust-2.75.7/lib",
				);
				MARKETING_VERSION = 1.0;
				PRODUCT_BUNDLE_IDENTIFIER = com.alexnadzharov.QLFAUST.HostUITests;
				PRODUCT_NAME = "$(TARGET_NAME)";
				SWIFT_EMIT_LOC_STRINGS = NO;
				SWIFT_OBJC_BRIDGING_HEADER = BridgingHeader.h;
				SWIFT_VERSION = 5.0;
				TEST_TARGET_NAME = FAUSTQuickLookHost;
			};
			name = Debug;
		};
		FA868A492D8739F900B7176F /* Release */ = {
			isa = XCBuildConfiguration;
			buildSettings = {
				CODE_SIGN_STYLE = Automatic;
				CURRENT_PROJECT_VERSION = 1;
				DEVELOPMENT_TEAM = 85478UQJJR;
				GENERATE_INFOPLIST_FILE = YES;
				LIBRARY_SEARCH_PATHS = (
					"$(inherited)",
					"$(PROJECT_DIR)/Faust-2.75.7/lib",
				);
				MARKETING_VERSION = 1.0;
				PRODUCT_BUNDLE_IDENTIFIER = com.alexnadzharov.QLFAUST.HostUITests;
				PRODUCT_NAME = "$(TARGET_NAME)";
				SWIFT_EMIT_LOC_STRINGS = NO;
				SWIFT_OBJC_BRIDGING_HEADER = BridgingHeader.h;
				SWIFT_VERSION = 5.0;
				TEST_TARGET_NAME = FAUSTQuickLookHost;
			};
			name = Release;
		};
		FA868A612D873A1000B7176F /* Debug */ = {
			isa = XCBuildConfiguration;
			buildSettings = {
				CODE_SIGN_ENTITLEMENTS = QLFAUSTExtension/QLFAUSTExtension.entitlements;
				CODE_SIGN_IDENTITY = "Apple Development";
				CODE_SIGN_STYLE = Automatic;
				CURRENT_PROJECT_VERSION = 1;
				DEFINES_MODULE = YES;
				DEVELOPMENT_TEAM = 85478UQJJR;
				ENABLE_HARDENED_RUNTIME = YES;
				GENERATE_INFOPLIST_FILE = YES;
				INFOPLIST_FILE = QLFAUSTExtension/Info.plist;
				INFOPLIST_KEY_CFBundleDisplayName = QLFAUST;
				INFOPLIST_KEY_NSHumanReadableCopyright = "";
				LD_RUNPATH_SEARCH_PATHS = (
					"$(inherited)",
					"@executable_path/../Frameworks",
					"@executable_path/../../../../Frameworks",
				);
				LIBRARY_SEARCH_PATHS = (
					"$(inherited)",
					"$(PROJECT_DIR)/Faust-2.79.3/lib",
				);
				MACOSX_DEPLOYMENT_TARGET = 12.4;
				MARKETING_VERSION = 0.0.5;
				PRODUCT_BUNDLE_IDENTIFIER = com.alexnadzharov.QLFAUST.Extension;
				PRODUCT_NAME = "$(TARGET_NAME)";
				PROVISIONING_PROFILE_SPECIFIER = "";
				SKIP_INSTALL = YES;
				SWIFT_EMIT_LOC_STRINGS = YES;
				SWIFT_OBJC_BRIDGING_HEADER = BridgingHeader.h;
				SWIFT_VERSION = 5.0;
			};
			name = Debug;
		};
		FA868A622D873A1000B7176F /* Release */ = {
			isa = XCBuildConfiguration;
			buildSettings = {
				CODE_SIGN_ENTITLEMENTS = QLFAUSTExtension/QLFAUSTExtension.entitlements;
				CODE_SIGN_IDENTITY = "Apple Development";
				CODE_SIGN_STYLE = Automatic;
				CURRENT_PROJECT_VERSION = 1;
				DEFINES_MODULE = YES;
				DEVELOPMENT_TEAM = 85478UQJJR;
				ENABLE_HARDENED_RUNTIME = YES;
				GENERATE_INFOPLIST_FILE = YES;
				INFOPLIST_FILE = QLFAUSTExtension/Info.plist;
				INFOPLIST_KEY_CFBundleDisplayName = QLFAUST;
				INFOPLIST_KEY_NSHumanReadableCopyright = "";
				LD_RUNPATH_SEARCH_PATHS = (
					"$(inherited)",
					"@executable_path/../Frameworks",
					"@executable_path/../../../../Frameworks",
				);
				LIBRARY_SEARCH_PATHS = (
					"$(inherited)",
					"$(PROJECT_DIR)/Faust-2.79.3/lib",
				);
				MACOSX_DEPLOYMENT_TARGET = 12.4;
				MARKETING_VERSION = 0.0.5;
				PRODUCT_BUNDLE_IDENTIFIER = com.alexnadzharov.QLFAUST.Extension;
				PRODUCT_NAME = "$(TARGET_NAME)";
				PROVISIONING_PROFILE_SPECIFIER = "";
				SKIP_INSTALL = YES;
				SWIFT_EMIT_LOC_STRINGS = YES;
				SWIFT_OBJC_BRIDGING_HEADER = BridgingHeader.h;
				SWIFT_VERSION = 5.0;
			};
			name = Release;
		};
		FAA367282D90B2AE008F9FDD /* Debug */ = {
			isa = XCBuildConfiguration;
			buildSettings = {
				CODE_SIGN_STYLE = Automatic;
				DEVELOPMENT_TEAM = 85478UQJJR;
				EXECUTABLE_PREFIX = lib;
				HEADER_SEARCH_PATHS = "Faust-2.79.3/include";
				LIBRARY_SEARCH_PATHS = (
					"$(inherited)",
					"$(PROJECT_DIR)/Faust-2.75.7/lib",
					"$(PROJECT_DIR)/Faust-2.79.3-x64/lib",
					"$(PROJECT_DIR)/Faust-2.79.3-arm64/lib",
					"$(PROJECT_DIR)/Faust-2.79.3/lib",
				);
				PRODUCT_NAME = "$(TARGET_NAME)";
				SKIP_INSTALL = YES;
				SUPPORTED_PLATFORMS = macosx;
				SUPPORTS_MACCATALYST = NO;
			};
			name = Debug;
		};
		FAA367292D90B2AE008F9FDD /* Release */ = {
			isa = XCBuildConfiguration;
			buildSettings = {
				CODE_SIGN_STYLE = Automatic;
				DEVELOPMENT_TEAM = 85478UQJJR;
				EXECUTABLE_PREFIX = lib;
				HEADER_SEARCH_PATHS = "Faust-2.79.3/include";
				LIBRARY_SEARCH_PATHS = (
					"$(inherited)",
					"$(PROJECT_DIR)/Faust-2.75.7/lib",
					"$(PROJECT_DIR)/Faust-2.79.3-x64/lib",
					"$(PROJECT_DIR)/Faust-2.79.3-arm64/lib",
					"$(PROJECT_DIR)/Faust-2.79.3/lib",
				);
				PRODUCT_NAME = "$(TARGET_NAME)";
				SKIP_INSTALL = YES;
				SUPPORTED_PLATFORMS = macosx;
				SUPPORTS_MACCATALYST = NO;
			};
			name = Release;
		};
		FAE763F42D94B30600470645 /* Debug */ = {
			isa = XCBuildConfiguration;
			buildSettings = {
				ASSETCATALOG_COMPILER_APPICON_NAME = AppIcon;
				ASSETCATALOG_COMPILER_GLOBAL_ACCENT_COLOR_NAME = AccentColor;
				CODE_SIGN_ENTITLEMENTS = FAUSTViewer/FAUSTViewer.entitlements;
				CODE_SIGN_STYLE = Automatic;
				COMBINE_HIDPI_IMAGES = YES;
				CURRENT_PROJECT_VERSION = 1;
				DEVELOPMENT_ASSET_PATHS = "\"FAUSTViewer/Preview Content\"";
				DEVELOPMENT_TEAM = 85478UQJJR;
				ENABLE_HARDENED_RUNTIME = YES;
				ENABLE_PREVIEWS = YES;
				GENERATE_INFOPLIST_FILE = YES;
				INFOPLIST_FILE = FAUSTViewer/Info.plist;
				INFOPLIST_KEY_NSHumanReadableCopyright = "";
				LD_RUNPATH_SEARCH_PATHS = (
					"$(inherited)",
					"@executable_path/../Frameworks",
				);
				LIBRARY_SEARCH_PATHS = (
					"$(inherited)",
					"$(PROJECT_DIR)/Faust-2.79.3/lib",
				);
				MACOSX_DEPLOYMENT_TARGET = 12.4;
				MARKETING_VERSION = 0.0.5;
				PRODUCT_BUNDLE_IDENTIFIER = com.alexnadzharov.FAUSTViewer;
				PRODUCT_NAME = "$(TARGET_NAME)";
				SWIFT_EMIT_LOC_STRINGS = YES;
				SWIFT_OBJC_BRIDGING_HEADER = BridgingHeader.h;
				SWIFT_VERSION = 5.0;
			};
			name = Debug;
		};
		FAE763F52D94B30600470645 /* Release */ = {
			isa = XCBuildConfiguration;
			buildSettings = {
				ASSETCATALOG_COMPILER_APPICON_NAME = AppIcon;
				ASSETCATALOG_COMPILER_GLOBAL_ACCENT_COLOR_NAME = AccentColor;
				CODE_SIGN_ENTITLEMENTS = FAUSTViewer/FAUSTViewer.entitlements;
				CODE_SIGN_STYLE = Automatic;
				COMBINE_HIDPI_IMAGES = YES;
				CURRENT_PROJECT_VERSION = 1;
				DEVELOPMENT_ASSET_PATHS = "\"FAUSTViewer/Preview Content\"";
				DEVELOPMENT_TEAM = 85478UQJJR;
				ENABLE_HARDENED_RUNTIME = YES;
				ENABLE_PREVIEWS = YES;
				GENERATE_INFOPLIST_FILE = YES;
				INFOPLIST_FILE = FAUSTViewer/Info.plist;
				INFOPLIST_KEY_NSHumanReadableCopyright = "";
				LD_RUNPATH_SEARCH_PATHS = (
					"$(inherited)",
					"@executable_path/../Frameworks",
				);
				LIBRARY_SEARCH_PATHS = (
					"$(inherited)",
					"$(PROJECT_DIR)/Faust-2.79.3/lib",
				);
				MACOSX_DEPLOYMENT_TARGET = 12.4;
				MARKETING_VERSION = 0.0.5;
				PRODUCT_BUNDLE_IDENTIFIER = com.alexnadzharov.FAUSTViewer;
				PRODUCT_NAME = "$(TARGET_NAME)";
				SWIFT_EMIT_LOC_STRINGS = YES;
				SWIFT_OBJC_BRIDGING_HEADER = BridgingHeader.h;
				SWIFT_VERSION = 5.0;
			};
			name = Release;
		};
/* End XCBuildConfiguration section */

/* Begin XCConfigurationList section */
		FA868A172D8739F800B7176F /* Build configuration list for PBXProject "QLFAUST" */ = {
			isa = XCConfigurationList;
			buildConfigurations = (
				FA868A3F2D8739F900B7176F /* Debug */,
				FA868A402D8739F900B7176F /* Release */,
			);
			defaultConfigurationIsVisible = 0;
			defaultConfigurationName = Release;
		};
		FA868A412D8739F900B7176F /* Build configuration list for PBXNativeTarget "QLFAUST" */ = {
			isa = XCConfigurationList;
			buildConfigurations = (
				FA868A422D8739F900B7176F /* Debug */,
				FA868A432D8739F900B7176F /* Release */,
			);
			defaultConfigurationIsVisible = 0;
			defaultConfigurationName = Release;
		};
		FA868A442D8739F900B7176F /* Build configuration list for PBXNativeTarget "QLFAUSTTests" */ = {
			isa = XCConfigurationList;
			buildConfigurations = (
				FA868A452D8739F900B7176F /* Debug */,
				FA868A462D8739F900B7176F /* Release */,
			);
			defaultConfigurationIsVisible = 0;
			defaultConfigurationName = Release;
		};
		FA868A472D8739F900B7176F /* Build configuration list for PBXNativeTarget "QLFAUSTUITests" */ = {
			isa = XCConfigurationList;
			buildConfigurations = (
				FA868A482D8739F900B7176F /* Debug */,
				FA868A492D8739F900B7176F /* Release */,
			);
			defaultConfigurationIsVisible = 0;
			defaultConfigurationName = Release;
		};
		FA868A602D873A1000B7176F /* Build configuration list for PBXNativeTarget "QLFAUSTExtension" */ = {
			isa = XCConfigurationList;
			buildConfigurations = (
				FA868A612D873A1000B7176F /* Debug */,
				FA868A622D873A1000B7176F /* Release */,
			);
			defaultConfigurationIsVisible = 0;
			defaultConfigurationName = Release;
		};
		FAA3672A2D90B2AE008F9FDD /* Build configuration list for PBXNativeTarget "FaustBridge" */ = {
			isa = XCConfigurationList;
			buildConfigurations = (
				FAA367282D90B2AE008F9FDD /* Debug */,
				FAA367292D90B2AE008F9FDD /* Release */,
			);
			defaultConfigurationIsVisible = 0;
			defaultConfigurationName = Release;
		};
		FAE763F72D94B30600470645 /* Build configuration list for PBXNativeTarget "FAUSTViewer" */ = {
			isa = XCConfigurationList;
			buildConfigurations = (
				FAE763F42D94B30600470645 /* Debug */,
				FAE763F52D94B30600470645 /* Release */,
			);
			defaultConfigurationIsVisible = 0;
			defaultConfigurationName = Release;
		};
/* End XCConfigurationList section */

/* Begin XCLocalSwiftPackageReference section */
		FA9FB77C2D91BD5200DAEEF4 /* XCLocalSwiftPackageReference "local_modules/QLFAUST_UI" */ = {
			isa = XCLocalSwiftPackageReference;
			relativePath = local_modules/QLFAUST_UI;
		};
/* End XCLocalSwiftPackageReference section */

/* Begin XCRemoteSwiftPackageReference section */
		FA9FB77B2D91BD0A00DAEEF4 /* XCRemoteSwiftPackageReference "FaustSwiftUI" */ = {
			isa = XCRemoteSwiftPackageReference;
			repositoryURL = "https://github.com/njazz/FaustSwiftUI";
			requirement = {
				branch = dev;
				kind = branch;
			};
		};
/* End XCRemoteSwiftPackageReference section */

/* Begin XCSwiftPackageProductDependency section */
		FA3BEEDF2D91C27400E77A67 /* QLFAUST_UI */ = {
			isa = XCSwiftPackageProductDependency;
			package = FA9FB77C2D91BD5200DAEEF4 /* XCLocalSwiftPackageReference "local_modules/QLFAUST_UI" */;
			productName = QLFAUST_UI;
		};
		FA9FB77D2D91BD9600DAEEF4 /* FaustSwiftUI */ = {
			isa = XCSwiftPackageProductDependency;
			package = FA9FB77B2D91BD0A00DAEEF4 /* XCRemoteSwiftPackageReference "FaustSwiftUI" */;
			productName = FaustSwiftUI;
		};
		FAE763F82D94B34C00470645 /* QLFAUST_UI */ = {
			isa = XCSwiftPackageProductDependency;
			package = FA9FB77C2D91BD5200DAEEF4 /* XCLocalSwiftPackageReference "local_modules/QLFAUST_UI" */;
			productName = QLFAUST_UI;
		};
		FAE763FE2D94B3BD00470645 /* FaustSwiftUI */ = {
			isa = XCSwiftPackageProductDependency;
			package = FA9FB77B2D91BD0A00DAEEF4 /* XCRemoteSwiftPackageReference "FaustSwiftUI" */;
			productName = FaustSwiftUI;
		};
/* End XCSwiftPackageProductDependency section */
	};
	rootObject = FA868A142D8739F800B7176F /* Project object */;
}
