// !$*UTF8*$!
{
	archiveVersion = 1;
	classes = {
	};
	objectVersion = 77;
	objects = {

/* Begin PBXBuildFile section */
		FA175EB62D9FCB730044A6B6 /* libfaustwithllvm.a in Frameworks */ = {isa = PBXBuildFile; fileRef = FA175EB52D9FCB730044A6B6 /* libfaustwithllvm.a */; };
		FA175EB72D9FCB730044A6B6 /* libfaustwithllvm.a in Frameworks */ = {isa = PBXBuildFile; fileRef = FA175EB52D9FCB730044A6B6 /* libfaustwithllvm.a */; };
		FA175EB82D9FCB730044A6B6 /* libfaustwithllvm.a in Frameworks */ = {isa = PBXBuildFile; fileRef = FA175EB52D9FCB730044A6B6 /* libfaustwithllvm.a */; };
		FA3BEEE02D91C27400E77A67 /* QLFAUST_UI in Frameworks */ = {isa = PBXBuildFile; productRef = FA3BEEDF2D91C27400E77A67 /* QLFAUST_UI */; };
		FA868A512D873A1000B7176F /* Quartz.framework in Frameworks */ = {isa = PBXBuildFile; fileRef = FA868A502D873A1000B7176F /* Quartz.framework */; };
		FA8DEB282D9B04F400DF4E86 /* faustlibraries in Resources */ = {isa = PBXBuildFile; fileRef = FA8DEB272D9B04EE00DF4E86 /* faustlibraries */; };
		FA8DEB292D9B089A00DF4E86 /* faustlibraries in Resources */ = {isa = PBXBuildFile; fileRef = FA8DEB272D9B04EE00DF4E86 /* faustlibraries */; };
		FA9FB7442D91B37E00DAEEF4 /* libFaustBridge.a in Frameworks */ = {isa = PBXBuildFile; fileRef = FAA367272D90B2AE008F9FDD /* libFaustBridge.a */; };
		FA9FB77E2D91BD9600DAEEF4 /* FaustSwiftUI in Frameworks */ = {isa = PBXBuildFile; productRef = FA9FB77D2D91BD9600DAEEF4 /* FaustSwiftUI */; };
		FAA367302D90B2D3008F9FDD /* FaustBridge.h in Headers */ = {isa = PBXBuildFile; fileRef = FAA3672B2D90B2D3008F9FDD /* FaustBridge.h */; };
		FAA367332D90B2D3008F9FDD /* FaustBridge.mm in Sources */ = {isa = PBXBuildFile; fileRef = FAA3672C2D90B2D3008F9FDD /* FaustBridge.mm */; };
		FAD2BA3C2D921FE800E14323 /* libFaustBridge.a in Frameworks */ = {isa = PBXBuildFile; fileRef = FAA367272D90B2AE008F9FDD /* libFaustBridge.a */; };
		FAE763F92D94B34C00470645 /* QLFAUST_UI in Frameworks */ = {isa = PBXBuildFile; productRef = FAE763F82D94B34C00470645 /* QLFAUST_UI */; };
		FAE763FA2D94B35700470645 /* libFaustBridge.a in Frameworks */ = {isa = PBXBuildFile; fileRef = FAA367272D90B2AE008F9FDD /* libFaustBridge.a */; };
		FAE763FF2D94B3BD00470645 /* FaustSwiftUI in Frameworks */ = {isa = PBXBuildFile; productRef = FAE763FE2D94B3BD00470645 /* FaustSwiftUI */; };
		FAF395602D9041AF00F7F2D4 /* QLFAUSTExtension.appex in Embed Foundation Extensions */ = {isa = PBXBuildFile; fileRef = FA868A4E2D873A1000B7176F /* QLFAUSTExtension.appex */; settings = {ATTRIBUTES = (RemoveHeadersOnCopy, ); }; };
/* End PBXBuildFile section */

/* Begin PBXContainerItemProxy section */
		FA175EB32D9FCA4B0044A6B6 /* PBXContainerItemProxy */ = {
			isa = PBXContainerItemProxy;
			containerPortal = FA175EAE2D9FCA3F0044A6B6 /* libFAUSTWithLLVMDownloader.xcodeproj */;
			proxyType = 1;
			remoteGlobalIDString = 4A44542562C34A83AC70CE05;
			remoteInfo = ALL_BUILD;
		};
		FA868A2E2D8739F900B7176F /* PBXContainerItemProxy */ = {
			isa = PBXContainerItemProxy;
			containerPortal = FA868A142D8739F800B7176F /* Project object */;
			proxyType = 1;
			remoteGlobalIDString = FA868A1B2D8739F800B7176F;
			remoteInfo = FAUSTQuickLookHost;
		};
		FA868A382D8739F900B7176F /* PBXContainerItemProxy */ = {
			isa = PBXContainerItemProxy;
			containerPortal = FA868A142D8739F800B7176F /* Project object */;
			proxyType = 1;
			remoteGlobalIDString = FA868A1B2D8739F800B7176F;
			remoteInfo = FAUSTQuickLookHost;
		};
		FAA3689C2D90BF24008F9FDD /* PBXContainerItemProxy */ = {
			isa = PBXContainerItemProxy;
			containerPortal = FA868A142D8739F800B7176F /* Project object */;
			proxyType = 1;
			remoteGlobalIDString = FAA367262D90B2AE008F9FDD;
			remoteInfo = FaustBridge;
		};
		FAF395612D9041AF00F7F2D4 /* PBXContainerItemProxy */ = {
			isa = PBXContainerItemProxy;
			containerPortal = FA868A142D8739F800B7176F /* Project object */;
			proxyType = 1;
			remoteGlobalIDString = FA868A4D2D873A1000B7176F;
			remoteInfo = QLFAUSTExtension;
		};
		FAF395642D9041B400F7F2D4 /* PBXContainerItemProxy */ = {
			isa = PBXContainerItemProxy;
			containerPortal = FA868A142D8739F800B7176F /* Project object */;
			proxyType = 1;
			remoteGlobalIDString = FA868A4D2D873A1000B7176F;
			remoteInfo = QLFAUSTExtension;
		};
		FAF395662D9041BE00F7F2D4 /* PBXContainerItemProxy */ = {
			isa = PBXContainerItemProxy;
			containerPortal = FA868A142D8739F800B7176F /* Project object */;
			proxyType = 1;
			remoteGlobalIDString = FA868A4D2D873A1000B7176F;
			remoteInfo = QLFAUSTExtension;
		};
/* End PBXContainerItemProxy section */

/* Begin PBXCopyFilesBuildPhase section */
		FAF395632D9041AF00F7F2D4 /* Embed Foundation Extensions */ = {
			isa = PBXCopyFilesBuildPhase;
			buildActionMask = 2147483647;
			dstPath = "";
			dstSubfolderSpec = 13;
			files = (
				FAF395602D9041AF00F7F2D4 /* QLFAUSTExtension.appex in Embed Foundation Extensions */,
			);
			name = "Embed Foundation Extensions";
			runOnlyForDeploymentPostprocessing = 0;
		};
/* End PBXCopyFilesBuildPhase section */

/* Begin PBXFileReference section */
		FA175EAE2D9FCA3F0044A6B6 /* libFAUSTWithLLVMDownloader.xcodeproj */ = {isa = PBXFileReference; lastKnownFileType = "wrapper.pb-project"; name = libFAUSTWithLLVMDownloader.xcodeproj; path = ImportLibrary/Xcode/libFAUSTWithLLVMDownloader.xcodeproj; sourceTree = "<group>"; };
		FA175EB52D9FCB730044A6B6 /* libfaustwithllvm.a */ = {isa = PBXFileReference; lastKnownFileType = archive.ar; name = libfaustwithllvm.a; path = "ImportLibrary/Faust-2.79.3/lib/libfaustwithllvm.a"; sourceTree = "<group>"; };
		FA20867A2D9226EB00A0CC4C /* README.md */ = {isa = PBXFileReference; lastKnownFileType = net.daringfireball.markdown; path = README.md; sourceTree = "<group>"; };
		FA3F31EB2D90D87F009D7DAA /* BridgingHeader.h */ = {isa = PBXFileReference; lastKnownFileType = sourcecode.c.h; path = BridgingHeader.h; sourceTree = "<group>"; };
		FA868A1C2D8739F800B7176F /* QLFAUST.app */ = {isa = PBXFileReference; explicitFileType = wrapper.application; includeInIndex = 0; path = QLFAUST.app; sourceTree = BUILT_PRODUCTS_DIR; };
		FA868A2D2D8739F900B7176F /* QLFAUSTTests.xctest */ = {isa = PBXFileReference; explicitFileType = wrapper.cfbundle; includeInIndex = 0; path = QLFAUSTTests.xctest; sourceTree = BUILT_PRODUCTS_DIR; };
		FA868A372D8739F900B7176F /* QLFAUSTUITests.xctest */ = {isa = PBXFileReference; explicitFileType = wrapper.cfbundle; includeInIndex = 0; path = QLFAUSTUITests.xctest; sourceTree = BUILT_PRODUCTS_DIR; };
		FA868A4E2D873A1000B7176F /* QLFAUSTExtension.appex */ = {isa = PBXFileReference; explicitFileType = "wrapper.app-extension"; includeInIndex = 0; path = QLFAUSTExtension.appex; sourceTree = BUILT_PRODUCTS_DIR; };
		FA868A502D873A1000B7176F /* Quartz.framework */ = {isa = PBXFileReference; lastKnownFileType = wrapper.framework; name = Quartz.framework; path = System/Library/Frameworks/Quartz.framework; sourceTree = SDKROOT; };
		FA8DEB272D9B04EE00DF4E86 /* faustlibraries */ = {isa = PBXFileReference; lastKnownFileType = folder; path = faustlibraries; sourceTree = "<group>"; };
		FAA367272D90B2AE008F9FDD /* libFaustBridge.a */ = {isa = PBXFileReference; explicitFileType = archive.ar; includeInIndex = 0; path = libFaustBridge.a; sourceTree = BUILT_PRODUCTS_DIR; };
		FAA3672B2D90B2D3008F9FDD /* FaustBridge.h */ = {isa = PBXFileReference; lastKnownFileType = sourcecode.c.h; path = FaustBridge.h; sourceTree = "<group>"; };
		FAA3672C2D90B2D3008F9FDD /* FaustBridge.mm */ = {isa = PBXFileReference; lastKnownFileType = sourcecode.cpp.objcpp; path = FaustBridge.mm; sourceTree = "<group>"; };
		FAE763E52D94B30500470645 /* FAUSTViewer.app */ = {isa = PBXFileReference; explicitFileType = wrapper.application; includeInIndex = 0; path = FAUSTViewer.app; sourceTree = BUILT_PRODUCTS_DIR; };
/* End PBXFileReference section */

/* Begin PBXFileSystemSynchronizedBuildFileExceptionSet section */
		FA7D4C372D9580E600A8BF2D /* Exceptions for "QLFAUST" folder in "FAUSTViewer" target */ = {
			isa = PBXFileSystemSynchronizedBuildFileExceptionSet;
			membershipExceptions = (
				Assets.xcassets,
			);
			target = FAE763E42D94B30500470645 /* FAUSTViewer */;
		};
		FA868A5F2D873A1000B7176F /* Exceptions for "QLFAUSTExtension" folder in "QLFAUSTExtension" target */ = {
			isa = PBXFileSystemSynchronizedBuildFileExceptionSet;
			membershipExceptions = (
				Info.plist,
			);
			target = FA868A4D2D873A1000B7176F /* QLFAUSTExtension */;
		};
		FA868A652D873B3500B7176F /* Exceptions for "QLFAUST" folder in "QLFAUST" target */ = {
			isa = PBXFileSystemSynchronizedBuildFileExceptionSet;
			membershipExceptions = (
				Info.plist,
			);
			target = FA868A1B2D8739F800B7176F /* QLFAUST */;
		};
		FAE763F62D94B30600470645 /* Exceptions for "FAUSTViewer" folder in "FAUSTViewer" target */ = {
			isa = PBXFileSystemSynchronizedBuildFileExceptionSet;
			membershipExceptions = (
				Info.plist,
			);
			target = FAE763E42D94B30500470645 /* FAUSTViewer */;
		};
		FAE763FD2D94B39200470645 /* Exceptions for "QLFAUSTExtension" folder in "FAUSTViewer" target */ = {
			isa = PBXFileSystemSynchronizedBuildFileExceptionSet;
			membershipExceptions = (
				AudioEngine.swift,
				QLFAUSTView.swift,
			);
			target = FAE763E42D94B30500470645 /* FAUSTViewer */;
		};
/* End PBXFileSystemSynchronizedBuildFileExceptionSet section */

/* Begin PBXFileSystemSynchronizedRootGroup section */
		FA868A1E2D8739F800B7176F /* QLFAUST */ = {
			isa = PBXFileSystemSynchronizedRootGroup;
			exceptions = (
				FA7D4C372D9580E600A8BF2D /* Exceptions for "QLFAUST" folder in "FAUSTViewer" target */,
				FA868A652D873B3500B7176F /* Exceptions for "QLFAUST" folder in "QLFAUST" target */,
			);
			path = QLFAUST;
			sourceTree = "<group>";
		};
		FA868A522D873A1000B7176F /* QLFAUSTExtension */ = {
			isa = PBXFileSystemSynchronizedRootGroup;
			exceptions = (
				FAE763FD2D94B39200470645 /* Exceptions for "QLFAUSTExtension" folder in "FAUSTViewer" target */,
				FA868A5F2D873A1000B7176F /* Exceptions for "QLFAUSTExtension" folder in "QLFAUSTExtension" target */,
			);
			path = QLFAUSTExtension;
			sourceTree = "<group>";
		};
		FAE763E62D94B30500470645 /* FAUSTViewer */ = {
			isa = PBXFileSystemSynchronizedRootGroup;
			exceptions = (
				FAE763F62D94B30600470645 /* Exceptions for "FAUSTViewer" folder in "FAUSTViewer" target */,
			);
			path = FAUSTViewer;
			sourceTree = "<group>";
		};
/* End PBXFileSystemSynchronizedRootGroup section */

/* Begin PBXFrameworksBuildPhase section */
		FA868A192D8739F800B7176F /* Frameworks */ = {
			isa = PBXFrameworksBuildPhase;
			buildActionMask = 2147483647;
			files = (
				FA175EB62D9FCB730044A6B6 /* libfaustwithllvm.a in Frameworks */,
			);
			runOnlyForDeploymentPostprocessing = 0;
		};
		FA868A2A2D8739F900B7176F /* Frameworks */ = {
			isa = PBXFrameworksBuildPhase;
			buildActionMask = 2147483647;
			files = (
			);
			runOnlyForDeploymentPostprocessing = 0;
		};
		FA868A342D8739F900B7176F /* Frameworks */ = {
			isa = PBXFrameworksBuildPhase;
			buildActionMask = 2147483647;
			files = (
				FA9FB7442D91B37E00DAEEF4 /* libFaustBridge.a in Frameworks */,
			);
			runOnlyForDeploymentPostprocessing = 0;
		};
		FA868A4B2D873A1000B7176F /* Frameworks */ = {
			isa = PBXFrameworksBuildPhase;
			buildActionMask = 2147483647;
			files = (
				FAD2BA3C2D921FE800E14323 /* libFaustBridge.a in Frameworks */,
				FA868A512D873A1000B7176F /* Quartz.framework in Frameworks */,
				FA9FB77E2D91BD9600DAEEF4 /* FaustSwiftUI in Frameworks */,
				FA3BEEE02D91C27400E77A67 /* QLFAUST_UI in Frameworks */,
				FA175EB82D9FCB730044A6B6 /* libfaustwithllvm.a in Frameworks */,
			);
			runOnlyForDeploymentPostprocessing = 0;
		};
		FAA367252D90B2AE008F9FDD /* Frameworks */ = {
			isa = PBXFrameworksBuildPhase;
			buildActionMask = 2147483647;
			files = (
			);
			runOnlyForDeploymentPostprocessing = 0;
		};
		FAE763E22D94B30500470645 /* Frameworks */ = {
			isa = PBXFrameworksBuildPhase;
			buildActionMask = 2147483647;
			files = (
				FAE763FA2D94B35700470645 /* libFaustBridge.a in Frameworks */,
				FAE763F92D94B34C00470645 /* QLFAUST_UI in Frameworks */,
				FA175EB72D9FCB730044A6B6 /* libfaustwithllvm.a in Frameworks */,
				FAE763FF2D94B3BD00470645 /* FaustSwiftUI in Frameworks */,
			);
			runOnlyForDeploymentPostprocessing = 0;
		};
/* End PBXFrameworksBuildPhase section */

/* Begin PBXGroup section */
		FA175EAF2D9FCA3F0044A6B6 /* Products */ = {
			isa = PBXGroup;
			children = (
			);
			name = Products;
			sourceTree = "<group>";
		};
		FA868A132D8739F800B7176F = {
			isa = PBXGroup;
			children = (
				FA175EB52D9FCB730044A6B6 /* libfaustwithllvm.a */,
				FA175EAE2D9FCA3F0044A6B6 /* libFAUSTWithLLVMDownloader.xcodeproj */,
				FA20867A2D9226EB00A0CC4C /* README.md */,
				FA8DEB272D9B04EE00DF4E86 /* faustlibraries */,
				FA3F31EB2D90D87F009D7DAA /* BridgingHeader.h */,
				FAA3672F2D90B2D3008F9FDD /* FaustBridge */,
				FA868A1E2D8739F800B7176F /* QLFAUST */,
				FA868A522D873A1000B7176F /* QLFAUSTExtension */,
				FAE763E62D94B30500470645 /* FAUSTViewer */,
				FA868A4F2D873A1000B7176F /* Frameworks */,
				FA868A1D2D8739F800B7176F /* Products */,
			);
			sourceTree = "<group>";
		};
		FA868A1D2D8739F800B7176F /* Products */ = {
			isa = PBXGroup;
			children = (
				FA868A1C2D8739F800B7176F /* QLFAUST.app */,
				FA868A2D2D8739F900B7176F /* QLFAUSTTests.xctest */,
				FA868A372D8739F900B7176F /* QLFAUSTUITests.xctest */,
				FA868A4E2D873A1000B7176F /* QLFAUSTExtension.appex */,
				FAA367272D90B2AE008F9FDD /* libFaustBridge.a */,
				FAE763E52D94B30500470645 /* FAUSTViewer.app */,
			);
			name = Products;
			sourceTree = "<group>";
		};
		FA868A4F2D873A1000B7176F /* Frameworks */ = {
			isa = PBXGroup;
			children = (
				FA868A502D873A1000B7176F /* Quartz.framework */,
			);
			name = Frameworks;
			sourceTree = "<group>";
		};
		FAA3672F2D90B2D3008F9FDD /* FaustBridge */ = {
			isa = PBXGroup;
			children = (
				FAA3672B2D90B2D3008F9FDD /* FaustBridge.h */,
				FAA3672C2D90B2D3008F9FDD /* FaustBridge.mm */,
			);
			path = FaustBridge;
			sourceTree = "<group>";
		};
/* End PBXGroup section */

/* Begin PBXHeadersBuildPhase section */
		FAA367232D90B2AE008F9FDD /* Headers */ = {
			isa = PBXHeadersBuildPhase;
			buildActionMask = 2147483647;
			files = (
				FAA367302D90B2D3008F9FDD /* FaustBridge.h in Headers */,
			);
			runOnlyForDeploymentPostprocessing = 0;
		};
/* End PBXHeadersBuildPhase section */

/* Begin PBXNativeTarget section */
		FA868A1B2D8739F800B7176F /* QLFAUST */ = {
			isa = PBXNativeTarget;
			buildConfigurationList = FA868A412D8739F900B7176F /* Build configuration list for PBXNativeTarget "QLFAUST" */;
			buildPhases = (
				FA868A182D8739F800B7176F /* Sources */,
				FA868A192D8739F800B7176F /* Frameworks */,
				FA868A1A2D8739F800B7176F /* Resources */,
				FAF395632D9041AF00F7F2D4 /* Embed Foundation Extensions */,
			);
			buildRules = (
			);
			dependencies = (
				FAF395622D9041AF00F7F2D4 /* PBXTargetDependency */,
				FAF395652D9041B400F7F2D4 /* PBXTargetDependency */,
				FAF395672D9041BE00F7F2D4 /* PBXTargetDependency */,
			);
			fileSystemSynchronizedGroups = (
				FA868A1E2D8739F800B7176F /* QLFAUST */,
			);
			name = QLFAUST;
			packageProductDependencies = (
			);
			productName = FAUSTQuickLookHost;
			productReference = FA868A1C2D8739F800B7176F /* QLFAUST.app */;
			productType = "com.apple.product-type.application";
		};
		FA868A2C2D8739F900B7176F /* QLFAUSTTests */ = {
			isa = PBXNativeTarget;
			buildConfigurationList = FA868A442D8739F900B7176F /* Build configuration list for PBXNativeTarget "QLFAUSTTests" */;
			buildPhases = (
				FA868A292D8739F900B7176F /* Sources */,
				FA868A2A2D8739F900B7176F /* Frameworks */,
				FA868A2B2D8739F900B7176F /* Resources */,
			);
			buildRules = (
			);
			dependencies = (
				FA868A2F2D8739F900B7176F /* PBXTargetDependency */,
			);
			name = QLFAUSTTests;
			packageProductDependencies = (
			);
			productName = FAUSTQuickLookHostTests;
			productReference = FA868A2D2D8739F900B7176F /* QLFAUSTTests.xctest */;
			productType = "com.apple.product-type.bundle.unit-test";
		};
		FA868A362D8739F900B7176F /* QLFAUSTUITests */ = {
			isa = PBXNativeTarget;
			buildConfigurationList = FA868A472D8739F900B7176F /* Build configuration list for PBXNativeTarget "QLFAUSTUITests" */;
			buildPhases = (
				FA868A332D8739F900B7176F /* Sources */,
				FA868A342D8739F900B7176F /* Frameworks */,
				FA868A352D8739F900B7176F /* Resources */,
			);
			buildRules = (
			);
			dependencies = (
				FA868A392D8739F900B7176F /* PBXTargetDependency */,
			);
			name = QLFAUSTUITests;
			packageProductDependencies = (
			);
			productName = FAUSTQuickLookHostUITests;
			productReference = FA868A372D8739F900B7176F /* QLFAUSTUITests.xctest */;
			productType = "com.apple.product-type.bundle.ui-testing";
		};
		FA868A4D2D873A1000B7176F /* QLFAUSTExtension */ = {
			isa = PBXNativeTarget;
			buildConfigurationList = FA868A602D873A1000B7176F /* Build configuration list for PBXNativeTarget "QLFAUSTExtension" */;
			buildPhases = (
				FA868A4A2D873A1000B7176F /* Sources */,
				FA868A4B2D873A1000B7176F /* Frameworks */,
				FA868A4C2D873A1000B7176F /* Resources */,
			);
			buildRules = (
			);
			dependencies = (
				FA175EB42D9FCA4B0044A6B6 /* PBXTargetDependency */,
				FAA3689D2D90BF24008F9FDD /* PBXTargetDependency */,
			);
			fileSystemSynchronizedGroups = (
				FA868A522D873A1000B7176F /* QLFAUSTExtension */,
			);
			name = QLFAUSTExtension;
			packageProductDependencies = (
				FA9FB77D2D91BD9600DAEEF4 /* FaustSwiftUI */,
				FA3BEEDF2D91C27400E77A67 /* QLFAUST_UI */,
			);
			productName = FAUSTQuickLookPreview;
			productReference = FA868A4E2D873A1000B7176F /* QLFAUSTExtension.appex */;
			productType = "com.apple.product-type.app-extension";
		};
		FAA367262D90B2AE008F9FDD /* FaustBridge */ = {
			isa = PBXNativeTarget;
			buildConfigurationList = FAA3672A2D90B2AE008F9FDD /* Build configuration list for PBXNativeTarget "FaustBridge" */;
			buildPhases = (
				FAA367232D90B2AE008F9FDD /* Headers */,
				FAA367242D90B2AE008F9FDD /* Sources */,
				FAA367252D90B2AE008F9FDD /* Frameworks */,
			);
			buildRules = (
			);
			dependencies = (
			);
			name = FaustBridge;
			packageProductDependencies = (
			);
			productName = FaustBridge;
			productReference = FAA367272D90B2AE008F9FDD /* libFaustBridge.a */;
			productType = "com.apple.product-type.library.static";
		};
		FAE763E42D94B30500470645 /* FAUSTViewer */ = {
			isa = PBXNativeTarget;
			buildConfigurationList = FAE763F72D94B30600470645 /* Build configuration list for PBXNativeTarget "FAUSTViewer" */;
			buildPhases = (
				FAE763E12D94B30500470645 /* Sources */,
				FAE763E22D94B30500470645 /* Frameworks */,
				FAE763E32D94B30500470645 /* Resources */,
			);
			buildRules = (
			);
			dependencies = (
			);
			fileSystemSynchronizedGroups = (
				FAE763E62D94B30500470645 /* FAUSTViewer */,
			);
			name = FAUSTViewer;
			packageProductDependencies = (
				FAE763F82D94B34C00470645 /* QLFAUST_UI */,
				FAE763FE2D94B3BD00470645 /* FaustSwiftUI */,
			);
			productName = FAUSTViewer;
			productReference = FAE763E52D94B30500470645 /* FAUSTViewer.app */;
			productType = "com.apple.product-type.application";
		};
/* End PBXNativeTarget section */

/* Begin PBXProject section */
		FA868A142D8739F800B7176F /* Project object */ = {
			isa = PBXProject;
			attributes = {
				BuildIndependentTargetsInParallel = 1;
				LastSwiftUpdateCheck = 1620;
				LastUpgradeCheck = 1620;
				TargetAttributes = {
					FA868A1B2D8739F800B7176F = {
						CreatedOnToolsVersion = 16.2;
					};
					FA868A2C2D8739F900B7176F = {
						CreatedOnToolsVersion = 16.2;
						TestTargetID = FA868A1B2D8739F800B7176F;
					};
					FA868A362D8739F900B7176F = {
						CreatedOnToolsVersion = 16.2;
						TestTargetID = FA868A1B2D8739F800B7176F;
					};
					FA868A4D2D873A1000B7176F = {
						CreatedOnToolsVersion = 16.2;
					};
					FAA367262D90B2AE008F9FDD = {
						CreatedOnToolsVersion = 16.2;
					};
					FAE763E42D94B30500470645 = {
						CreatedOnToolsVersion = 16.2;
					};
				};
			};
			buildConfigurationList = FA868A172D8739F800B7176F /* Build configuration list for PBXProject "QLFAUST" */;
			developmentRegion = en;
			hasScannedForEncodings = 0;
			knownRegions = (
				en,
				Base,
				English,
			);
			mainGroup = FA868A132D8739F800B7176F;
			minimizedProjectReferenceProxies = 1;
			packageReferences = (
				FA9FB77B2D91BD0A00DAEEF4 /* XCRemoteSwiftPackageReference "FaustSwiftUI" */,
				FA9FB77C2D91BD5200DAEEF4 /* XCLocalSwiftPackageReference "local_modules/QLFAUST_UI" */,
			);
			preferredProjectObjectVersion = 77;
			productRefGroup = FA868A1D2D8739F800B7176F /* Products */;
			projectDirPath = "";
			projectReferences = (
				{
					ProductGroup = FA175EAF2D9FCA3F0044A6B6 /* Products */;
					ProjectRef = FA175EAE2D9FCA3F0044A6B6 /* libFAUSTWithLLVMDownloader.xcodeproj */;
				},
			);
			projectRoot = "";
			targets = (
				FAE763E42D94B30500470645 /* FAUSTViewer */,
				FA868A1B2D8739F800B7176F /* QLFAUST */,
				FA868A4D2D873A1000B7176F /* QLFAUSTExtension */,
				FA868A2C2D8739F900B7176F /* QLFAUSTTests */,
				FA868A362D8739F900B7176F /* QLFAUSTUITests */,
				FAA367262D90B2AE008F9FDD /* FaustBridge */,
			);
		};
/* End PBXProject section */

/* Begin PBXResourcesBuildPhase section */
		FA868A1A2D8739F800B7176F /* Resources */ = {
			isa = PBXResourcesBuildPhase;
			buildActionMask = 2147483647;
			files = (
			);
			runOnlyForDeploymentPostprocessing = 0;
		};
		FA868A2B2D8739F900B7176F /* Resources */ = {
			isa = PBXResourcesBuildPhase;
			buildActionMask = 2147483647;
			files = (
			);
			runOnlyForDeploymentPostprocessing = 0;
		};
		FA868A352D8739F900B7176F /* Resources */ = {
			isa = PBXResourcesBuildPhase;
			buildActionMask = 2147483647;
			files = (
			);
			runOnlyForDeploymentPostprocessing = 0;
		};
		FA868A4C2D873A1000B7176F /* Resources */ = {
			isa = PBXResourcesBuildPhase;
			buildActionMask = 2147483647;
			files = (
				FA8DEB282D9B04F400DF4E86 /* faustlibraries in Resources */,
			);
			runOnlyForDeploymentPostprocessing = 0;
		};
		FAE763E32D94B30500470645 /* Resources */ = {
			isa = PBXResourcesBuildPhase;
			buildActionMask = 2147483647;
			files = (
				FA8DEB292D9B089A00DF4E86 /* faustlibraries in Resources */,
			);
			runOnlyForDeploymentPostprocessing = 0;
		};
/* End PBXResourcesBuildPhase section */

/* Begin PBXSourcesBuildPhase section */
		FA868A182D8739F800B7176F /* Sources */ = {
			isa = PBXSourcesBuildPhase;
			buildActionMask = 2147483647;
			files = (
			);
			runOnlyForDeploymentPostprocessing = 0;
		};
		FA868A292D8739F900B7176F /* Sources */ = {
			isa = PBXSourcesBuildPhase;
			buildActionMask = 2147483647;
			files = (
			);
			runOnlyForDeploymentPostprocessing = 0;
		};
		FA868A332D8739F900B7176F /* Sources */ = {
			isa = PBXSourcesBuildPhase;
			buildActionMask = 2147483647;
			files = (
			);
			runOnlyForDeploymentPostprocessing = 0;
		};
		FA868A4A2D873A1000B7176F /* Sources */ = {
			isa = PBXSourcesBuildPhase;
			buildActionMask = 2147483647;
			files = (
			);
			runOnlyForDeploymentPostprocessing = 0;
		};
		FAA367242D90B2AE008F9FDD /* Sources */ = {
			isa = PBXSourcesBuildPhase;
			buildActionMask = 2147483647;
			files = (
				FAA367332D90B2D3008F9FDD /* FaustBridge.mm in Sources */,
			);
			runOnlyForDeploymentPostprocessing = 0;
		};
		FAE763E12D94B30500470645 /* Sources */ = {
			isa = PBXSourcesBuildPhase;
			buildActionMask = 2147483647;
			files = (
			);
			runOnlyForDeploymentPostprocessing = 0;
		};
/* End PBXSourcesBuildPhase section */

/* Begin PBXTargetDependency section */
		FA175EB42D9FCA4B0044A6B6 /* PBXTargetDependency */ = {
			isa = PBXTargetDependency;
			name = ALL_BUILD;
			targetProxy = FA175EB32D9FCA4B0044A6B6 /* PBXContainerItemProxy */;
		};
		FA868A2F2D8739F900B7176F /* PBXTargetDependency */ = {
			isa = PBXTargetDependency;
			target = FA868A1B2D8739F800B7176F /* QLFAUST */;
			targetProxy = FA868A2E2D8739F900B7176F /* PBXContainerItemProxy */;
		};
		FA868A392D8739F900B7176F /* PBXTargetDependency */ = {
			isa = PBXTargetDependency;
			target = FA868A1B2D8739F800B7176F /* QLFAUST */;
			targetProxy = FA868A382D8739F900B7176F /* PBXContainerItemProxy */;
		};
		FAA3689D2D90BF24008F9FDD /* PBXTargetDependency */ = {
			isa = PBXTargetDependency;
			target = FAA367262D90B2AE008F9FDD /* FaustBridge */;
			targetProxy = FAA3689C2D90BF24008F9FDD /* PBXContainerItemProxy */;
		};
		FAF395622D9041AF00F7F2D4 /* PBXTargetDependency */ = {
			isa = PBXTargetDependency;
			target = FA868A4D2D873A1000B7176F /* QLFAUSTExtension */;
			targetProxy = FAF395612D9041AF00F7F2D4 /* PBXContainerItemProxy */;
		};
		FAF395652D9041B400F7F2D4 /* PBXTargetDependency */ = {
			isa = PBXTargetDependency;
			target = FA868A4D2D873A1000B7176F /* QLFAUSTExtension */;
			targetProxy = FAF395642D9041B400F7F2D4 /* PBXContainerItemProxy */;
		};
		FAF395672D9041BE00F7F2D4 /* PBXTargetDependency */ = {
			isa = PBXTargetDependency;
			target = FA868A4D2D873A1000B7176F /* QLFAUSTExtension */;
			targetProxy = FAF395662D9041BE00F7F2D4 /* PBXContainerItemProxy */;
		};
/* End PBXTargetDependency section */

/* Begin XCBuildConfiguration section */
		FA868A3F2D8739F900B7176F /* Debug */ = {
			isa = XCBuildConfiguration;
			buildSettings = {
				ALWAYS_SEARCH_USER_PATHS = NO;
				ARCHS = (
					arm64,
					x86_64,
				);
				ASSETCATALOG_COMPILER_GENERATE_SWIFT_ASSET_SYMBOL_EXTENSIONS = YES;
				CLANG_ANALYZER_NONNULL = YES;
				CLANG_ANALYZER_NUMBER_OBJECT_CONVERSION = YES_AGGRESSIVE;
				CLANG_CXX_LANGUAGE_STANDARD = "gnu++20";
				CLANG_ENABLE_MODULES = YES;
				CLANG_ENABLE_OBJC_ARC = YES;
				CLANG_ENABLE_OBJC_WEAK = YES;
				CLANG_WARN_BLOCK_CAPTURE_AUTORELEASING = YES;
				CLANG_WARN_BOOL_CONVERSION = YES;
				CLANG_WARN_COMMA = YES;
				CLANG_WARN_CONSTANT_CONVERSION = YES;
				CLANG_WARN_DEPRECATED_OBJC_IMPLEMENTATIONS = YES;
				CLANG_WARN_DIRECT_OBJC_ISA_USAGE = YES_ERROR;
				CLANG_WARN_DOCUMENTATION_COMMENTS = YES;
				CLANG_WARN_EMPTY_BODY = YES;
				CLANG_WARN_ENUM_CONVERSION = YES;
				CLANG_WARN_INFINITE_RECURSION = YES;
				CLANG_WARN_INT_CONVERSION = YES;
				CLANG_WARN_NON_LITERAL_NULL_CONVERSION = YES;
				CLANG_WARN_OBJC_IMPLICIT_RETAIN_SELF = YES;
				CLANG_WARN_OBJC_LITERAL_CONVERSION = YES;
				CLANG_WARN_OBJC_ROOT_CLASS = YES_ERROR;
				CLANG_WARN_QUOTED_INCLUDE_IN_FRAMEWORK_HEADER = YES;
				CLANG_WARN_RANGE_LOOP_ANALYSIS = YES;
				CLANG_WARN_STRICT_PROTOTYPES = YES;
				CLANG_WARN_SUSPICIOUS_MOVE = YES;
				CLANG_WARN_UNGUARDED_AVAILABILITY = YES_AGGRESSIVE;
				CLANG_WARN_UNREACHABLE_CODE = YES;
				CLANG_WARN__DUPLICATE_METHOD_MATCH = YES;
				COPY_PHASE_STRIP = NO;
				DEBUG_INFORMATION_FORMAT = dwarf;
				ENABLE_STRICT_OBJC_MSGSEND = YES;
				ENABLE_TESTABILITY = YES;
				ENABLE_USER_SCRIPT_SANDBOXING = YES;
				GCC_C_LANGUAGE_STANDARD = gnu17;
				GCC_DYNAMIC_NO_PIC = NO;
				GCC_NO_COMMON_BLOCKS = YES;
				GCC_OPTIMIZATION_LEVEL = 0;
				GCC_PREPROCESSOR_DEFINITIONS = (
					"DEBUG=1",
					"$(inherited)",
				);
				GCC_WARN_64_TO_32_BIT_CONVERSION = YES;
				GCC_WARN_ABOUT_RETURN_TYPE = YES_ERROR;
				GCC_WARN_UNDECLARED_SELECTOR = YES;
				GCC_WARN_UNINITIALIZED_AUTOS = YES_AGGRESSIVE;
				GCC_WARN_UNUSED_FUNCTION = YES;
				GCC_WARN_UNUSED_VARIABLE = YES;
				HEADER_SEARCH_PATHS = "$(PROJECT_DIR)/ImportLibrary/Faust-2.79.3/include";
				LIBRARY_SEARCH_PATHS = "$(PROJECT_DIR)/ImportLibrary/Faust-2.79.3/lib";
				LOCALIZATION_PREFERS_STRING_CATALOGS = YES;
				MACOSX_DEPLOYMENT_TARGET = 14.7;
				MTL_ENABLE_DEBUG_INFO = INCLUDE_SOURCE;
				MTL_FAST_MATH = YES;
				ONLY_ACTIVE_ARCH = YES;
				SDKROOT = macosx;
				SWIFT_ACTIVE_COMPILATION_CONDITIONS = "DEBUG $(inherited)";
				SWIFT_OPTIMIZATION_LEVEL = "-Onone";
			};
			name = Debug;
		};
		FA868A402D8739F900B7176F /* Release */ = {
			isa = XCBuildConfiguration;
			buildSettings = {
				ALWAYS_SEARCH_USER_PATHS = NO;
				ARCHS = (
					arm64,
					x86_64,
				);
				ASSETCATALOG_COMPILER_GENERATE_SWIFT_ASSET_SYMBOL_EXTENSIONS = YES;
				CLANG_ANALYZER_NONNULL = YES;
				CLANG_ANALYZER_NUMBER_OBJECT_CONVERSION = YES_AGGRESSIVE;
				CLANG_CXX_LANGUAGE_STANDARD = "gnu++20";
				CLANG_ENABLE_MODULES = YES;
				CLANG_ENABLE_OBJC_ARC = YES;
				CLANG_ENABLE_OBJC_WEAK = YES;
				CLANG_WARN_BLOCK_CAPTURE_AUTORELEASING = YES;
				CLANG_WARN_BOOL_CONVERSION = YES;
				CLANG_WARN_COMMA = YES;
				CLANG_WARN_CONSTANT_CONVERSION = YES;
				CLANG_WARN_DEPRECATED_OBJC_IMPLEMENTATIONS = YES;
				CLANG_WARN_DIRECT_OBJC_ISA_USAGE = YES_ERROR;
				CLANG_WARN_DOCUMENTATION_COMMENTS = YES;
				CLANG_WARN_EMPTY_BODY = YES;
				CLANG_WARN_ENUM_CONVERSION = YES;
				CLANG_WARN_INFINITE_RECURSION = YES;
				CLANG_WARN_INT_CONVERSION = YES;
				CLANG_WARN_NON_LITERAL_NULL_CONVERSION = YES;
				CLANG_WARN_OBJC_IMPLICIT_RETAIN_SELF = YES;
				CLANG_WARN_OBJC_LITERAL_CONVERSION = YES;
				CLANG_WARN_OBJC_ROOT_CLASS = YES_ERROR;
				CLANG_WARN_QUOTED_INCLUDE_IN_FRAMEWORK_HEADER = YES;
				CLANG_WARN_RANGE_LOOP_ANALYSIS = YES;
				CLANG_WARN_STRICT_PROTOTYPES = YES;
				CLANG_WARN_SUSPICIOUS_MOVE = YES;
				CLANG_WARN_UNGUARDED_AVAILABILITY = YES_AGGRESSIVE;
				CLANG_WARN_UNREACHABLE_CODE = YES;
				CLANG_WARN__DUPLICATE_METHOD_MATCH = YES;
				COPY_PHASE_STRIP = NO;
				DEBUG_INFORMATION_FORMAT = "dwarf-with-dsym";
				ENABLE_NS_ASSERTIONS = NO;
				ENABLE_STRICT_OBJC_MSGSEND = YES;
				ENABLE_USER_SCRIPT_SANDBOXING = YES;
				GCC_C_LANGUAGE_STANDARD = gnu17;
				GCC_NO_COMMON_BLOCKS = YES;
				GCC_WARN_64_TO_32_BIT_CONVERSION = YES;
				GCC_WARN_ABOUT_RETURN_TYPE = YES_ERROR;
				GCC_WARN_UNDECLARED_SELECTOR = YES;
				GCC_WARN_UNINITIALIZED_AUTOS = YES_AGGRESSIVE;
				GCC_WARN_UNUSED_FUNCTION = YES;
				GCC_WARN_UNUSED_VARIABLE = YES;
				HEADER_SEARCH_PATHS = "$(PROJECT_DIR)/ImportLibrary/Faust-2.79.3/include";
				LIBRARY_SEARCH_PATHS = "$(PROJECT_DIR)/ImportLibrary/Faust-2.79.3/lib";
				LOCALIZATION_PREFERS_STRING_CATALOGS = YES;
				MACOSX_DEPLOYMENT_TARGET = 14.7;
				MTL_ENABLE_DEBUG_INFO = NO;
				MTL_FAST_MATH = YES;
				SDKROOT = macosx;
				SWIFT_COMPILATION_MODE = wholemodule;
			};
			name = Release;
		};
		FA868A422D8739F900B7176F /* Debug */ = {
			isa = XCBuildConfiguration;
			buildSettings = {
				ASSETCATALOG_COMPILER_APPICON_NAME = AppIcon;
				ASSETCATALOG_COMPILER_GLOBAL_ACCENT_COLOR_NAME = AccentColor;
				ASSETCATALOG_COMPILER_INCLUDE_ALL_APPICON_ASSETS = YES;
				CODE_SIGN_ENTITLEMENTS = QLFAUST/QLFAUST.entitlements;
				CODE_SIGN_IDENTITY = "Apple Development";
				CODE_SIGN_STYLE = Automatic;
				COMBINE_HIDPI_IMAGES = YES;
				CURRENT_PROJECT_VERSION = 1;
				DEVELOPMENT_ASSET_PATHS = "\"QLFAUST/Preview Content\"";
				DEVELOPMENT_TEAM = 85478UQJJR;
				ENABLE_HARDENED_RUNTIME = YES;
				ENABLE_PREVIEWS = YES;
				GENERATE_INFOPLIST_FILE = YES;
				INFOPLIST_FILE = QLFAUST/Info.plist;
				INFOPLIST_KEY_LSApplicationCategoryType = "public.app-category.developer-tools";
				INFOPLIST_KEY_NSHumanReadableCopyright = "";
				LD_RUNPATH_SEARCH_PATHS = (
					"$(inherited)",
					"@executable_path/../Frameworks",
				);
				MACOSX_DEPLOYMENT_TARGET = 12.4;
				MARKETING_VERSION = 0.0.6;
				PRODUCT_BUNDLE_IDENTIFIER = com.alexnadzharov.QLFAUST;
				PRODUCT_NAME = "$(TARGET_NAME)";
				PROVISIONING_PROFILE_SPECIFIER = "";
				SWIFT_EMIT_LOC_STRINGS = YES;
				SWIFT_OBJC_BRIDGING_HEADER = BridgingHeader.h;
				SWIFT_VERSION = 5.0;
			};
			name = Debug;
		};
		FA868A432D8739F900B7176F /* Release */ = {
			isa = XCBuildConfiguration;
			buildSettings = {
				ASSETCATALOG_COMPILER_APPICON_NAME = AppIcon;
				ASSETCATALOG_COMPILER_GLOBAL_ACCENT_COLOR_NAME = AccentColor;
				ASSETCATALOG_COMPILER_INCLUDE_ALL_APPICON_ASSETS = YES;
				CODE_SIGN_ENTITLEMENTS = QLFAUST/QLFAUST.entitlements;
				CODE_SIGN_IDENTITY = "Apple Development";
				CODE_SIGN_STYLE = Automatic;
				COMBINE_HIDPI_IMAGES = YES;
				CURRENT_PROJECT_VERSION = 1;
				DEVELOPMENT_ASSET_PATHS = "\"QLFAUST/Preview Content\"";
				DEVELOPMENT_TEAM = 85478UQJJR;
				ENABLE_HARDENED_RUNTIME = YES;
				ENABLE_PREVIEWS = YES;
				GENERATE_INFOPLIST_FILE = YES;
				INFOPLIST_FILE = QLFAUST/Info.plist;
				INFOPLIST_KEY_LSApplicationCategoryType = "public.app-category.developer-tools";
				INFOPLIST_KEY_NSHumanReadableCopyright = "";
				LD_RUNPATH_SEARCH_PATHS = (
					"$(inherited)",
					"@executable_path/../Frameworks",
				);
				MACOSX_DEPLOYMENT_TARGET = 12.4;
				MARKETING_VERSION = 0.0.6;
				PRODUCT_BUNDLE_IDENTIFIER = com.alexnadzharov.QLFAUST;
				PRODUCT_NAME = "$(TARGET_NAME)";
				PROVISIONING_PROFILE_SPECIFIER = "";
				SWIFT_EMIT_LOC_STRINGS = YES;
				SWIFT_OBJC_BRIDGING_HEADER = BridgingHeader.h;
				SWIFT_VERSION = 5.0;
			};
			name = Release;
		};
		FA868A452D8739F900B7176F /* Debug */ = {
			isa = XCBuildConfiguration;
			buildSettings = {
				BUNDLE_LOADER = "$(TEST_HOST)";
				CODE_SIGN_STYLE = Automatic;
				CURRENT_PROJECT_VERSION = 1;
				DEVELOPMENT_TEAM = 85478UQJJR;
				GENERATE_INFOPLIST_FILE = YES;
				MACOSX_DEPLOYMENT_TARGET = 14.7;
				MARKETING_VERSION = 1.0;
				PRODUCT_BUNDLE_IDENTIFIER = "com.alexnadzharov.faust-quick-look.FAUSTQuickLookHostTests";
				PRODUCT_NAME = "$(TARGET_NAME)";
				SWIFT_EMIT_LOC_STRINGS = NO;
				SWIFT_VERSION = 5.0;
				TEST_HOST = "$(BUILT_PRODUCTS_DIR)/QLFAUST.app/$(BUNDLE_EXECUTABLE_FOLDER_PATH)/QLFAUST";
			};
			name = Debug;
		};
		FA868A462D8739F900B7176F /* Release */ = {
			isa = XCBuildConfiguration;
			buildSettings = {
				BUNDLE_LOADER = "$(TEST_HOST)";
				CODE_SIGN_STYLE = Automatic;
				CURRENT_PROJECT_VERSION = 1;
				DEVELOPMENT_TEAM = 85478UQJJR;
				GENERATE_INFOPLIST_FILE = YES;
				MACOSX_DEPLOYMENT_TARGET = 14.7;
				MARKETING_VERSION = 1.0;
				PRODUCT_BUNDLE_IDENTIFIER = "com.alexnadzharov.faust-quick-look.FAUSTQuickLookHostTests";
				PRODUCT_NAME = "$(TARGET_NAME)";
				SWIFT_EMIT_LOC_STRINGS = NO;
				SWIFT_VERSION = 5.0;
				TEST_HOST = "$(BUILT_PRODUCTS_DIR)/QLFAUST.app/$(BUNDLE_EXECUTABLE_FOLDER_PATH)/QLFAUST";
			};
			name = Release;
		};
		FA868A482D8739F900B7176F /* Debug */ = {
			isa = XCBuildConfiguration;
			buildSettings = {
				CODE_SIGN_STYLE = Automatic;
				CURRENT_PROJECT_VERSION = 1;
				DEVELOPMENT_TEAM = 85478UQJJR;
				GENERATE_INFOPLIST_FILE = YES;
				MARKETING_VERSION = 1.0;
				PRODUCT_BUNDLE_IDENTIFIER = com.alexnadzharov.QLFAUST.HostUITests;
				PRODUCT_NAME = "$(TARGET_NAME)";
				SWIFT_EMIT_LOC_STRINGS = NO;
				SWIFT_OBJC_BRIDGING_HEADER = BridgingHeader.h;
				SWIFT_VERSION = 5.0;
				TEST_TARGET_NAME = FAUSTQuickLookHost;
			};
			name = Debug;
		};
		FA868A492D8739F900B7176F /* Release */ = {
			isa = XCBuildConfiguration;
			buildSettings = {
				CODE_SIGN_STYLE = Automatic;
				CURRENT_PROJECT_VERSION = 1;
				DEVELOPMENT_TEAM = 85478UQJJR;
				GENERATE_INFOPLIST_FILE = YES;
				MARKETING_VERSION = 1.0;
				PRODUCT_BUNDLE_IDENTIFIER = com.alexnadzharov.QLFAUST.HostUITests;
				PRODUCT_NAME = "$(TARGET_NAME)";
				SWIFT_EMIT_LOC_STRINGS = NO;
				SWIFT_OBJC_BRIDGING_HEADER = BridgingHeader.h;
				SWIFT_VERSION = 5.0;
				TEST_TARGET_NAME = FAUSTQuickLookHost;
			};
			name = Release;
		};
		FA868A612D873A1000B7176F /* Debug */ = {
			isa = XCBuildConfiguration;
			buildSettings = {
				CODE_SIGN_ENTITLEMENTS = QLFAUSTExtension/QLFAUSTExtension.entitlements;
				CODE_SIGN_IDENTITY = "Apple Development";
				CODE_SIGN_STYLE = Automatic;
				CURRENT_PROJECT_VERSION = 1;
				DEFINES_MODULE = YES;
				DEVELOPMENT_TEAM = 85478UQJJR;
				ENABLE_HARDENED_RUNTIME = YES;
				GENERATE_INFOPLIST_FILE = YES;
				INFOPLIST_FILE = QLFAUSTExtension/Info.plist;
				INFOPLIST_KEY_CFBundleDisplayName = QLFAUST;
				INFOPLIST_KEY_NSHumanReadableCopyright = "";
				LD_RUNPATH_SEARCH_PATHS = (
					"$(inherited)",
					"@executable_path/../Frameworks",
					"@executable_path/../../../../Frameworks",
				);
				MACOSX_DEPLOYMENT_TARGET = 12.4;
				MARKETING_VERSION = 0.0.6;
				PRODUCT_BUNDLE_IDENTIFIER = com.alexnadzharov.QLFAUST.Extension;
				PRODUCT_NAME = "$(TARGET_NAME)";
				PROVISIONING_PROFILE_SPECIFIER = "";
				SKIP_INSTALL = YES;
				SWIFT_EMIT_LOC_STRINGS = YES;
				SWIFT_OBJC_BRIDGING_HEADER = BridgingHeader.h;
				SWIFT_VERSION = 5.0;
			};
			name = Debug;
		};
		FA868A622D873A1000B7176F /* Release */ = {
			isa = XCBuildConfiguration;
			buildSettings = {
				CODE_SIGN_ENTITLEMENTS = QLFAUSTExtension/QLFAUSTExtension.entitlements;
				CODE_SIGN_IDENTITY = "Apple Development";
				CODE_SIGN_STYLE = Automatic;
				CURRENT_PROJECT_VERSION = 1;
				DEFINES_MODULE = YES;
				DEVELOPMENT_TEAM = 85478UQJJR;
				ENABLE_HARDENED_RUNTIME = YES;
				GENERATE_INFOPLIST_FILE = YES;
				INFOPLIST_FILE = QLFAUSTExtension/Info.plist;
				INFOPLIST_KEY_CFBundleDisplayName = QLFAUST;
				INFOPLIST_KEY_NSHumanReadableCopyright = "";
				LD_RUNPATH_SEARCH_PATHS = (
					"$(inherited)",
					"@executable_path/../Frameworks",
					"@executable_path/../../../../Frameworks",
				);
				MACOSX_DEPLOYMENT_TARGET = 12.4;
				MARKETING_VERSION = 0.0.6;
				PRODUCT_BUNDLE_IDENTIFIER = com.alexnadzharov.QLFAUST.Extension;
				PRODUCT_NAME = "$(TARGET_NAME)";
				PROVISIONING_PROFILE_SPECIFIER = "";
				SKIP_INSTALL = YES;
				SWIFT_EMIT_LOC_STRINGS = YES;
				SWIFT_OBJC_BRIDGING_HEADER = BridgingHeader.h;
				SWIFT_VERSION = 5.0;
			};
			name = Release;
		};
		FAA367282D90B2AE008F9FDD /* Debug */ = {
			isa = XCBuildConfiguration;
			buildSettings = {
				CODE_SIGN_STYLE = Automatic;
				DEVELOPMENT_TEAM = 85478UQJJR;
				EXECUTABLE_PREFIX = lib;
				HEADER_SEARCH_PATHS = "Faust-2.79.3/include";
				LIBRARY_SEARCH_PATHS = (
					"$(inherited)",
					"$(PROJECT_DIR)/Faust-2.75.7/lib",
					"$(PROJECT_DIR)/Faust-2.79.3-x64/lib",
					"$(PROJECT_DIR)/Faust-2.79.3-arm64/lib",
					"$(PROJECT_DIR)/Faust-2.79.3/lib",
				);
				PRODUCT_NAME = "$(TARGET_NAME)";
				SKIP_INSTALL = YES;
				SUPPORTED_PLATFORMS = macosx;
				SUPPORTS_MACCATALYST = NO;
			};
			name = Debug;
		};
		FAA367292D90B2AE008F9FDD /* Release */ = {
			isa = XCBuildConfiguration;
			buildSettings = {
				CODE_SIGN_STYLE = Automatic;
				DEVELOPMENT_TEAM = 85478UQJJR;
				EXECUTABLE_PREFIX = lib;
				HEADER_SEARCH_PATHS = "Faust-2.79.3/include";
				LIBRARY_SEARCH_PATHS = (
					"$(inherited)",
					"$(PROJECT_DIR)/Faust-2.75.7/lib",
					"$(PROJECT_DIR)/Faust-2.79.3-x64/lib",
					"$(PROJECT_DIR)/Faust-2.79.3-arm64/lib",
					"$(PROJECT_DIR)/Faust-2.79.3/lib",
				);
				PRODUCT_NAME = "$(TARGET_NAME)";
				SKIP_INSTALL = YES;
				SUPPORTED_PLATFORMS = macosx;
				SUPPORTS_MACCATALYST = NO;
			};
			name = Release;
		};
		FAE763F42D94B30600470645 /* Debug */ = {
			isa = XCBuildConfiguration;
			buildSettings = {
				ASSETCATALOG_COMPILER_APPICON_NAME = AppIcon;
				ASSETCATALOG_COMPILER_GLOBAL_ACCENT_COLOR_NAME = AccentColor;
				CODE_SIGN_ENTITLEMENTS = FAUSTViewer/FAUSTViewer.entitlements;
				CODE_SIGN_STYLE = Automatic;
				COMBINE_HIDPI_IMAGES = YES;
				CURRENT_PROJECT_VERSION = 1;
				DEVELOPMENT_ASSET_PATHS = "\"FAUSTViewer/Preview Content\"";
				DEVELOPMENT_TEAM = 85478UQJJR;
				ENABLE_HARDENED_RUNTIME = YES;
				ENABLE_PREVIEWS = YES;
				GENERATE_INFOPLIST_FILE = YES;
				INFOPLIST_FILE = FAUSTViewer/Info.plist;
				INFOPLIST_KEY_NSHumanReadableCopyright = "";
				LD_RUNPATH_SEARCH_PATHS = (
					"$(inherited)",
					"@executable_path/../Frameworks",
				);
				MACOSX_DEPLOYMENT_TARGET = 12.4;
				MARKETING_VERSION = 0.0.6;
				PRODUCT_BUNDLE_IDENTIFIER = com.alexnadzharov.FAUSTViewer;
				PRODUCT_NAME = "$(TARGET_NAME)";
				SWIFT_EMIT_LOC_STRINGS = YES;
				SWIFT_OBJC_BRIDGING_HEADER = BridgingHeader.h;
				SWIFT_VERSION = 5.0;
			};
			name = Debug;
		};
		FAE763F52D94B30600470645 /* Release */ = {
			isa = XCBuildConfiguration;
			buildSettings = {
				ASSETCATALOG_COMPILER_APPICON_NAME = AppIcon;
				ASSETCATALOG_COMPILER_GLOBAL_ACCENT_COLOR_NAME = AccentColor;
				CODE_SIGN_ENTITLEMENTS = FAUSTViewer/FAUSTViewer.entitlements;
				CODE_SIGN_STYLE = Automatic;
				COMBINE_HIDPI_IMAGES = YES;
				CURRENT_PROJECT_VERSION = 1;
				DEVELOPMENT_ASSET_PATHS = "\"FAUSTViewer/Preview Content\"";
				DEVELOPMENT_TEAM = 85478UQJJR;
				ENABLE_HARDENED_RUNTIME = YES;
				ENABLE_PREVIEWS = YES;
				GENERATE_INFOPLIST_FILE = YES;
				INFOPLIST_FILE = FAUSTViewer/Info.plist;
				INFOPLIST_KEY_NSHumanReadableCopyright = "";
				LD_RUNPATH_SEARCH_PATHS = (
					"$(inherited)",
					"@executable_path/../Frameworks",
				);
				MACOSX_DEPLOYMENT_TARGET = 12.4;
				MARKETING_VERSION = 0.0.6;
				PRODUCT_BUNDLE_IDENTIFIER = com.alexnadzharov.FAUSTViewer;
				PRODUCT_NAME = "$(TARGET_NAME)";
				SWIFT_EMIT_LOC_STRINGS = YES;
				SWIFT_OBJC_BRIDGING_HEADER = BridgingHeader.h;
				SWIFT_VERSION = 5.0;
			};
			name = Release;
		};
/* End XCBuildConfiguration section */

/* Begin XCConfigurationList section */
		FA868A172D8739F800B7176F /* Build configuration list for PBXProject "QLFAUST" */ = {
			isa = XCConfigurationList;
			buildConfigurations = (
				FA868A3F2D8739F900B7176F /* Debug */,
				FA868A402D8739F900B7176F /* Release */,
			);
			defaultConfigurationIsVisible = 0;
			defaultConfigurationName = Release;
		};
		FA868A412D8739F900B7176F /* Build configuration list for PBXNativeTarget "QLFAUST" */ = {
			isa = XCConfigurationList;
			buildConfigurations = (
				FA868A422D8739F900B7176F /* Debug */,
				FA868A432D8739F900B7176F /* Release */,
			);
			defaultConfigurationIsVisible = 0;
			defaultConfigurationName = Release;
		};
		FA868A442D8739F900B7176F /* Build configuration list for PBXNativeTarget "QLFAUSTTests" */ = {
			isa = XCConfigurationList;
			buildConfigurations = (
				FA868A452D8739F900B7176F /* Debug */,
				FA868A462D8739F900B7176F /* Release */,
			);
			defaultConfigurationIsVisible = 0;
			defaultConfigurationName = Release;
		};
		FA868A472D8739F900B7176F /* Build configuration list for PBXNativeTarget "QLFAUSTUITests" */ = {
			isa = XCConfigurationList;
			buildConfigurations = (
				FA868A482D8739F900B7176F /* Debug */,
				FA868A492D8739F900B7176F /* Release */,
			);
			defaultConfigurationIsVisible = 0;
			defaultConfigurationName = Release;
		};
		FA868A602D873A1000B7176F /* Build configuration list for PBXNativeTarget "QLFAUSTExtension" */ = {
			isa = XCConfigurationList;
			buildConfigurations = (
				FA868A612D873A1000B7176F /* Debug */,
				FA868A622D873A1000B7176F /* Release */,
			);
			defaultConfigurationIsVisible = 0;
			defaultConfigurationName = Release;
		};
		FAA3672A2D90B2AE008F9FDD /* Build configuration list for PBXNativeTarget "FaustBridge" */ = {
			isa = XCConfigurationList;
			buildConfigurations = (
				FAA367282D90B2AE008F9FDD /* Debug */,
				FAA367292D90B2AE008F9FDD /* Release */,
			);
			defaultConfigurationIsVisible = 0;
			defaultConfigurationName = Release;
		};
		FAE763F72D94B30600470645 /* Build configuration list for PBXNativeTarget "FAUSTViewer" */ = {
			isa = XCConfigurationList;
			buildConfigurations = (
				FAE763F42D94B30600470645 /* Debug */,
				FAE763F52D94B30600470645 /* Release */,
			);
			defaultConfigurationIsVisible = 0;
			defaultConfigurationName = Release;
		};
/* End XCConfigurationList section */

/* Begin XCLocalSwiftPackageReference section */
		FA9FB77C2D91BD5200DAEEF4 /* XCLocalSwiftPackageReference "local_modules/QLFAUST_UI" */ = {
			isa = XCLocalSwiftPackageReference;
			relativePath = local_modules/QLFAUST_UI;
		};
/* End XCLocalSwiftPackageReference section */

/* Begin XCRemoteSwiftPackageReference section */
		FA9FB77B2D91BD0A00DAEEF4 /* XCRemoteSwiftPackageReference "FaustSwiftUI" */ = {
			isa = XCRemoteSwiftPackageReference;
			repositoryURL = "https://github.com/njazz/FaustSwiftUI";
			requirement = {
				branch = dev;
				kind = branch;
			};
		};
/* End XCRemoteSwiftPackageReference section */

/* Begin XCSwiftPackageProductDependency section */
		FA3BEEDF2D91C27400E77A67 /* QLFAUST_UI */ = {
			isa = XCSwiftPackageProductDependency;
			package = FA9FB77C2D91BD5200DAEEF4 /* XCLocalSwiftPackageReference "local_modules/QLFAUST_UI" */;
			productName = QLFAUST_UI;
		};
		FA9FB77D2D91BD9600DAEEF4 /* FaustSwiftUI */ = {
			isa = XCSwiftPackageProductDependency;
			package = FA9FB77B2D91BD0A00DAEEF4 /* XCRemoteSwiftPackageReference "FaustSwiftUI" */;
			productName = FaustSwiftUI;
		};
		FAE763F82D94B34C00470645 /* QLFAUST_UI */ = {
			isa = XCSwiftPackageProductDependency;
			package = FA9FB77C2D91BD5200DAEEF4 /* XCLocalSwiftPackageReference "local_modules/QLFAUST_UI" */;
			productName = QLFAUST_UI;
		};
		FAE763FE2D94B3BD00470645 /* FaustSwiftUI */ = {
			isa = XCSwiftPackageProductDependency;
			package = FA9FB77B2D91BD0A00DAEEF4 /* XCRemoteSwiftPackageReference "FaustSwiftUI" */;
			productName = FaustSwiftUI;
		};
/* End XCSwiftPackageProductDependency section */
	};
	rootObject = FA868A142D8739F800B7176F /* Project object */;
}
