{
  "originHash" : "290ff3e85222ea52ba18e3da69b8223f37baf9ea92139ad226049773a7e60ebe",
  "pins" : [
    {
      "identity" : "faustswiftui",
      "kind" : "remoteSourceControl",
      "location" : "https://github.com/njazz/FaustSwiftUI",
      "state" : {
        "branch" : "dev",
        "revision" : "80cf372d3a699e42dc0e07fa0e359dc6e42277a4"
      }
    },
    {
      "identity" : "richtextkit",
      "kind" : "remoteSourceControl",
      "location" : "https://github.com/danielsaidi/RichTextKit.git",
      "state" : {
        "branch" : "main",
        "revision" : "d390d66740161554095e3acbd27f84dc3dcc5b03"
      }
    },
    {
      "identity" : "svgview",
      "kind" : "remoteSourceControl",
      "location" : "https://github.com/exyte/SVGView",
      "state" : {
        "branch" : "main",
        "revision" : "86f6d742cccf5b64844b303d80ed1f75d02fbcce"
      }
    }
  ],
  "version" : 3
}
